// !$*UTF8*$!
{
	archiveVersion = 1;
	classes = {
	};
	objectVersion = 46;
	objects = {

/* Begin PBXBuildFile section */
		1C1DDE2315416121008918DB /* ContactViewController.m in Sources */ = {isa = PBXBuildFile; fileRef = 1C1DDE1E15416121008918DB /* ContactViewController.m */; };
		1C1DDE2415416121008918DB /* ContactViewController.xib in Resources */ = {isa = PBXBuildFile; fileRef = 1C1DDE1F15416121008918DB /* ContactViewController.xib */; };
		1C1DDE2515416121008918DB /* TabBarCLController.m in Sources */ = {isa = PBXBuildFile; fileRef = 1C1DDE2115416121008918DB /* TabBarCLController.m */; };
		1C1DDE2615416121008918DB /* TabBarCLController.xib in Resources */ = {isa = PBXBuildFile; fileRef = 1C1DDE2215416121008918DB /* TabBarCLController.xib */; };
		1C7CB58F154052BE0083B299 /* GalleryViewController.m in Sources */ = {isa = PBXBuildFile; fileRef = 1C7CB58D154052BE0083B299 /* GalleryViewController.m */; };
		1C7CB594154052E50083B299 /* GeneralWebViewController.m in Sources */ = {isa = PBXBuildFile; fileRef = 1C7CB592154052E50083B299 /* GeneralWebViewController.m */; };
		1C7CB595154052E50083B299 /* GeneralWebViewController.xib in Resources */ = {isa = PBXBuildFile; fileRef = 1C7CB593154052E50083B299 /* GeneralWebViewController.xib */; };
		1C7CB599154052F70083B299 /* RssFeedViewController.m in Sources */ = {isa = PBXBuildFile; fileRef = 1C7CB597154052F70083B299 /* RssFeedViewController.m */; };
		1C7CB59A154052F70083B299 /* RssFeedViewController.xib in Resources */ = {isa = PBXBuildFile; fileRef = 1C7CB598154052F70083B299 /* RssFeedViewController.xib */; };
		1C7CB59E154053160083B299 /* SocialNetViewController.m in Sources */ = {isa = PBXBuildFile; fileRef = 1C7CB59C154053160083B299 /* SocialNetViewController.m */; };
		1C7CB59F154053160083B299 /* SocialNetViewController.xib in Resources */ = {isa = PBXBuildFile; fileRef = 1C7CB59D154053160083B299 /* SocialNetViewController.xib */; };
		1C7CB5A4154053310083B299 /* HomeViewController.m in Sources */ = {isa = PBXBuildFile; fileRef = 1C7CB5A2154053310083B299 /* HomeViewController.m */; };
		1C7CB5A5154053310083B299 /* HomeViewController.xib in Resources */ = {isa = PBXBuildFile; fileRef = 1C7CB5A3154053310083B299 /* HomeViewController.xib */; };
		1CA06CA0155953E600A1CA89 /* GallerySlideShowViewController.m in Sources */ = {isa = PBXBuildFile; fileRef = 1CA06C9E155953E600A1CA89 /* GallerySlideShowViewController.m */; };
		1CA06CA1155953E600A1CA89 /* GallerySlideShowViewController.xib in Resources */ = {isa = PBXBuildFile; fileRef = 1CA06C9F155953E600A1CA89 /* GallerySlideShowViewController.xib */; };
		1CF510A815498D0500CBD618 /* GalleryViewController.xib in Resources */ = {isa = PBXBuildFile; fileRef = 1CF510A715498D0500CBD618 /* GalleryViewController.xib */; };
		1CF510AA15498D6100CBD618 /* playback_play.png in Resources */ = {isa = PBXBuildFile; fileRef = 1CF510A915498D6100CBD618 /* playback_play.png */; };
		1CF510AC1549926E00CBD618 /* pause.png in Resources */ = {isa = PBXBuildFile; fileRef = 1CF510AB1549926E00CBD618 /* pause.png */; };
		1CF510B315499D0800CBD618 /* EPIC_iPad.jpg in Resources */ = {isa = PBXBuildFile; fileRef = 1CF510B115499D0800CBD618 /* EPIC_iPad.jpg */; };
		1CF510B415499D0800CBD618 /* iPhone_Shoe.png in Resources */ = {isa = PBXBuildFile; fileRef = 1CF510B215499D0800CBD618 /* iPhone_Shoe.png */; };
		5D02E46615434E2900979950 /* QuartzCore.framework in Frameworks */ = {isa = PBXBuildFile; fileRef = 5D02E46515434E2800979950 /* QuartzCore.framework */; };
		5D0474381549EB8100BF7753 /* RootViewController.m in Sources */ = {isa = PBXBuildFile; fileRef = 5D0474371549EB8000BF7753 /* RootViewController.m */; };
		5D04743B1549EB9E00BF7753 /* RootViewController.xib in Resources */ = {isa = PBXBuildFile; fileRef = 5D04743A1549EB9E00BF7753 /* RootViewController.xib */; };
		5D0474431549EBBD00BF7753 /* MWFeedParser.m in Sources */ = {isa = PBXBuildFile; fileRef = 5D04743E1549EBBC00BF7753 /* MWFeedParser.m */; };
		5D0474441549EBBD00BF7753 /* MWFeedInfo.m in Sources */ = {isa = PBXBuildFile; fileRef = 5D0474401549EBBC00BF7753 /* MWFeedInfo.m */; };
		5D0474451549EBBD00BF7753 /* MWFeedItem.m in Sources */ = {isa = PBXBuildFile; fileRef = 5D0474421549EBBC00BF7753 /* MWFeedItem.m */; };
		5D04744A1549EBC600BF7753 /* NSString+HTML.m in Sources */ = {isa = PBXBuildFile; fileRef = 5D0474471549EBC600BF7753 /* NSString+HTML.m */; };
		5D04744B1549EBC600BF7753 /* NSDate+InternetDateTime.m in Sources */ = {isa = PBXBuildFile; fileRef = 5D0474491549EBC600BF7753 /* NSDate+InternetDateTime.m */; };
		5D0474501549EBD300BF7753 /* GTMNSString+HTML.m in Sources */ = {isa = PBXBuildFile; fileRef = 5D04744D1549EBD300BF7753 /* GTMNSString+HTML.m */; };
		5D0474511549EBD300BF7753 /* NSString+XMLEntities.m in Sources */ = {isa = PBXBuildFile; fileRef = 5D04744F1549EBD300BF7753 /* NSString+XMLEntities.m */; };
		5D0474541549F72900BF7753 /* facebook_icon.png in Resources */ = {isa = PBXBuildFile; fileRef = 5D0474531549F72900BF7753 /* facebook_icon.png */; };
		5D0474561549F80C00BF7753 /* twittericon.png in Resources */ = {isa = PBXBuildFile; fileRef = 5D0474551549F80C00BF7753 /* twittericon.png */; };
		5D0474581549F85400BF7753 /* linkedin_icon.png in Resources */ = {isa = PBXBuildFile; fileRef = 5D0474571549F85400BF7753 /* linkedin_icon.png */; };
		5D2FA6F8154B37A700D52076 /* vault-320.png in Resources */ = {isa = PBXBuildFile; fileRef = 5D2FA6F0154B37A700D52076 /* vault-320.png */; };
		5D2FA6F9154B37A700D52076 /* vault-480.png in Resources */ = {isa = PBXBuildFile; fileRef = 5D2FA6F1154B37A700D52076 /* vault-480.png */; };
		5D2FA6FA154B37A700D52076 /* vault-768.png in Resources */ = {isa = PBXBuildFile; fileRef = 5D2FA6F2154B37A700D52076 /* vault-768.png */; };
		5D2FA6FB154B37A700D52076 /* vault-1024.png in Resources */ = {isa = PBXBuildFile; fileRef = 5D2FA6F3154B37A700D52076 /* vault-1024.png */; };
		5D2FA6FC154B37A700D52076 /* blog-57.png in Resources */ = {isa = PBXBuildFile; fileRef = 5D2FA6F4154B37A700D52076 /* blog-57.png */; };
		5D2FA6FD154B37A700D52076 /* blog-72.png in Resources */ = {isa = PBXBuildFile; fileRef = 5D2FA6F5154B37A700D52076 /* blog-72.png */; };
		5D2FA6FE154B37A700D52076 /* blog-144.png in Resources */ = {isa = PBXBuildFile; fileRef = 5D2FA6F6154B37A700D52076 /* blog-144.png */; };
		5D2FA6FF154B37A700D52076 /* blog-114.png in Resources */ = {isa = PBXBuildFile; fileRef = 5D2FA6F7154B37A700D52076 /* blog-114.png */; };
		5D2FA70A154B4EE600D52076 /* MessageUI.framework in Frameworks */ = {isa = PBXBuildFile; fileRef = 5D2FA709154B4EE600D52076 /* MessageUI.framework */; };
		5D2FCC4B1538DBA600A4F530 /* UIKit.framework in Frameworks */ = {isa = PBXBuildFile; fileRef = 5D2FCC4A1538DBA600A4F530 /* UIKit.framework */; };
		5D2FCC4D1538DBA600A4F530 /* Foundation.framework in Frameworks */ = {isa = PBXBuildFile; fileRef = 5D2FCC4C1538DBA600A4F530 /* Foundation.framework */; };
		5D2FCC4F1538DBA600A4F530 /* CoreGraphics.framework in Frameworks */ = {isa = PBXBuildFile; fileRef = 5D2FCC4E1538DBA600A4F530 /* CoreGraphics.framework */; };
		5D2FCC551538DBA600A4F530 /* InfoPlist.strings in Resources */ = {isa = PBXBuildFile; fileRef = 5D2FCC531538DBA600A4F530 /* InfoPlist.strings */; };
		5D2FCC571538DBA600A4F530 /* main.m in Sources */ = {isa = PBXBuildFile; fileRef = 5D2FCC561538DBA600A4F530 /* main.m */; };
		5D2FCC5B1538DBA600A4F530 /* AppDelegate.m in Sources */ = {isa = PBXBuildFile; fileRef = 5D2FCC5A1538DBA600A4F530 /* AppDelegate.m */; };
		5DD30AD41539E68600FF7A56 /* MBProgressHUD.m in Sources */ = {isa = PBXBuildFile; fileRef = 5DD30AD31539E68600FF7A56 /* MBProgressHUD.m */; };
		5DD30B5F153A0DA000FF7A56 /* forward.png in Resources */ = {isa = PBXBuildFile; fileRef = 5DD30B5D153A0D9B00FF7A56 /* forward.png */; };
		5DD30B60153A0DA000FF7A56 /* BackWard.png in Resources */ = {isa = PBXBuildFile; fileRef = 5DD30B5E153A0D9E00FF7A56 /* BackWard.png */; };
		5DD30B67153A16B000FF7A56 /* ModalController.m in Sources */ = {isa = PBXBuildFile; fileRef = 5DD30B65153A16B000FF7A56 /* ModalController.m */; };
		5DD6932115488EE8007F353F /* events@2x.png in Resources */ = {isa = PBXBuildFile; fileRef = 5DD692FB15488EE8007F353F /* events@2x.png */; };
		5DD6932215488EE8007F353F /* events-ipad@2x.png in Resources */ = {isa = PBXBuildFile; fileRef = 5DD692FC15488EE8007F353F /* events-ipad@2x.png */; };
		5DD6932315488EE8007F353F /* events.png in Resources */ = {isa = PBXBuildFile; fileRef = 5DD692FD15488EE8007F353F /* events.png */; };
		5DD6932415488EE8007F353F /* events-ipad.png in Resources */ = {isa = PBXBuildFile; fileRef = 5DD692FE15488EE8007F353F /* events-ipad.png */; };
		5DD6932915488EE8007F353F /* ic-100.png in Resources */ = {isa = PBXBuildFile; fileRef = 5DD6930315488EE8007F353F /* ic-100.png */; };
		5DD6932A15488EE8007F353F /* ic-1024.png in Resources */ = {isa = PBXBuildFile; fileRef = 5DD6930415488EE8007F353F /* ic-1024.png */; };
		5DD6932B15488EE8007F353F /* ic-114.png in Resources */ = {isa = PBXBuildFile; fileRef = 5DD6930515488EE8007F353F /* ic-114.png */; };
		5DD6932C15488EE8007F353F /* icon@2x.png in Resources */ = {isa = PBXBuildFile; fileRef = 5DD6930615488EE8007F353F /* icon@2x.png */; };
		5DD6932D15488EE8007F353F /* ic-29.png in Resources */ = {isa = PBXBuildFile; fileRef = 5DD6930715488EE8007F353F /* ic-29.png */; };
		5DD6932E15488EE8007F353F /* ic-50.png in Resources */ = {isa = PBXBuildFile; fileRef = 5DD6930815488EE8007F353F /* ic-50.png */; };
		5DD6932F15488EE8007F353F /* ic-512.png in Resources */ = {isa = PBXBuildFile; fileRef = 5DD6930915488EE8007F353F /* ic-512.png */; };
		5DD6933015488EE8007F353F /* icon.png in Resources */ = {isa = PBXBuildFile; fileRef = 5DD6930A15488EE8007F353F /* icon.png */; };
		5DD6933115488EE8007F353F /* ic-58.png in Resources */ = {isa = PBXBuildFile; fileRef = 5DD6930B15488EE8007F353F /* ic-58.png */; };
		5DD6933215488EE8007F353F /* ic-72.png in Resources */ = {isa = PBXBuildFile; fileRef = 5DD6930C15488EE8007F353F /* ic-72.png */; };
		5DD6933315488EE8007F353F /* newsletter@2x.png in Resources */ = {isa = PBXBuildFile; fileRef = 5DD6930D15488EE8007F353F /* newsletter@2x.png */; };
		5DD6933415488EE8007F353F /* newsletter-ipad@2x.png in Resources */ = {isa = PBXBuildFile; fileRef = 5DD6930E15488EE8007F353F /* newsletter-ipad@2x.png */; };
		5DD6933515488EE8007F353F /* newsletter.png in Resources */ = {isa = PBXBuildFile; fileRef = 5DD6930F15488EE8007F353F /* newsletter.png */; };
		5DD6933615488EE8007F353F /* newsletter-ipad.png in Resources */ = {isa = PBXBuildFile; fileRef = 5DD6931015488EE8007F353F /* newsletter-ipad.png */; };
		5DD6934315488EE8007F353F /* youtube@2x.png in Resources */ = {isa = PBXBuildFile; fileRef = 5DD6931D15488EE8007F353F /* youtube@2x.png */; };
		5DD6934415488EE8007F353F /* youtube-ipad@2x.png in Resources */ = {isa = PBXBuildFile; fileRef = 5DD6931E15488EE8007F353F /* youtube-ipad@2x.png */; };
		5DD6934515488EE8007F353F /* youtube.png in Resources */ = {isa = PBXBuildFile; fileRef = 5DD6931F15488EE8007F353F /* youtube.png */; };
		5DD6934615488EE8007F353F /* youtube-ipad.png in Resources */ = {isa = PBXBuildFile; fileRef = 5DD6932015488EE8007F353F /* youtube-ipad.png */; };
		5DD6934B154890A3007F353F /* EPIC_iPhone.jpg in Resources */ = {isa = PBXBuildFile; fileRef = 5DD69349154890A2007F353F /* EPIC_iPhone.jpg */; };
		5DD6935115489141007F353F /* iPad_Shoe.png in Resources */ = {isa = PBXBuildFile; fileRef = 5DD6934F15489140007F353F /* iPad_Shoe.png */; };
		5DE4BE521567E9CD00CA1421 /* IC_Logo-1.png in Resources */ = {isa = PBXBuildFile; fileRef = 5DE4BE511567E9CD00CA1421 /* IC_Logo-1.png */; };
		5DE4BE551567F9B800CA1421 /* 38_2010_October.jpg in Resources */ = {isa = PBXBuildFile; fileRef = 5DE4BE541567F9B600CA1421 /* 38_2010_October.jpg */; };
		5DE4BE5815680A1A00CA1421 /* TopStoriesView.m in Sources */ = {isa = PBXBuildFile; fileRef = 5DE4BE5715680A1A00CA1421 /* TopStoriesView.m */; };
		5DE4BE5B15680A3600CA1421 /* TopStoriesView.xib in Resources */ = {isa = PBXBuildFile; fileRef = 5DE4BE5A15680A3600CA1421 /* TopStoriesView.xib */; };
		5DE4BE64156829B200CA1421 /* gallery-ipad.png in Resources */ = {isa = PBXBuildFile; fileRef = 5DE4BE60156829B200CA1421 /* gallery-ipad.png */; };
		5DE4BE65156829B200CA1421 /* gallery-ipad@2x.png in Resources */ = {isa = PBXBuildFile; fileRef = 5DE4BE61156829B200CA1421 /* gallery-ipad@2x.png */; };
		5DE4BE66156829B200CA1421 /* gallery.png in Resources */ = {isa = PBXBuildFile; fileRef = 5DE4BE62156829B200CA1421 /* gallery.png */; };
		5DE4BE67156829B200CA1421 /* gallery@2x.png in Resources */ = {isa = PBXBuildFile; fileRef = 5DE4BE63156829B200CA1421 /* gallery@2x.png */; };
		5DE4BE6C15682A2B00CA1421 /* social-ipad.png in Resources */ = {isa = PBXBuildFile; fileRef = 5DE4BE6815682A2900CA1421 /* social-ipad.png */; };
		5DE4BE6D15682A2B00CA1421 /* social-ipad@2x.png in Resources */ = {isa = PBXBuildFile; fileRef = 5DE4BE6915682A2900CA1421 /* social-ipad@2x.png */; };
		5DE4BE6E15682A2B00CA1421 /* social.png in Resources */ = {isa = PBXBuildFile; fileRef = 5DE4BE6A15682A2900CA1421 /* social.png */; };
		5DE4BE6F15682A2B00CA1421 /* social@2x.png in Resources */ = {isa = PBXBuildFile; fileRef = 5DE4BE6B15682A2A00CA1421 /* social@2x.png */; };
		5DE4BE7415682B5800CA1421 /* subscribe-ipad.png in Resources */ = {isa = PBXBuildFile; fileRef = 5DE4BE7015682B5700CA1421 /* subscribe-ipad.png */; };
		5DE4BE7515682B5800CA1421 /* subscribe-ipad@2x.png in Resources */ = {isa = PBXBuildFile; fileRef = 5DE4BE7115682B5700CA1421 /* subscribe-ipad@2x.png */; };
		5DE4BE7615682B5800CA1421 /* subscribe.png in Resources */ = {isa = PBXBuildFile; fileRef = 5DE4BE7215682B5700CA1421 /* subscribe.png */; };
		5DE4BE7715682B5800CA1421 /* subscribe@2x.png in Resources */ = {isa = PBXBuildFile; fileRef = 5DE4BE7315682B5700CA1421 /* subscribe@2x.png */; };
		5DE4BE7C1568316000CA1421 /* topstories-ipad.png in Resources */ = {isa = PBXBuildFile; fileRef = 5DE4BE781568315500CA1421 /* topstories-ipad.png */; };
		5DE4BE7D1568316000CA1421 /* topstories-ipad@2x.png in Resources */ = {isa = PBXBuildFile; fileRef = 5DE4BE791568315700CA1421 /* topstories-ipad@2x.png */; };
		5DE4BE7E1568316000CA1421 /* topstories.png in Resources */ = {isa = PBXBuildFile; fileRef = 5DE4BE7A1568315A00CA1421 /* topstories.png */; };
		5DE4BE7F1568316000CA1421 /* topstories@2x.png in Resources */ = {isa = PBXBuildFile; fileRef = 5DE4BE7B1568315D00CA1421 /* topstories@2x.png */; };
		5DE4BEB015683D3800CA1421 /* CL_1.jpg in Resources */ = {isa = PBXBuildFile; fileRef = 5DE4BE8115683D3700CA1421 /* CL_1.jpg */; };
		5DE4BEB115683D3800CA1421 /* CL_10.jpg in Resources */ = {isa = PBXBuildFile; fileRef = 5DE4BE8215683D3700CA1421 /* CL_10.jpg */; };
		5DE4BEB215683D3800CA1421 /* CL_11.jpg in Resources */ = {isa = PBXBuildFile; fileRef = 5DE4BE8315683D3700CA1421 /* CL_11.jpg */; };
		5DE4BEB315683D3800CA1421 /* CL_12.jpg in Resources */ = {isa = PBXBuildFile; fileRef = 5DE4BE8415683D3700CA1421 /* CL_12.jpg */; };
		5DE4BEB415683D3800CA1421 /* CL_13.jpg in Resources */ = {isa = PBXBuildFile; fileRef = 5DE4BE8515683D3700CA1421 /* CL_13.jpg */; };
		5DE4BEB515683D3800CA1421 /* CL_14.jpg in Resources */ = {isa = PBXBuildFile; fileRef = 5DE4BE8615683D3700CA1421 /* CL_14.jpg */; };
		5DE4BEB615683D3800CA1421 /* CL_15.jpg in Resources */ = {isa = PBXBuildFile; fileRef = 5DE4BE8715683D3700CA1421 /* CL_15.jpg */; };
		5DE4BEB715683D3800CA1421 /* CL_16.jpg in Resources */ = {isa = PBXBuildFile; fileRef = 5DE4BE8815683D3700CA1421 /* CL_16.jpg */; };
		5DE4BEB815683D3800CA1421 /* CL_17.jpg in Resources */ = {isa = PBXBuildFile; fileRef = 5DE4BE8915683D3700CA1421 /* CL_17.jpg */; };
		5DE4BEB915683D3800CA1421 /* CL_18.jpg in Resources */ = {isa = PBXBuildFile; fileRef = 5DE4BE8A15683D3700CA1421 /* CL_18.jpg */; };
		5DE4BEBA15683D3800CA1421 /* CL_19.jpg in Resources */ = {isa = PBXBuildFile; fileRef = 5DE4BE8B15683D3700CA1421 /* CL_19.jpg */; };
		5DE4BEBB15683D3800CA1421 /* CL_2.tif in Resources */ = {isa = PBXBuildFile; fileRef = 5DE4BE8C15683D3700CA1421 /* CL_2.tif */; };
		5DE4BEBC15683D3800CA1421 /* CL_20.jpg in Resources */ = {isa = PBXBuildFile; fileRef = 5DE4BE8D15683D3700CA1421 /* CL_20.jpg */; };
		5DE4BEBD15683D3800CA1421 /* CL_21.jpg in Resources */ = {isa = PBXBuildFile; fileRef = 5DE4BE8E15683D3700CA1421 /* CL_21.jpg */; };
		5DE4BEBE15683D3800CA1421 /* CL_22.jpg in Resources */ = {isa = PBXBuildFile; fileRef = 5DE4BE8F15683D3700CA1421 /* CL_22.jpg */; };
		5DE4BEBF15683D3800CA1421 /* CL_23.jpg in Resources */ = {isa = PBXBuildFile; fileRef = 5DE4BE9015683D3700CA1421 /* CL_23.jpg */; };
		5DE4BEC015683D3800CA1421 /* CL_24.jpg in Resources */ = {isa = PBXBuildFile; fileRef = 5DE4BE9115683D3700CA1421 /* CL_24.jpg */; };
		5DE4BEC115683D3800CA1421 /* CL_25.jpg in Resources */ = {isa = PBXBuildFile; fileRef = 5DE4BE9215683D3700CA1421 /* CL_25.jpg */; };
		5DE4BEC215683D3800CA1421 /* CL_26.jpg in Resources */ = {isa = PBXBuildFile; fileRef = 5DE4BE9315683D3700CA1421 /* CL_26.jpg */; };
		5DE4BEC315683D3800CA1421 /* CL_27.jpg in Resources */ = {isa = PBXBuildFile; fileRef = 5DE4BE9415683D3700CA1421 /* CL_27.jpg */; };
		5DE4BEC415683D3800CA1421 /* CL_28.jpg in Resources */ = {isa = PBXBuildFile; fileRef = 5DE4BE9515683D3700CA1421 /* CL_28.jpg */; };
		5DE4BEC515683D3800CA1421 /* CL_29.jpg in Resources */ = {isa = PBXBuildFile; fileRef = 5DE4BE9615683D3700CA1421 /* CL_29.jpg */; };
		5DE4BEC615683D3800CA1421 /* CL_3.jpg in Resources */ = {isa = PBXBuildFile; fileRef = 5DE4BE9715683D3700CA1421 /* CL_3.jpg */; };
		5DE4BEC715683D3800CA1421 /* CL_30.jpg in Resources */ = {isa = PBXBuildFile; fileRef = 5DE4BE9815683D3700CA1421 /* CL_30.jpg */; };
		5DE4BEC815683D3800CA1421 /* CL_31.jpg in Resources */ = {isa = PBXBuildFile; fileRef = 5DE4BE9915683D3700CA1421 /* CL_31.jpg */; };
		5DE4BEC915683D3800CA1421 /* CL_32.jpg in Resources */ = {isa = PBXBuildFile; fileRef = 5DE4BE9A15683D3700CA1421 /* CL_32.jpg */; };
		5DE4BECA15683D3800CA1421 /* CL_33.jpg in Resources */ = {isa = PBXBuildFile; fileRef = 5DE4BE9B15683D3700CA1421 /* CL_33.jpg */; };
		5DE4BECB15683D3800CA1421 /* CL_34.jpg in Resources */ = {isa = PBXBuildFile; fileRef = 5DE4BE9C15683D3700CA1421 /* CL_34.jpg */; };
		5DE4BECC15683D3800CA1421 /* CL_35.jpg in Resources */ = {isa = PBXBuildFile; fileRef = 5DE4BE9D15683D3700CA1421 /* CL_35.jpg */; };
		5DE4BECD15683D3800CA1421 /* CL_36.jpg in Resources */ = {isa = PBXBuildFile; fileRef = 5DE4BE9E15683D3700CA1421 /* CL_36.jpg */; };
		5DE4BECE15683D3800CA1421 /* CL_37.jpg in Resources */ = {isa = PBXBuildFile; fileRef = 5DE4BE9F15683D3700CA1421 /* CL_37.jpg */; };
		5DE4BECF15683D3800CA1421 /* CL_38.jpg in Resources */ = {isa = PBXBuildFile; fileRef = 5DE4BEA015683D3700CA1421 /* CL_38.jpg */; };
		5DE4BED015683D3800CA1421 /* CL_39.jpg in Resources */ = {isa = PBXBuildFile; fileRef = 5DE4BEA115683D3700CA1421 /* CL_39.jpg */; };
		5DE4BED115683D3800CA1421 /* CL_4.tif in Resources */ = {isa = PBXBuildFile; fileRef = 5DE4BEA215683D3700CA1421 /* CL_4.tif */; };
		5DE4BED215683D3800CA1421 /* CL_40.jpg in Resources */ = {isa = PBXBuildFile; fileRef = 5DE4BEA315683D3700CA1421 /* CL_40.jpg */; };
		5DE4BED315683D3800CA1421 /* CL_41.jpg in Resources */ = {isa = PBXBuildFile; fileRef = 5DE4BEA415683D3700CA1421 /* CL_41.jpg */; };
		5DE4BED415683D3800CA1421 /* CL_42.jpg in Resources */ = {isa = PBXBuildFile; fileRef = 5DE4BEA515683D3700CA1421 /* CL_42.jpg */; };
		5DE4BED515683D3800CA1421 /* CL_43.jpg in Resources */ = {isa = PBXBuildFile; fileRef = 5DE4BEA615683D3700CA1421 /* CL_43.jpg */; };
		5DE4BED615683D3800CA1421 /* CL_44.jpg in Resources */ = {isa = PBXBuildFile; fileRef = 5DE4BEA715683D3700CA1421 /* CL_44.jpg */; };
		5DE4BED715683D3800CA1421 /* CL_45.jpg in Resources */ = {isa = PBXBuildFile; fileRef = 5DE4BEA815683D3700CA1421 /* CL_45.jpg */; };
		5DE4BED815683D3800CA1421 /* CL_46.jpg in Resources */ = {isa = PBXBuildFile; fileRef = 5DE4BEA915683D3700CA1421 /* CL_46.jpg */; };
		5DE4BED915683D3800CA1421 /* CL_47.jpg in Resources */ = {isa = PBXBuildFile; fileRef = 5DE4BEAA15683D3700CA1421 /* CL_47.jpg */; };
		5DE4BEDA15683D3800CA1421 /* CL_5.jpg in Resources */ = {isa = PBXBuildFile; fileRef = 5DE4BEAB15683D3700CA1421 /* CL_5.jpg */; };
		5DE4BEDB15683D3800CA1421 /* CL_6.tif in Resources */ = {isa = PBXBuildFile; fileRef = 5DE4BEAC15683D3700CA1421 /* CL_6.tif */; };
		5DE4BEDC15683D3800CA1421 /* CL_7.tif in Resources */ = {isa = PBXBuildFile; fileRef = 5DE4BEAD15683D3700CA1421 /* CL_7.tif */; };
		5DE4BEDD15683D3800CA1421 /* CL_8.tif in Resources */ = {isa = PBXBuildFile; fileRef = 5DE4BEAE15683D3700CA1421 /* CL_8.tif */; };
		5DE4BEDE15683D3800CA1421 /* CL_9.jpg in Resources */ = {isa = PBXBuildFile; fileRef = 5DE4BEAF15683D3700CA1421 /* CL_9.jpg */; };
		5DEDBEFA1540884A008DFACC /* AdCheerLeader.png in Resources */ = {isa = PBXBuildFile; fileRef = 5DEDBEF91540884A008DFACC /* AdCheerLeader.png */; };
		5DEDBF0715409535008DFACC /* 148-doghouse.png in Resources */ = {isa = PBXBuildFile; fileRef = 5DEDBF0615409535008DFACC /* 148-doghouse.png */; };
		5DEDBF091540958C008DFACC /* 166-newspaper.png in Resources */ = {isa = PBXBuildFile; fileRef = 5DEDBF081540958C008DFACC /* 166-newspaper.png */; };
		5DEDBF0B1540971F008DFACC /* 180-stickynote.png in Resources */ = {isa = PBXBuildFile; fileRef = 5DEDBF0A1540971F008DFACC /* 180-stickynote.png */; };
		5DEDBF211540C05C008DFACC /* Reachability.m in Sources */ = {isa = PBXBuildFile; fileRef = 5DEDBF201540C05B008DFACC /* Reachability.m */; };
		5DEDBF231540C0C1008DFACC /* SystemConfiguration.framework in Frameworks */ = {isa = PBXBuildFile; fileRef = 5DEDBF221540C0C1008DFACC /* SystemConfiguration.framework */; };
		5DEDBF251540C0C7008DFACC /* Security.framework in Frameworks */ = {isa = PBXBuildFile; fileRef = 5DEDBF241540C0C7008DFACC /* Security.framework */; };
		5DEDBF271540C111008DFACC /* CFNetwork.framework in Frameworks */ = {isa = PBXBuildFile; fileRef = 5DEDBF261540C111008DFACC /* CFNetwork.framework */; };
		5DF696FE1551B26C0030D39A /* rss-57.png in Resources */ = {isa = PBXBuildFile; fileRef = 5DF696FD1551B26C0030D39A /* rss-57.png */; };
		5DF697011551B2850030D39A /* events-57.png in Resources */ = {isa = PBXBuildFile; fileRef = 5DF697001551B2850030D39A /* events-57.png */; };
		5DFD226315507E1B008BAF60 /* subscribe-57.png in Resources */ = {isa = PBXBuildFile; fileRef = 5DFD226215507E1B008BAF60 /* subscribe-57.png */; };
		5DFE98BA153F741100AEFE52 /* iC App Logos.pdf in Resources */ = {isa = PBXBuildFile; fileRef = 5DFE98B1153F741100AEFE52 /* iC App Logos.pdf */; };
		5DFE98BB153F741100AEFE52 /* iC App Logos.ai in Resources */ = {isa = PBXBuildFile; fileRef = 5DFE98B2153F741100AEFE52 /* iC App Logos.ai */; };
		5DFE98BC153F741100AEFE52 /* icon1.png in Resources */ = {isa = PBXBuildFile; fileRef = 5DFE98B3153F741100AEFE52 /* icon1.png */; };
		5DFE98BD153F741100AEFE52 /* RSS.png in Resources */ = {isa = PBXBuildFile; fileRef = 5DFE98B4153F741100AEFE52 /* RSS.png */; };
		5DFE98BF153F741100AEFE52 /* SocialNetwork.png in Resources */ = {isa = PBXBuildFile; fileRef = 5DFE98B6153F741100AEFE52 /* SocialNetwork.png */; };
		5DFE98C0153F741100AEFE52 /* Newsletter.png in Resources */ = {isa = PBXBuildFile; fileRef = 5DFE98B7153F741100AEFE52 /* Newsletter.png */; };
		5DFE98C1153F741100AEFE52 /* MagazineGallery.png in Resources */ = {isa = PBXBuildFile; fileRef = 5DFE98B8153F741100AEFE52 /* MagazineGallery.png */; };
		5DFE98C2153F741100AEFE52 /* IConthescene.png in Resources */ = {isa = PBXBuildFile; fileRef = 5DFE98B9153F741100AEFE52 /* IConthescene.png */; };
/* End PBXBuildFile section */

/* Begin PBXFileReference section */
		1C1DDE1D15416121008918DB /* ContactViewController.h */ = {isa = PBXFileReference; fileEncoding = 4; lastKnownFileType = sourcecode.c.h; path = ContactViewController.h; sourceTree = "<group>"; };
		1C1DDE1E15416121008918DB /* ContactViewController.m */ = {isa = PBXFileReference; fileEncoding = 4; lastKnownFileType = sourcecode.c.objc; path = ContactViewController.m; sourceTree = "<group>"; };
		1C1DDE1F15416121008918DB /* ContactViewController.xib */ = {isa = PBXFileReference; fileEncoding = 4; lastKnownFileType = file.xib; path = ContactViewController.xib; sourceTree = "<group>"; };
		1C1DDE2015416121008918DB /* TabBarCLController.h */ = {isa = PBXFileReference; fileEncoding = 4; lastKnownFileType = sourcecode.c.h; path = TabBarCLController.h; sourceTree = "<group>"; };
		1C1DDE2115416121008918DB /* TabBarCLController.m */ = {isa = PBXFileReference; fileEncoding = 4; lastKnownFileType = sourcecode.c.objc; path = TabBarCLController.m; sourceTree = "<group>"; };
		1C1DDE2215416121008918DB /* TabBarCLController.xib */ = {isa = PBXFileReference; fileEncoding = 4; lastKnownFileType = file.xib; path = TabBarCLController.xib; sourceTree = "<group>"; };
		1C7CB58C154052BE0083B299 /* GalleryViewController.h */ = {isa = PBXFileReference; fileEncoding = 4; lastKnownFileType = sourcecode.c.h; path = GalleryViewController.h; sourceTree = "<group>"; };
		1C7CB58D154052BE0083B299 /* GalleryViewController.m */ = {isa = PBXFileReference; fileEncoding = 4; lastKnownFileType = sourcecode.c.objc; path = GalleryViewController.m; sourceTree = "<group>"; };
		1C7CB591154052E50083B299 /* GeneralWebViewController.h */ = {isa = PBXFileReference; fileEncoding = 4; lastKnownFileType = sourcecode.c.h; path = GeneralWebViewController.h; sourceTree = "<group>"; };
		1C7CB592154052E50083B299 /* GeneralWebViewController.m */ = {isa = PBXFileReference; fileEncoding = 4; lastKnownFileType = sourcecode.c.objc; path = GeneralWebViewController.m; sourceTree = "<group>"; };
		1C7CB593154052E50083B299 /* GeneralWebViewController.xib */ = {isa = PBXFileReference; fileEncoding = 4; lastKnownFileType = file.xib; path = GeneralWebViewController.xib; sourceTree = "<group>"; };
		1C7CB596154052F70083B299 /* RssFeedViewController.h */ = {isa = PBXFileReference; fileEncoding = 4; lastKnownFileType = sourcecode.c.h; path = RssFeedViewController.h; sourceTree = "<group>"; };
		1C7CB597154052F70083B299 /* RssFeedViewController.m */ = {isa = PBXFileReference; fileEncoding = 4; lastKnownFileType = sourcecode.c.objc; path = RssFeedViewController.m; sourceTree = "<group>"; };
		1C7CB598154052F70083B299 /* RssFeedViewController.xib */ = {isa = PBXFileReference; fileEncoding = 4; lastKnownFileType = file.xib; path = RssFeedViewController.xib; sourceTree = "<group>"; };
		1C7CB59B154053160083B299 /* SocialNetViewController.h */ = {isa = PBXFileReference; fileEncoding = 4; lastKnownFileType = sourcecode.c.h; path = SocialNetViewController.h; sourceTree = "<group>"; };
		1C7CB59C154053160083B299 /* SocialNetViewController.m */ = {isa = PBXFileReference; fileEncoding = 4; lastKnownFileType = sourcecode.c.objc; path = SocialNetViewController.m; sourceTree = "<group>"; };
		1C7CB59D154053160083B299 /* SocialNetViewController.xib */ = {isa = PBXFileReference; fileEncoding = 4; lastKnownFileType = file.xib; path = SocialNetViewController.xib; sourceTree = "<group>"; };
		1C7CB5A0154053310083B299 /* Global.h */ = {isa = PBXFileReference; fileEncoding = 4; lastKnownFileType = sourcecode.c.h; name = Global.h; path = CheerLeader/Global.h; sourceTree = "<group>"; };
		1C7CB5A1154053310083B299 /* HomeViewController.h */ = {isa = PBXFileReference; fileEncoding = 4; lastKnownFileType = sourcecode.c.h; name = HomeViewController.h; path = CheerLeader/HomeViewController.h; sourceTree = "<group>"; };
		1C7CB5A2154053310083B299 /* HomeViewController.m */ = {isa = PBXFileReference; fileEncoding = 4; lastKnownFileType = sourcecode.c.objc; name = HomeViewController.m; path = CheerLeader/HomeViewController.m; sourceTree = "<group>"; };
		1C7CB5A3154053310083B299 /* HomeViewController.xib */ = {isa = PBXFileReference; fileEncoding = 4; lastKnownFileType = file.xib; name = HomeViewController.xib; path = CheerLeader/HomeViewController.xib; sourceTree = "<group>"; };
		1CA06C9D155953E600A1CA89 /* GallerySlideShowViewController.h */ = {isa = PBXFileReference; fileEncoding = 4; lastKnownFileType = sourcecode.c.h; path = GallerySlideShowViewController.h; sourceTree = "<group>"; };
		1CA06C9E155953E600A1CA89 /* GallerySlideShowViewController.m */ = {isa = PBXFileReference; fileEncoding = 4; lastKnownFileType = sourcecode.c.objc; path = GallerySlideShowViewController.m; sourceTree = "<group>"; };
		1CA06C9F155953E600A1CA89 /* GallerySlideShowViewController.xib */ = {isa = PBXFileReference; fileEncoding = 4; lastKnownFileType = file.xib; path = GallerySlideShowViewController.xib; sourceTree = "<group>"; };
		1CF510A715498D0500CBD618 /* GalleryViewController.xib */ = {isa = PBXFileReference; fileEncoding = 4; lastKnownFileType = file.xib; path = GalleryViewController.xib; sourceTree = "<group>"; };
		1CF510A915498D6100CBD618 /* playback_play.png */ = {isa = PBXFileReference; lastKnownFileType = image.png; path = playback_play.png; sourceTree = "<group>"; };
		1CF510AB1549926E00CBD618 /* pause.png */ = {isa = PBXFileReference; lastKnownFileType = image.png; path = pause.png; sourceTree = "<group>"; };
		1CF510B115499D0800CBD618 /* EPIC_iPad.jpg */ = {isa = PBXFileReference; lastKnownFileType = image.jpeg; name = EPIC_iPad.jpg; path = "ic app/EPIC_iPad.jpg"; sourceTree = "<group>"; };
		1CF510B215499D0800CBD618 /* iPhone_Shoe.png */ = {isa = PBXFileReference; lastKnownFileType = image.png; name = iPhone_Shoe.png; path = "ic app/iPhone_Shoe.png"; sourceTree = "<group>"; };
		5D02E46515434E2800979950 /* QuartzCore.framework */ = {isa = PBXFileReference; lastKnownFileType = wrapper.framework; name = QuartzCore.framework; path = System/Library/Frameworks/QuartzCore.framework; sourceTree = SDKROOT; };
		5D0474361549EB8000BF7753 /* RootViewController.h */ = {isa = PBXFileReference; fileEncoding = 4; lastKnownFileType = sourcecode.c.h; path = RootViewController.h; sourceTree = "<group>"; };
		5D0474371549EB8000BF7753 /* RootViewController.m */ = {isa = PBXFileReference; fileEncoding = 4; lastKnownFileType = sourcecode.c.objc; path = RootViewController.m; sourceTree = "<group>"; };
		5D04743A1549EB9E00BF7753 /* RootViewController.xib */ = {isa = PBXFileReference; fileEncoding = 4; lastKnownFileType = file.xib; path = RootViewController.xib; sourceTree = "<group>"; };
		5D04743C1549EBBC00BF7753 /* MWFeedParser.h */ = {isa = PBXFileReference; fileEncoding = 4; lastKnownFileType = sourcecode.c.h; path = MWFeedParser.h; sourceTree = "<group>"; };
		5D04743D1549EBBC00BF7753 /* MWFeedParser_Private.h */ = {isa = PBXFileReference; fileEncoding = 4; lastKnownFileType = sourcecode.c.h; path = MWFeedParser_Private.h; sourceTree = "<group>"; };
		5D04743E1549EBBC00BF7753 /* MWFeedParser.m */ = {isa = PBXFileReference; fileEncoding = 4; lastKnownFileType = sourcecode.c.objc; path = MWFeedParser.m; sourceTree = "<group>"; };
		5D04743F1549EBBC00BF7753 /* MWFeedInfo.h */ = {isa = PBXFileReference; fileEncoding = 4; lastKnownFileType = sourcecode.c.h; path = MWFeedInfo.h; sourceTree = "<group>"; };
		5D0474401549EBBC00BF7753 /* MWFeedInfo.m */ = {isa = PBXFileReference; fileEncoding = 4; lastKnownFileType = sourcecode.c.objc; path = MWFeedInfo.m; sourceTree = "<group>"; };
		5D0474411549EBBC00BF7753 /* MWFeedItem.h */ = {isa = PBXFileReference; fileEncoding = 4; lastKnownFileType = sourcecode.c.h; path = MWFeedItem.h; sourceTree = "<group>"; };
		5D0474421549EBBC00BF7753 /* MWFeedItem.m */ = {isa = PBXFileReference; fileEncoding = 4; lastKnownFileType = sourcecode.c.objc; path = MWFeedItem.m; sourceTree = "<group>"; };
		5D0474461549EBC600BF7753 /* NSString+HTML.h */ = {isa = PBXFileReference; fileEncoding = 4; lastKnownFileType = sourcecode.c.h; path = "NSString+HTML.h"; sourceTree = "<group>"; };
		5D0474471549EBC600BF7753 /* NSString+HTML.m */ = {isa = PBXFileReference; fileEncoding = 4; lastKnownFileType = sourcecode.c.objc; path = "NSString+HTML.m"; sourceTree = "<group>"; };
		5D0474481549EBC600BF7753 /* NSDate+InternetDateTime.h */ = {isa = PBXFileReference; fileEncoding = 4; lastKnownFileType = sourcecode.c.h; path = "NSDate+InternetDateTime.h"; sourceTree = "<group>"; };
		5D0474491549EBC600BF7753 /* NSDate+InternetDateTime.m */ = {isa = PBXFileReference; fileEncoding = 4; lastKnownFileType = sourcecode.c.objc; path = "NSDate+InternetDateTime.m"; sourceTree = "<group>"; };
		5D04744C1549EBD300BF7753 /* GTMNSString+HTML.h */ = {isa = PBXFileReference; fileEncoding = 4; lastKnownFileType = sourcecode.c.h; path = "GTMNSString+HTML.h"; sourceTree = "<group>"; };
		5D04744D1549EBD300BF7753 /* GTMNSString+HTML.m */ = {isa = PBXFileReference; fileEncoding = 4; lastKnownFileType = sourcecode.c.objc; path = "GTMNSString+HTML.m"; sourceTree = "<group>"; };
		5D04744E1549EBD300BF7753 /* NSString+XMLEntities.h */ = {isa = PBXFileReference; fileEncoding = 4; lastKnownFileType = sourcecode.c.h; path = "NSString+XMLEntities.h"; sourceTree = "<group>"; };
		5D04744F1549EBD300BF7753 /* NSString+XMLEntities.m */ = {isa = PBXFileReference; fileEncoding = 4; lastKnownFileType = sourcecode.c.objc; path = "NSString+XMLEntities.m"; sourceTree = "<group>"; };
		5D0474531549F72900BF7753 /* facebook_icon.png */ = {isa = PBXFileReference; lastKnownFileType = image.png; path = facebook_icon.png; sourceTree = "<group>"; };
		5D0474551549F80C00BF7753 /* twittericon.png */ = {isa = PBXFileReference; lastKnownFileType = image.png; path = twittericon.png; sourceTree = "<group>"; };
		5D0474571549F85400BF7753 /* linkedin_icon.png */ = {isa = PBXFileReference; lastKnownFileType = image.png; path = linkedin_icon.png; sourceTree = "<group>"; };
		5D2FA6F0154B37A700D52076 /* vault-320.png */ = {isa = PBXFileReference; lastKnownFileType = image.png; path = "vault-320.png"; sourceTree = "<group>"; };
		5D2FA6F1154B37A700D52076 /* vault-480.png */ = {isa = PBXFileReference; lastKnownFileType = image.png; path = "vault-480.png"; sourceTree = "<group>"; };
		5D2FA6F2154B37A700D52076 /* vault-768.png */ = {isa = PBXFileReference; lastKnownFileType = image.png; path = "vault-768.png"; sourceTree = "<group>"; };
		5D2FA6F3154B37A700D52076 /* vault-1024.png */ = {isa = PBXFileReference; lastKnownFileType = image.png; path = "vault-1024.png"; sourceTree = "<group>"; };
		5D2FA6F4154B37A700D52076 /* blog-57.png */ = {isa = PBXFileReference; lastKnownFileType = image.png; path = "blog-57.png"; sourceTree = "<group>"; };
		5D2FA6F5154B37A700D52076 /* blog-72.png */ = {isa = PBXFileReference; lastKnownFileType = image.png; path = "blog-72.png"; sourceTree = "<group>"; };
		5D2FA6F6154B37A700D52076 /* blog-144.png */ = {isa = PBXFileReference; lastKnownFileType = image.png; path = "blog-144.png"; sourceTree = "<group>"; };
		5D2FA6F7154B37A700D52076 /* blog-114.png */ = {isa = PBXFileReference; lastKnownFileType = image.png; path = "blog-114.png"; sourceTree = "<group>"; };
		5D2FA709154B4EE600D52076 /* MessageUI.framework */ = {isa = PBXFileReference; lastKnownFileType = wrapper.framework; name = MessageUI.framework; path = System/Library/Frameworks/MessageUI.framework; sourceTree = SDKROOT; };
		5D2FCC461538DBA500A4F530 /* CheerLeader.app */ = {isa = PBXFileReference; explicitFileType = wrapper.application; includeInIndex = 0; path = CheerLeader.app; sourceTree = BUILT_PRODUCTS_DIR; };
		5D2FCC4A1538DBA600A4F530 /* UIKit.framework */ = {isa = PBXFileReference; lastKnownFileType = wrapper.framework; name = UIKit.framework; path = System/Library/Frameworks/UIKit.framework; sourceTree = SDKROOT; };
		5D2FCC4C1538DBA600A4F530 /* Foundation.framework */ = {isa = PBXFileReference; lastKnownFileType = wrapper.framework; name = Foundation.framework; path = System/Library/Frameworks/Foundation.framework; sourceTree = SDKROOT; };
		5D2FCC4E1538DBA600A4F530 /* CoreGraphics.framework */ = {isa = PBXFileReference; lastKnownFileType = wrapper.framework; name = CoreGraphics.framework; path = System/Library/Frameworks/CoreGraphics.framework; sourceTree = SDKROOT; };
		5D2FCC521538DBA600A4F530 /* CheerLeader-Info.plist */ = {isa = PBXFileReference; lastKnownFileType = text.plist.xml; path = "CheerLeader-Info.plist"; sourceTree = "<group>"; };
		5D2FCC541538DBA600A4F530 /* en */ = {isa = PBXFileReference; lastKnownFileType = text.plist.strings; name = en; path = en.lproj/InfoPlist.strings; sourceTree = "<group>"; };
		5D2FCC561538DBA600A4F530 /* main.m */ = {isa = PBXFileReference; lastKnownFileType = sourcecode.c.objc; path = main.m; sourceTree = "<group>"; };
		5D2FCC581538DBA600A4F530 /* CheerLeader-Prefix.pch */ = {isa = PBXFileReference; lastKnownFileType = sourcecode.c.h; path = "CheerLeader-Prefix.pch"; sourceTree = "<group>"; };
		5D2FCC591538DBA600A4F530 /* AppDelegate.h */ = {isa = PBXFileReference; lastKnownFileType = sourcecode.c.h; path = AppDelegate.h; sourceTree = "<group>"; };
		5D2FCC5A1538DBA600A4F530 /* AppDelegate.m */ = {isa = PBXFileReference; lastKnownFileType = sourcecode.c.objc; path = AppDelegate.m; sourceTree = "<group>"; };
		5DD30AD21539E68600FF7A56 /* MBProgressHUD.h */ = {isa = PBXFileReference; fileEncoding = 4; lastKnownFileType = sourcecode.c.h; path = MBProgressHUD.h; sourceTree = "<group>"; };
		5DD30AD31539E68600FF7A56 /* MBProgressHUD.m */ = {isa = PBXFileReference; fileEncoding = 4; lastKnownFileType = sourcecode.c.objc; path = MBProgressHUD.m; sourceTree = "<group>"; };
		5DD30B5D153A0D9B00FF7A56 /* forward.png */ = {isa = PBXFileReference; lastKnownFileType = image.png; path = forward.png; sourceTree = "<group>"; };
		5DD30B5E153A0D9E00FF7A56 /* BackWard.png */ = {isa = PBXFileReference; lastKnownFileType = image.png; path = BackWard.png; sourceTree = "<group>"; };
		5DD30B65153A16B000FF7A56 /* ModalController.m */ = {isa = PBXFileReference; fileEncoding = 4; lastKnownFileType = sourcecode.c.objc; path = ModalController.m; sourceTree = "<group>"; };
		5DD30B66153A16B000FF7A56 /* ModalController.h */ = {isa = PBXFileReference; fileEncoding = 4; lastKnownFileType = sourcecode.c.h; path = ModalController.h; sourceTree = "<group>"; };
		5DD692FB15488EE8007F353F /* events@2x.png */ = {isa = PBXFileReference; lastKnownFileType = image.png; path = "events@2x.png"; sourceTree = "<group>"; };
		5DD692FC15488EE8007F353F /* events-ipad@2x.png */ = {isa = PBXFileReference; lastKnownFileType = image.png; path = "events-ipad@2x.png"; sourceTree = "<group>"; };
		5DD692FD15488EE8007F353F /* events.png */ = {isa = PBXFileReference; lastKnownFileType = image.png; path = events.png; sourceTree = "<group>"; };
		5DD692FE15488EE8007F353F /* events-ipad.png */ = {isa = PBXFileReference; lastKnownFileType = image.png; path = "events-ipad.png"; sourceTree = "<group>"; };
		5DD6930315488EE8007F353F /* ic-100.png */ = {isa = PBXFileReference; lastKnownFileType = image.png; path = "ic-100.png"; sourceTree = "<group>"; };
		5DD6930415488EE8007F353F /* ic-1024.png */ = {isa = PBXFileReference; lastKnownFileType = image.png; path = "ic-1024.png"; sourceTree = "<group>"; };
		5DD6930515488EE8007F353F /* ic-114.png */ = {isa = PBXFileReference; lastKnownFileType = image.png; path = "ic-114.png"; sourceTree = "<group>"; };
		5DD6930615488EE8007F353F /* icon@2x.png */ = {isa = PBXFileReference; lastKnownFileType = image.png; path = "icon@2x.png"; sourceTree = "<group>"; };
		5DD6930715488EE8007F353F /* ic-29.png */ = {isa = PBXFileReference; lastKnownFileType = image.png; path = "ic-29.png"; sourceTree = "<group>"; };
		5DD6930815488EE8007F353F /* ic-50.png */ = {isa = PBXFileReference; lastKnownFileType = image.png; path = "ic-50.png"; sourceTree = "<group>"; };
		5DD6930915488EE8007F353F /* ic-512.png */ = {isa = PBXFileReference; lastKnownFileType = image.png; path = "ic-512.png"; sourceTree = "<group>"; };
		5DD6930A15488EE8007F353F /* icon.png */ = {isa = PBXFileReference; lastKnownFileType = image.png; path = icon.png; sourceTree = "<group>"; };
		5DD6930B15488EE8007F353F /* ic-58.png */ = {isa = PBXFileReference; lastKnownFileType = image.png; path = "ic-58.png"; sourceTree = "<group>"; };
		5DD6930C15488EE8007F353F /* ic-72.png */ = {isa = PBXFileReference; lastKnownFileType = image.png; path = "ic-72.png"; sourceTree = "<group>"; };
		5DD6930D15488EE8007F353F /* newsletter@2x.png */ = {isa = PBXFileReference; lastKnownFileType = image.png; path = "newsletter@2x.png"; sourceTree = "<group>"; };
		5DD6930E15488EE8007F353F /* newsletter-ipad@2x.png */ = {isa = PBXFileReference; lastKnownFileType = image.png; path = "newsletter-ipad@2x.png"; sourceTree = "<group>"; };
		5DD6930F15488EE8007F353F /* newsletter.png */ = {isa = PBXFileReference; lastKnownFileType = image.png; path = newsletter.png; sourceTree = "<group>"; };
		5DD6931015488EE8007F353F /* newsletter-ipad.png */ = {isa = PBXFileReference; lastKnownFileType = image.png; path = "newsletter-ipad.png"; sourceTree = "<group>"; };
		5DD6931D15488EE8007F353F /* youtube@2x.png */ = {isa = PBXFileReference; lastKnownFileType = image.png; path = "youtube@2x.png"; sourceTree = "<group>"; };
		5DD6931E15488EE8007F353F /* youtube-ipad@2x.png */ = {isa = PBXFileReference; lastKnownFileType = image.png; path = "youtube-ipad@2x.png"; sourceTree = "<group>"; };
		5DD6931F15488EE8007F353F /* youtube.png */ = {isa = PBXFileReference; lastKnownFileType = image.png; path = youtube.png; sourceTree = "<group>"; };
		5DD6932015488EE8007F353F /* youtube-ipad.png */ = {isa = PBXFileReference; lastKnownFileType = image.png; path = "youtube-ipad.png"; sourceTree = "<group>"; };
		5DD69349154890A2007F353F /* EPIC_iPhone.jpg */ = {isa = PBXFileReference; lastKnownFileType = image.jpeg; path = EPIC_iPhone.jpg; sourceTree = "<group>"; };
		5DD6934F15489140007F353F /* iPad_Shoe.png */ = {isa = PBXFileReference; lastKnownFileType = image.png; path = iPad_Shoe.png; sourceTree = "<group>"; };
		5DE4BE511567E9CD00CA1421 /* IC_Logo-1.png */ = {isa = PBXFileReference; lastKnownFileType = image.png; name = "IC_Logo-1.png"; path = "Cover Jpes IC(1)/IC_Logo-1.png"; sourceTree = "<group>"; };
		5DE4BE541567F9B600CA1421 /* 38_2010_October.jpg */ = {isa = PBXFileReference; lastKnownFileType = image.jpeg; name = 38_2010_October.jpg; path = "Cover Jpes IC(1)/38_2010_October.jpg"; sourceTree = "<group>"; };
		5DE4BE5615680A1A00CA1421 /* TopStoriesView.h */ = {isa = PBXFileReference; fileEncoding = 4; lastKnownFileType = sourcecode.c.h; path = TopStoriesView.h; sourceTree = "<group>"; };
		5DE4BE5715680A1A00CA1421 /* TopStoriesView.m */ = {isa = PBXFileReference; fileEncoding = 4; lastKnownFileType = sourcecode.c.objc; path = TopStoriesView.m; sourceTree = "<group>"; };
		5DE4BE5A15680A3600CA1421 /* TopStoriesView.xib */ = {isa = PBXFileReference; fileEncoding = 4; lastKnownFileType = file.xib; path = TopStoriesView.xib; sourceTree = "<group>"; };
		5DE4BE60156829B200CA1421 /* gallery-ipad.png */ = {isa = PBXFileReference; lastKnownFileType = image.png; path = "gallery-ipad.png"; sourceTree = "<group>"; };
		5DE4BE61156829B200CA1421 /* gallery-ipad@2x.png */ = {isa = PBXFileReference; lastKnownFileType = image.png; path = "gallery-ipad@2x.png"; sourceTree = "<group>"; };
		5DE4BE62156829B200CA1421 /* gallery.png */ = {isa = PBXFileReference; lastKnownFileType = image.png; path = gallery.png; sourceTree = "<group>"; };
		5DE4BE63156829B200CA1421 /* gallery@2x.png */ = {isa = PBXFileReference; lastKnownFileType = image.png; path = "gallery@2x.png"; sourceTree = "<group>"; };
		5DE4BE6815682A2900CA1421 /* social-ipad.png */ = {isa = PBXFileReference; lastKnownFileType = image.png; path = "social-ipad.png"; sourceTree = "<group>"; };
		5DE4BE6915682A2900CA1421 /* social-ipad@2x.png */ = {isa = PBXFileReference; lastKnownFileType = image.png; path = "social-ipad@2x.png"; sourceTree = "<group>"; };
		5DE4BE6A15682A2900CA1421 /* social.png */ = {isa = PBXFileReference; lastKnownFileType = image.png; path = social.png; sourceTree = "<group>"; };
		5DE4BE6B15682A2A00CA1421 /* social@2x.png */ = {isa = PBXFileReference; lastKnownFileType = image.png; path = "social@2x.png"; sourceTree = "<group>"; };
		5DE4BE7015682B5700CA1421 /* subscribe-ipad.png */ = {isa = PBXFileReference; lastKnownFileType = image.png; path = "subscribe-ipad.png"; sourceTree = "<group>"; };
		5DE4BE7115682B5700CA1421 /* subscribe-ipad@2x.png */ = {isa = PBXFileReference; lastKnownFileType = image.png; path = "subscribe-ipad@2x.png"; sourceTree = "<group>"; };
		5DE4BE7215682B5700CA1421 /* subscribe.png */ = {isa = PBXFileReference; lastKnownFileType = image.png; path = subscribe.png; sourceTree = "<group>"; };
		5DE4BE7315682B5700CA1421 /* subscribe@2x.png */ = {isa = PBXFileReference; lastKnownFileType = image.png; path = "subscribe@2x.png"; sourceTree = "<group>"; };
		5DE4BE781568315500CA1421 /* topstories-ipad.png */ = {isa = PBXFileReference; lastKnownFileType = image.png; path = "topstories-ipad.png"; sourceTree = "<group>"; };
		5DE4BE791568315700CA1421 /* topstories-ipad@2x.png */ = {isa = PBXFileReference; lastKnownFileType = image.png; path = "topstories-ipad@2x.png"; sourceTree = "<group>"; };
		5DE4BE7A1568315A00CA1421 /* topstories.png */ = {isa = PBXFileReference; lastKnownFileType = image.png; path = topstories.png; sourceTree = "<group>"; };
		5DE4BE7B1568315D00CA1421 /* topstories@2x.png */ = {isa = PBXFileReference; lastKnownFileType = image.png; path = "topstories@2x.png"; sourceTree = "<group>"; };
		5DE4BE8115683D3700CA1421 /* CL_1.jpg */ = {isa = PBXFileReference; lastKnownFileType = image.jpeg; path = CL_1.jpg; sourceTree = "<group>"; };
		5DE4BE8215683D3700CA1421 /* CL_10.jpg */ = {isa = PBXFileReference; lastKnownFileType = image.jpeg; path = CL_10.jpg; sourceTree = "<group>"; };
		5DE4BE8315683D3700CA1421 /* CL_11.jpg */ = {isa = PBXFileReference; lastKnownFileType = image.jpeg; path = CL_11.jpg; sourceTree = "<group>"; };
		5DE4BE8415683D3700CA1421 /* CL_12.jpg */ = {isa = PBXFileReference; lastKnownFileType = image.jpeg; path = CL_12.jpg; sourceTree = "<group>"; };
		5DE4BE8515683D3700CA1421 /* CL_13.jpg */ = {isa = PBXFileReference; lastKnownFileType = image.jpeg; path = CL_13.jpg; sourceTree = "<group>"; };
		5DE4BE8615683D3700CA1421 /* CL_14.jpg */ = {isa = PBXFileReference; lastKnownFileType = image.jpeg; path = CL_14.jpg; sourceTree = "<group>"; };
		5DE4BE8715683D3700CA1421 /* CL_15.jpg */ = {isa = PBXFileReference; lastKnownFileType = image.jpeg; path = CL_15.jpg; sourceTree = "<group>"; };
		5DE4BE8815683D3700CA1421 /* CL_16.jpg */ = {isa = PBXFileReference; lastKnownFileType = image.jpeg; path = CL_16.jpg; sourceTree = "<group>"; };
		5DE4BE8915683D3700CA1421 /* CL_17.jpg */ = {isa = PBXFileReference; lastKnownFileType = image.jpeg; path = CL_17.jpg; sourceTree = "<group>"; };
		5DE4BE8A15683D3700CA1421 /* CL_18.jpg */ = {isa = PBXFileReference; lastKnownFileType = image.jpeg; path = CL_18.jpg; sourceTree = "<group>"; };
		5DE4BE8B15683D3700CA1421 /* CL_19.jpg */ = {isa = PBXFileReference; lastKnownFileType = image.jpeg; path = CL_19.jpg; sourceTree = "<group>"; };
		5DE4BE8C15683D3700CA1421 /* CL_2.tif */ = {isa = PBXFileReference; lastKnownFileType = image.tiff; path = CL_2.tif; sourceTree = "<group>"; };
		5DE4BE8D15683D3700CA1421 /* CL_20.jpg */ = {isa = PBXFileReference; lastKnownFileType = image.jpeg; path = CL_20.jpg; sourceTree = "<group>"; };
		5DE4BE8E15683D3700CA1421 /* CL_21.jpg */ = {isa = PBXFileReference; lastKnownFileType = image.jpeg; path = CL_21.jpg; sourceTree = "<group>"; };
		5DE4BE8F15683D3700CA1421 /* CL_22.jpg */ = {isa = PBXFileReference; lastKnownFileType = image.jpeg; path = CL_22.jpg; sourceTree = "<group>"; };
		5DE4BE9015683D3700CA1421 /* CL_23.jpg */ = {isa = PBXFileReference; lastKnownFileType = image.jpeg; path = CL_23.jpg; sourceTree = "<group>"; };
		5DE4BE9115683D3700CA1421 /* CL_24.jpg */ = {isa = PBXFileReference; lastKnownFileType = image.jpeg; path = CL_24.jpg; sourceTree = "<group>"; };
		5DE4BE9215683D3700CA1421 /* CL_25.jpg */ = {isa = PBXFileReference; lastKnownFileType = image.jpeg; path = CL_25.jpg; sourceTree = "<group>"; };
		5DE4BE9315683D3700CA1421 /* CL_26.jpg */ = {isa = PBXFileReference; lastKnownFileType = image.jpeg; path = CL_26.jpg; sourceTree = "<group>"; };
		5DE4BE9415683D3700CA1421 /* CL_27.jpg */ = {isa = PBXFileReference; lastKnownFileType = image.jpeg; path = CL_27.jpg; sourceTree = "<group>"; };
		5DE4BE9515683D3700CA1421 /* CL_28.jpg */ = {isa = PBXFileReference; lastKnownFileType = image.jpeg; path = CL_28.jpg; sourceTree = "<group>"; };
		5DE4BE9615683D3700CA1421 /* CL_29.jpg */ = {isa = PBXFileReference; lastKnownFileType = image.jpeg; path = CL_29.jpg; sourceTree = "<group>"; };
		5DE4BE9715683D3700CA1421 /* CL_3.jpg */ = {isa = PBXFileReference; lastKnownFileType = image.jpeg; path = CL_3.jpg; sourceTree = "<group>"; };
		5DE4BE9815683D3700CA1421 /* CL_30.jpg */ = {isa = PBXFileReference; lastKnownFileType = image.jpeg; path = CL_30.jpg; sourceTree = "<group>"; };
		5DE4BE9915683D3700CA1421 /* CL_31.jpg */ = {isa = PBXFileReference; lastKnownFileType = image.jpeg; path = CL_31.jpg; sourceTree = "<group>"; };
		5DE4BE9A15683D3700CA1421 /* CL_32.jpg */ = {isa = PBXFileReference; lastKnownFileType = image.jpeg; path = CL_32.jpg; sourceTree = "<group>"; };
		5DE4BE9B15683D3700CA1421 /* CL_33.jpg */ = {isa = PBXFileReference; lastKnownFileType = image.jpeg; path = CL_33.jpg; sourceTree = "<group>"; };
		5DE4BE9C15683D3700CA1421 /* CL_34.jpg */ = {isa = PBXFileReference; lastKnownFileType = image.jpeg; path = CL_34.jpg; sourceTree = "<group>"; };
		5DE4BE9D15683D3700CA1421 /* CL_35.jpg */ = {isa = PBXFileReference; lastKnownFileType = image.jpeg; path = CL_35.jpg; sourceTree = "<group>"; };
		5DE4BE9E15683D3700CA1421 /* CL_36.jpg */ = {isa = PBXFileReference; lastKnownFileType = image.jpeg; path = CL_36.jpg; sourceTree = "<group>"; };
		5DE4BE9F15683D3700CA1421 /* CL_37.jpg */ = {isa = PBXFileReference; lastKnownFileType = image.jpeg; path = CL_37.jpg; sourceTree = "<group>"; };
		5DE4BEA015683D3700CA1421 /* CL_38.jpg */ = {isa = PBXFileReference; lastKnownFileType = image.jpeg; path = CL_38.jpg; sourceTree = "<group>"; };
		5DE4BEA115683D3700CA1421 /* CL_39.jpg */ = {isa = PBXFileReference; lastKnownFileType = image.jpeg; path = CL_39.jpg; sourceTree = "<group>"; };
		5DE4BEA215683D3700CA1421 /* CL_4.tif */ = {isa = PBXFileReference; lastKnownFileType = image.tiff; path = CL_4.tif; sourceTree = "<group>"; };
		5DE4BEA315683D3700CA1421 /* CL_40.jpg */ = {isa = PBXFileReference; lastKnownFileType = image.jpeg; path = CL_40.jpg; sourceTree = "<group>"; };
		5DE4BEA415683D3700CA1421 /* CL_41.jpg */ = {isa = PBXFileReference; lastKnownFileType = image.jpeg; path = CL_41.jpg; sourceTree = "<group>"; };
		5DE4BEA515683D3700CA1421 /* CL_42.jpg */ = {isa = PBXFileReference; lastKnownFileType = image.jpeg; path = CL_42.jpg; sourceTree = "<group>"; };
		5DE4BEA615683D3700CA1421 /* CL_43.jpg */ = {isa = PBXFileReference; lastKnownFileType = image.jpeg; path = CL_43.jpg; sourceTree = "<group>"; };
		5DE4BEA715683D3700CA1421 /* CL_44.jpg */ = {isa = PBXFileReference; lastKnownFileType = image.jpeg; path = CL_44.jpg; sourceTree = "<group>"; };
		5DE4BEA815683D3700CA1421 /* CL_45.jpg */ = {isa = PBXFileReference; lastKnownFileType = image.jpeg; path = CL_45.jpg; sourceTree = "<group>"; };
		5DE4BEA915683D3700CA1421 /* CL_46.jpg */ = {isa = PBXFileReference; lastKnownFileType = image.jpeg; path = CL_46.jpg; sourceTree = "<group>"; };
		5DE4BEAA15683D3700CA1421 /* CL_47.jpg */ = {isa = PBXFileReference; lastKnownFileType = image.jpeg; path = CL_47.jpg; sourceTree = "<group>"; };
		5DE4BEAB15683D3700CA1421 /* CL_5.jpg */ = {isa = PBXFileReference; lastKnownFileType = image.jpeg; path = CL_5.jpg; sourceTree = "<group>"; };
		5DE4BEAC15683D3700CA1421 /* CL_6.tif */ = {isa = PBXFileReference; lastKnownFileType = image.tiff; path = CL_6.tif; sourceTree = "<group>"; };
		5DE4BEAD15683D3700CA1421 /* CL_7.tif */ = {isa = PBXFileReference; lastKnownFileType = image.tiff; path = CL_7.tif; sourceTree = "<group>"; };
		5DE4BEAE15683D3700CA1421 /* CL_8.tif */ = {isa = PBXFileReference; lastKnownFileType = image.tiff; path = CL_8.tif; sourceTree = "<group>"; };
		5DE4BEAF15683D3700CA1421 /* CL_9.jpg */ = {isa = PBXFileReference; lastKnownFileType = image.jpeg; path = CL_9.jpg; sourceTree = "<group>"; };
		5DEDBEF91540884A008DFACC /* AdCheerLeader.png */ = {isa = PBXFileReference; lastKnownFileType = image.png; path = AdCheerLeader.png; sourceTree = "<group>"; };
		5DEDBF0615409535008DFACC /* 148-doghouse.png */ = {isa = PBXFileReference; lastKnownFileType = image.png; path = "148-doghouse.png"; sourceTree = "<group>"; };
		5DEDBF081540958C008DFACC /* 166-newspaper.png */ = {isa = PBXFileReference; lastKnownFileType = image.png; path = "166-newspaper.png"; sourceTree = "<group>"; };
		5DEDBF0A1540971F008DFACC /* 180-stickynote.png */ = {isa = PBXFileReference; lastKnownFileType = image.png; path = "180-stickynote.png"; sourceTree = "<group>"; };
		5DEDBF1F1540C05B008DFACC /* Reachability.h */ = {isa = PBXFileReference; fileEncoding = 4; lastKnownFileType = sourcecode.c.h; path = Reachability.h; sourceTree = "<group>"; };
		5DEDBF201540C05B008DFACC /* Reachability.m */ = {isa = PBXFileReference; fileEncoding = 4; lastKnownFileType = sourcecode.c.objc; path = Reachability.m; sourceTree = "<group>"; };
		5DEDBF221540C0C1008DFACC /* SystemConfiguration.framework */ = {isa = PBXFileReference; lastKnownFileType = wrapper.framework; name = SystemConfiguration.framework; path = System/Library/Frameworks/SystemConfiguration.framework; sourceTree = SDKROOT; };
		5DEDBF241540C0C7008DFACC /* Security.framework */ = {isa = PBXFileReference; lastKnownFileType = wrapper.framework; name = Security.framework; path = System/Library/Frameworks/Security.framework; sourceTree = SDKROOT; };
		5DEDBF261540C111008DFACC /* CFNetwork.framework */ = {isa = PBXFileReference; lastKnownFileType = wrapper.framework; name = CFNetwork.framework; path = System/Library/Frameworks/CFNetwork.framework; sourceTree = SDKROOT; };
		5DF696FD1551B26C0030D39A /* rss-57.png */ = {isa = PBXFileReference; lastKnownFileType = image.png; path = "rss-57.png"; sourceTree = "<group>"; };
		5DF697001551B2850030D39A /* events-57.png */ = {isa = PBXFileReference; lastKnownFileType = image.png; path = "events-57.png"; sourceTree = "<group>"; };
		5DFD226215507E1B008BAF60 /* subscribe-57.png */ = {isa = PBXFileReference; lastKnownFileType = image.png; path = "subscribe-57.png"; sourceTree = "<group>"; };
		5DFE98B1153F741100AEFE52 /* iC App Logos.pdf */ = {isa = PBXFileReference; lastKnownFileType = image.pdf; path = "iC App Logos.pdf"; sourceTree = "<group>"; };
		5DFE98B2153F741100AEFE52 /* iC App Logos.ai */ = {isa = PBXFileReference; fileEncoding = 4; lastKnownFileType = text; path = "iC App Logos.ai"; sourceTree = "<group>"; };
		5DFE98B3153F741100AEFE52 /* icon1.png */ = {isa = PBXFileReference; lastKnownFileType = image.png; path = icon1.png; sourceTree = "<group>"; };
		5DFE98B4153F741100AEFE52 /* RSS.png */ = {isa = PBXFileReference; lastKnownFileType = image.png; path = RSS.png; sourceTree = "<group>"; };
		5DFE98B6153F741100AEFE52 /* SocialNetwork.png */ = {isa = PBXFileReference; lastKnownFileType = image.png; path = SocialNetwork.png; sourceTree = "<group>"; };
		5DFE98B7153F741100AEFE52 /* Newsletter.png */ = {isa = PBXFileReference; lastKnownFileType = image.png; path = Newsletter.png; sourceTree = "<group>"; };
		5DFE98B8153F741100AEFE52 /* MagazineGallery.png */ = {isa = PBXFileReference; lastKnownFileType = image.png; path = MagazineGallery.png; sourceTree = "<group>"; };
		5DFE98B9153F741100AEFE52 /* IConthescene.png */ = {isa = PBXFileReference; lastKnownFileType = image.png; path = IConthescene.png; sourceTree = "<group>"; };
/* End PBXFileReference section */

/* Begin PBXFrameworksBuildPhase section */
		5D2FCC431538DBA500A4F530 /* Frameworks */ = {
			isa = PBXFrameworksBuildPhase;
			buildActionMask = 2147483647;
			files = (
				5D2FA70A154B4EE600D52076 /* MessageUI.framework in Frameworks */,
				5D02E46615434E2900979950 /* QuartzCore.framework in Frameworks */,
				5DEDBF271540C111008DFACC /* CFNetwork.framework in Frameworks */,
				5DEDBF251540C0C7008DFACC /* Security.framework in Frameworks */,
				5DEDBF231540C0C1008DFACC /* SystemConfiguration.framework in Frameworks */,
				5D2FCC4B1538DBA600A4F530 /* UIKit.framework in Frameworks */,
				5D2FCC4D1538DBA600A4F530 /* Foundation.framework in Frameworks */,
				5D2FCC4F1538DBA600A4F530 /* CoreGraphics.framework in Frameworks */,
			);
			runOnlyForDeploymentPostprocessing = 0;
		};
/* End PBXFrameworksBuildPhase section */

/* Begin PBXGroup section */
		5D0474521549EBDB00BF7753 /* RSSFeed */ = {
			isa = PBXGroup;
			children = (
				5D0474361549EB8000BF7753 /* RootViewController.h */,
				5D0474371549EB8000BF7753 /* RootViewController.m */,
				5D04743A1549EB9E00BF7753 /* RootViewController.xib */,
				5D04743C1549EBBC00BF7753 /* MWFeedParser.h */,
				5D04743D1549EBBC00BF7753 /* MWFeedParser_Private.h */,
				5D04743E1549EBBC00BF7753 /* MWFeedParser.m */,
				5D04743F1549EBBC00BF7753 /* MWFeedInfo.h */,
				5D0474401549EBBC00BF7753 /* MWFeedInfo.m */,
				5D0474411549EBBC00BF7753 /* MWFeedItem.h */,
				5D0474421549EBBC00BF7753 /* MWFeedItem.m */,
				5D0474461549EBC600BF7753 /* NSString+HTML.h */,
				5D0474471549EBC600BF7753 /* NSString+HTML.m */,
				5D0474481549EBC600BF7753 /* NSDate+InternetDateTime.h */,
				5D0474491549EBC600BF7753 /* NSDate+InternetDateTime.m */,
				5D04744C1549EBD300BF7753 /* GTMNSString+HTML.h */,
				5D04744D1549EBD300BF7753 /* GTMNSString+HTML.m */,
				5D04744E1549EBD300BF7753 /* NSString+XMLEntities.h */,
				5D04744F1549EBD300BF7753 /* NSString+XMLEntities.m */,
			);
			name = RSSFeed;
			sourceTree = "<group>";
		};
		5D2FCC3B1538DBA500A4F530 = {
			isa = PBXGroup;
			children = (
				5D2FA709154B4EE600D52076 /* MessageUI.framework */,
				1CF510B115499D0800CBD618 /* EPIC_iPad.jpg */,
				1CF510B215499D0800CBD618 /* iPhone_Shoe.png */,
				5D02E46515434E2800979950 /* QuartzCore.framework */,
				5DEDBF261540C111008DFACC /* CFNetwork.framework */,
				5DEDBF241540C0C7008DFACC /* Security.framework */,
				5DEDBF221540C0C1008DFACC /* SystemConfiguration.framework */,
				5DD30B6A153A16C200FF7A56 /* ModalClass */,
				5DD30B5C153A0A7800FF7A56 /* Images */,
				5D2FCC711538DCDA00A4F530 /* ControllerClass */,
				5D2FCC6A1538DC0200A4F530 /* ModalClass */,
				5D2FCC501538DBA600A4F530 /* CheerLeader */,
				5D2FCC491538DBA600A4F530 /* Frameworks */,
				5D2FCC471538DBA500A4F530 /* Products */,
			);
			sourceTree = "<group>";
		};
		5D2FCC471538DBA500A4F530 /* Products */ = {
			isa = PBXGroup;
			children = (
				5D2FCC461538DBA500A4F530 /* CheerLeader.app */,
			);
			name = Products;
			sourceTree = "<group>";
		};
		5D2FCC491538DBA600A4F530 /* Frameworks */ = {
			isa = PBXGroup;
			children = (
				5D2FCC4A1538DBA600A4F530 /* UIKit.framework */,
				5D2FCC4C1538DBA600A4F530 /* Foundation.framework */,
				5D2FCC4E1538DBA600A4F530 /* CoreGraphics.framework */,
			);
			name = Frameworks;
			sourceTree = "<group>";
		};
		5D2FCC501538DBA600A4F530 /* CheerLeader */ = {
			isa = PBXGroup;
			children = (
				5D2FCC591538DBA600A4F530 /* AppDelegate.h */,
				5D2FCC5A1538DBA600A4F530 /* AppDelegate.m */,
				5D2FCC511538DBA600A4F530 /* Supporting Files */,
			);
			path = CheerLeader;
			sourceTree = "<group>";
		};
		5D2FCC511538DBA600A4F530 /* Supporting Files */ = {
			isa = PBXGroup;
			children = (
				5D2FCC521538DBA600A4F530 /* CheerLeader-Info.plist */,
				5D2FCC531538DBA600A4F530 /* InfoPlist.strings */,
				5D2FCC561538DBA600A4F530 /* main.m */,
				5D2FCC581538DBA600A4F530 /* CheerLeader-Prefix.pch */,
			);
			name = "Supporting Files";
			sourceTree = "<group>";
		};
		5D2FCC691538DBEF00A4F530 /* Global */ = {
			isa = PBXGroup;
			children = (
				1C7CB5A0154053310083B299 /* Global.h */,
			);
			name = Global;
			sourceTree = "<group>";
		};
		5D2FCC6A1538DC0200A4F530 /* ModalClass */ = {
			isa = PBXGroup;
			children = (
				5D2FCC691538DBEF00A4F530 /* Global */,
			);
			name = ModalClass;
			sourceTree = "<group>";
		};
		5D2FCC701538DCCF00A4F530 /* HomeViewController */ = {
			isa = PBXGroup;
			children = (
				1C7CB5A1154053310083B299 /* HomeViewController.h */,
				1C7CB5A2154053310083B299 /* HomeViewController.m */,
				5DE4BE5915680A2000CA1421 /* TopStoriesView */,
				1C7CB5A3154053310083B299 /* HomeViewController.xib */,
			);
			name = HomeViewController;
			sourceTree = "<group>";
		};
		5D2FCC711538DCDA00A4F530 /* ControllerClass */ = {
			isa = PBXGroup;
			children = (
				5DCB50C21555C962005AF8A8 /* GallerySlideShowViewController */,
				5D0474521549EBDB00BF7753 /* RSSFeed */,
				5DEDBF1115409774008DFACC /* ContactViewController */,
				5DEDBF0115408BA0008DFACC /* TabBarCLController */,
				5DD30B04153A087500FF7A56 /* GalleryViewController */,
				5DD30AE41539F47D00FF7A56 /* GeneralWebViewController */,
				5DD30AD61539E68A00FF7A56 /* MBProgressHUD */,
				5DC6821A153968B7003BB0C3 /* RssFeedViewController */,
				5DC68219153968AA003BB0C3 /* SocialNetViewController */,
				5D2FCC701538DCCF00A4F530 /* HomeViewController */,
			);
			name = ControllerClass;
			sourceTree = "<group>";
		};
		5DC68219153968AA003BB0C3 /* SocialNetViewController */ = {
			isa = PBXGroup;
			children = (
				1C7CB59B154053160083B299 /* SocialNetViewController.h */,
				1C7CB59C154053160083B299 /* SocialNetViewController.m */,
				1C7CB59D154053160083B299 /* SocialNetViewController.xib */,
			);
			name = SocialNetViewController;
			sourceTree = "<group>";
		};
		5DC6821A153968B7003BB0C3 /* RssFeedViewController */ = {
			isa = PBXGroup;
			children = (
				1C7CB596154052F70083B299 /* RssFeedViewController.h */,
				1C7CB597154052F70083B299 /* RssFeedViewController.m */,
				1C7CB598154052F70083B299 /* RssFeedViewController.xib */,
			);
			name = RssFeedViewController;
			sourceTree = "<group>";
		};
		5DCB50C21555C962005AF8A8 /* GallerySlideShowViewController */ = {
			isa = PBXGroup;
			children = (
				1CA06C9D155953E600A1CA89 /* GallerySlideShowViewController.h */,
				1CA06C9E155953E600A1CA89 /* GallerySlideShowViewController.m */,
				1CA06C9F155953E600A1CA89 /* GallerySlideShowViewController.xib */,
			);
			name = GallerySlideShowViewController;
			sourceTree = "<group>";
		};
		5DD30AD61539E68A00FF7A56 /* MBProgressHUD */ = {
			isa = PBXGroup;
			children = (
				5DD30AD21539E68600FF7A56 /* MBProgressHUD.h */,
				5DD30AD31539E68600FF7A56 /* MBProgressHUD.m */,
			);
			name = MBProgressHUD;
			sourceTree = "<group>";
		};
		5DD30AE41539F47D00FF7A56 /* GeneralWebViewController */ = {
			isa = PBXGroup;
			children = (
				1C7CB591154052E50083B299 /* GeneralWebViewController.h */,
				1C7CB592154052E50083B299 /* GeneralWebViewController.m */,
				1C7CB593154052E50083B299 /* GeneralWebViewController.xib */,
			);
			name = GeneralWebViewController;
			sourceTree = "<group>";
		};
		5DD30B04153A087500FF7A56 /* GalleryViewController */ = {
			isa = PBXGroup;
			children = (
				1C7CB58C154052BE0083B299 /* GalleryViewController.h */,
				1C7CB58D154052BE0083B299 /* GalleryViewController.m */,
				1CF510A715498D0500CBD618 /* GalleryViewController.xib */,
			);
			name = GalleryViewController;
			sourceTree = "<group>";
		};
		5DD30B5C153A0A7800FF7A56 /* Images */ = {
			isa = PBXGroup;
			children = (
				5DFD226215507E1B008BAF60 /* subscribe-57.png */,
				5DF697001551B2850030D39A /* events-57.png */,
				5D2FA6F0154B37A700D52076 /* vault-320.png */,
				5D2FA6F1154B37A700D52076 /* vault-480.png */,
				5D2FA6F2154B37A700D52076 /* vault-768.png */,
				5DF696FD1551B26C0030D39A /* rss-57.png */,
				5D2FA6F3154B37A700D52076 /* vault-1024.png */,
				5D2FA6F4154B37A700D52076 /* blog-57.png */,
				5D2FA6F5154B37A700D52076 /* blog-72.png */,
				5D2FA6F6154B37A700D52076 /* blog-144.png */,
				5D2FA6F7154B37A700D52076 /* blog-114.png */,
				5D0474571549F85400BF7753 /* linkedin_icon.png */,
				5D0474551549F80C00BF7753 /* twittericon.png */,
				5D0474531549F72900BF7753 /* facebook_icon.png */,
				1CF510AB1549926E00CBD618 /* pause.png */,
				1CF510A915498D6100CBD618 /* playback_play.png */,
				5DD692FA15488EE8007F353F /* ic app */,
				5DEDBF081540958C008DFACC /* 166-newspaper.png */,
				5DEDBF0615409535008DFACC /* 148-doghouse.png */,
				5DEDBF0A1540971F008DFACC /* 180-stickynote.png */,
				5DEDBEF91540884A008DFACC /* AdCheerLeader.png */,
				5DFE98B1153F741100AEFE52 /* iC App Logos.pdf */,
				5DFE98B2153F741100AEFE52 /* iC App Logos.ai */,
				5DFE98B3153F741100AEFE52 /* icon1.png */,
				5DFE98B4153F741100AEFE52 /* RSS.png */,
				5DFE98B6153F741100AEFE52 /* SocialNetwork.png */,
				5DFE98B7153F741100AEFE52 /* Newsletter.png */,
				5DFE98B8153F741100AEFE52 /* MagazineGallery.png */,
				5DFE98B9153F741100AEFE52 /* IConthescene.png */,
				5DD30B5D153A0D9B00FF7A56 /* forward.png */,
				5DD30B5E153A0D9E00FF7A56 /* BackWard.png */,
				5DE4BE541567F9B600CA1421 /* 38_2010_October.jpg */,
				5DE4BE511567E9CD00CA1421 /* IC_Logo-1.png */,
				5DE4BE8015683D3400CA1421 /* CHEER COVERS */,
			);
			name = Images;
			sourceTree = "<group>";
		};
		5DD30B69153A16B500FF7A56 /* ModalController */ = {
			isa = PBXGroup;
			children = (
				5DEDBF1F1540C05B008DFACC /* Reachability.h */,
				5DEDBF201540C05B008DFACC /* Reachability.m */,
				5DD30B65153A16B000FF7A56 /* ModalController.m */,
				5DD30B66153A16B000FF7A56 /* ModalController.h */,
			);
			name = ModalController;
			sourceTree = "<group>";
		};
		5DD30B6A153A16C200FF7A56 /* ModalClass */ = {
			isa = PBXGroup;
			children = (
				5DD30B69153A16B500FF7A56 /* ModalController */,
			);
			name = ModalClass;
			sourceTree = "<group>";
		};
		5DD692FA15488EE8007F353F /* ic app */ = {
			isa = PBXGroup;
			children = (
				5DE4BE60156829B200CA1421 /* gallery-ipad.png */,
				5DE4BE61156829B200CA1421 /* gallery-ipad@2x.png */,
				5DE4BE62156829B200CA1421 /* gallery.png */,
				5DE4BE63156829B200CA1421 /* gallery@2x.png */,
				5DE4BE7015682B5700CA1421 /* subscribe-ipad.png */,
				5DE4BE7115682B5700CA1421 /* subscribe-ipad@2x.png */,
				5DE4BE7215682B5700CA1421 /* subscribe.png */,
				5DE4BE7315682B5700CA1421 /* subscribe@2x.png */,
				5DD6934F15489140007F353F /* iPad_Shoe.png */,
				5DD69349154890A2007F353F /* EPIC_iPhone.jpg */,
				5DD692FB15488EE8007F353F /* events@2x.png */,
				5DD692FC15488EE8007F353F /* events-ipad@2x.png */,
				5DD692FD15488EE8007F353F /* events.png */,
				5DD692FE15488EE8007F353F /* events-ipad.png */,
				5DD6930315488EE8007F353F /* ic-100.png */,
				5DD6930415488EE8007F353F /* ic-1024.png */,
				5DD6930515488EE8007F353F /* ic-114.png */,
				5DD6930615488EE8007F353F /* icon@2x.png */,
				5DD6930715488EE8007F353F /* ic-29.png */,
				5DD6930815488EE8007F353F /* ic-50.png */,
				5DD6930915488EE8007F353F /* ic-512.png */,
				5DD6930A15488EE8007F353F /* icon.png */,
				5DD6930B15488EE8007F353F /* ic-58.png */,
				5DD6930C15488EE8007F353F /* ic-72.png */,
				5DE4BE6815682A2900CA1421 /* social-ipad.png */,
				5DE4BE6915682A2900CA1421 /* social-ipad@2x.png */,
				5DE4BE6A15682A2900CA1421 /* social.png */,
				5DE4BE6B15682A2A00CA1421 /* social@2x.png */,
				5DE4BE781568315500CA1421 /* topstories-ipad.png */,
				5DE4BE791568315700CA1421 /* topstories-ipad@2x.png */,
				5DE4BE7A1568315A00CA1421 /* topstories.png */,
				5DE4BE7B1568315D00CA1421 /* topstories@2x.png */,
				5DD6930D15488EE8007F353F /* newsletter@2x.png */,
				5DD6930E15488EE8007F353F /* newsletter-ipad@2x.png */,
				5DD6930F15488EE8007F353F /* newsletter.png */,
				5DD6931015488EE8007F353F /* newsletter-ipad.png */,
				5DD6931D15488EE8007F353F /* youtube@2x.png */,
				5DD6931E15488EE8007F353F /* youtube-ipad@2x.png */,
				5DD6931F15488EE8007F353F /* youtube.png */,
				5DD6932015488EE8007F353F /* youtube-ipad.png */,
			);
			path = "ic app";
			sourceTree = "<group>";
		};
		5DE4BE5915680A2000CA1421 /* TopStoriesView */ = {
			isa = PBXGroup;
			children = (
				5DE4BE5615680A1A00CA1421 /* TopStoriesView.h */,
				5DE4BE5715680A1A00CA1421 /* TopStoriesView.m */,
				5DE4BE5A15680A3600CA1421 /* TopStoriesView.xib */,
			);
			name = TopStoriesView;
			sourceTree = "<group>";
		};
		5DE4BE8015683D3400CA1421 /* CHEER COVERS */ = {
			isa = PBXGroup;
			children = (
				5DE4BE8115683D3700CA1421 /* CL_1.jpg */,
				5DE4BE8215683D3700CA1421 /* CL_10.jpg */,
				5DE4BE8315683D3700CA1421 /* CL_11.jpg */,
				5DE4BE8415683D3700CA1421 /* CL_12.jpg */,
				5DE4BE8515683D3700CA1421 /* CL_13.jpg */,
				5DE4BE8615683D3700CA1421 /* CL_14.jpg */,
				5DE4BE8715683D3700CA1421 /* CL_15.jpg */,
				5DE4BE8815683D3700CA1421 /* CL_16.jpg */,
				5DE4BE8915683D3700CA1421 /* CL_17.jpg */,
				5DE4BE8A15683D3700CA1421 /* CL_18.jpg */,
				5DE4BE8B15683D3700CA1421 /* CL_19.jpg */,
				5DE4BE8C15683D3700CA1421 /* CL_2.tif */,
				5DE4BE8D15683D3700CA1421 /* CL_20.jpg */,
				5DE4BE8E15683D3700CA1421 /* CL_21.jpg */,
				5DE4BE8F15683D3700CA1421 /* CL_22.jpg */,
				5DE4BE9015683D3700CA1421 /* CL_23.jpg */,
				5DE4BE9115683D3700CA1421 /* CL_24.jpg */,
				5DE4BE9215683D3700CA1421 /* CL_25.jpg */,
				5DE4BE9315683D3700CA1421 /* CL_26.jpg */,
				5DE4BE9415683D3700CA1421 /* CL_27.jpg */,
				5DE4BE9515683D3700CA1421 /* CL_28.jpg */,
				5DE4BE9615683D3700CA1421 /* CL_29.jpg */,
				5DE4BE9715683D3700CA1421 /* CL_3.jpg */,
				5DE4BE9815683D3700CA1421 /* CL_30.jpg */,
				5DE4BE9915683D3700CA1421 /* CL_31.jpg */,
				5DE4BE9A15683D3700CA1421 /* CL_32.jpg */,
				5DE4BE9B15683D3700CA1421 /* CL_33.jpg */,
				5DE4BE9C15683D3700CA1421 /* CL_34.jpg */,
				5DE4BE9D15683D3700CA1421 /* CL_35.jpg */,
				5DE4BE9E15683D3700CA1421 /* CL_36.jpg */,
				5DE4BE9F15683D3700CA1421 /* CL_37.jpg */,
				5DE4BEA015683D3700CA1421 /* CL_38.jpg */,
				5DE4BEA115683D3700CA1421 /* CL_39.jpg */,
				5DE4BEA215683D3700CA1421 /* CL_4.tif */,
				5DE4BEA315683D3700CA1421 /* CL_40.jpg */,
				5DE4BEA415683D3700CA1421 /* CL_41.jpg */,
				5DE4BEA515683D3700CA1421 /* CL_42.jpg */,
				5DE4BEA615683D3700CA1421 /* CL_43.jpg */,
				5DE4BEA715683D3700CA1421 /* CL_44.jpg */,
				5DE4BEA815683D3700CA1421 /* CL_45.jpg */,
				5DE4BEA915683D3700CA1421 /* CL_46.jpg */,
				5DE4BEAA15683D3700CA1421 /* CL_47.jpg */,
				5DE4BEAB15683D3700CA1421 /* CL_5.jpg */,
				5DE4BEAC15683D3700CA1421 /* CL_6.tif */,
				5DE4BEAD15683D3700CA1421 /* CL_7.tif */,
				5DE4BEAE15683D3700CA1421 /* CL_8.tif */,
				5DE4BEAF15683D3700CA1421 /* CL_9.jpg */,
			);
			path = "CHEER COVERS";
			sourceTree = "<group>";
		};
		5DEDBF0115408BA0008DFACC /* TabBarCLController */ = {
			isa = PBXGroup;
			children = (
				1C1DDE2015416121008918DB /* TabBarCLController.h */,
				1C1DDE2115416121008918DB /* TabBarCLController.m */,
				1C1DDE2215416121008918DB /* TabBarCLController.xib */,
			);
			name = TabBarCLController;
			sourceTree = "<group>";
		};
		5DEDBF1115409774008DFACC /* ContactViewController */ = {
			isa = PBXGroup;
			children = (
				1C1DDE1D15416121008918DB /* ContactViewController.h */,
				1C1DDE1E15416121008918DB /* ContactViewController.m */,
				1C1DDE1F15416121008918DB /* ContactViewController.xib */,
			);
			name = ContactViewController;
			sourceTree = "<group>";
		};
/* End PBXGroup section */

/* Begin PBXNativeTarget section */
		5D2FCC451538DBA500A4F530 /* CheerLeader */ = {
			isa = PBXNativeTarget;
			buildConfigurationList = 5D2FCC5E1538DBA600A4F530 /* Build configuration list for PBXNativeTarget "CheerLeader" */;
			buildPhases = (
				5D2FCC421538DBA500A4F530 /* Sources */,
				5D2FCC431538DBA500A4F530 /* Frameworks */,
				5D2FCC441538DBA500A4F530 /* Resources */,
			);
			buildRules = (
			);
			dependencies = (
			);
			name = CheerLeader;
			productName = CheerLeader;
			productReference = 5D2FCC461538DBA500A4F530 /* CheerLeader.app */;
			productType = "com.apple.product-type.application";
		};
/* End PBXNativeTarget section */

/* Begin PBXProject section */
		5D2FCC3D1538DBA500A4F530 /* Project object */ = {
			isa = PBXProject;
			attributes = {
				LastUpgradeCheck = 0420;
				ORGANIZATIONNAME = dhillon;
			};
			buildConfigurationList = 5D2FCC401538DBA500A4F530 /* Build configuration list for PBXProject "CheerLeader" */;
			compatibilityVersion = "Xcode 3.2";
			developmentRegion = English;
			hasScannedForEncodings = 0;
			knownRegions = (
				en,
			);
			mainGroup = 5D2FCC3B1538DBA500A4F530;
			productRefGroup = 5D2FCC471538DBA500A4F530 /* Products */;
			projectDirPath = "";
			projectRoot = "";
			targets = (
				5D2FCC451538DBA500A4F530 /* CheerLeader */,
			);
		};
/* End PBXProject section */

/* Begin PBXResourcesBuildPhase section */
		5D2FCC441538DBA500A4F530 /* Resources */ = {
			isa = PBXResourcesBuildPhase;
			buildActionMask = 2147483647;
			files = (
				5D2FCC551538DBA600A4F530 /* InfoPlist.strings in Resources */,
				5DD30B5F153A0DA000FF7A56 /* forward.png in Resources */,
				5DD30B60153A0DA000FF7A56 /* BackWard.png in Resources */,
				5DFE98BA153F741100AEFE52 /* iC App Logos.pdf in Resources */,
				5DFE98BB153F741100AEFE52 /* iC App Logos.ai in Resources */,
				5DFE98BC153F741100AEFE52 /* icon1.png in Resources */,
				5DFE98BD153F741100AEFE52 /* RSS.png in Resources */,
				5DFE98BF153F741100AEFE52 /* SocialNetwork.png in Resources */,
				5DFE98C0153F741100AEFE52 /* Newsletter.png in Resources */,
				5DFE98C1153F741100AEFE52 /* MagazineGallery.png in Resources */,
				5DFE98C2153F741100AEFE52 /* IConthescene.png in Resources */,
				1C7CB595154052E50083B299 /* GeneralWebViewController.xib in Resources */,
				1C7CB59A154052F70083B299 /* RssFeedViewController.xib in Resources */,
				1C7CB59F154053160083B299 /* SocialNetViewController.xib in Resources */,
				1C7CB5A5154053310083B299 /* HomeViewController.xib in Resources */,
				5DEDBEFA1540884A008DFACC /* AdCheerLeader.png in Resources */,
				5DEDBF0715409535008DFACC /* 148-doghouse.png in Resources */,
				5DEDBF091540958C008DFACC /* 166-newspaper.png in Resources */,
				5DEDBF0B1540971F008DFACC /* 180-stickynote.png in Resources */,
				1C1DDE2415416121008918DB /* ContactViewController.xib in Resources */,
				1C1DDE2615416121008918DB /* TabBarCLController.xib in Resources */,
				5DD6932115488EE8007F353F /* events@2x.png in Resources */,
				5DD6932215488EE8007F353F /* events-ipad@2x.png in Resources */,
				5DD6932315488EE8007F353F /* events.png in Resources */,
				5DD6932415488EE8007F353F /* events-ipad.png in Resources */,
				5DD6932915488EE8007F353F /* ic-100.png in Resources */,
				5DD6932A15488EE8007F353F /* ic-1024.png in Resources */,
				5DD6932B15488EE8007F353F /* ic-114.png in Resources */,
				5DD6932C15488EE8007F353F /* icon@2x.png in Resources */,
				5DD6932D15488EE8007F353F /* ic-29.png in Resources */,
				5DD6932E15488EE8007F353F /* ic-50.png in Resources */,
				5DD6932F15488EE8007F353F /* ic-512.png in Resources */,
				5DD6933015488EE8007F353F /* icon.png in Resources */,
				5DD6933115488EE8007F353F /* ic-58.png in Resources */,
				5DD6933215488EE8007F353F /* ic-72.png in Resources */,
				5DD6933315488EE8007F353F /* newsletter@2x.png in Resources */,
				5DD6933415488EE8007F353F /* newsletter-ipad@2x.png in Resources */,
				5DD6933515488EE8007F353F /* newsletter.png in Resources */,
				5DD6933615488EE8007F353F /* newsletter-ipad.png in Resources */,
				5DD6934315488EE8007F353F /* youtube@2x.png in Resources */,
				5DD6934415488EE8007F353F /* youtube-ipad@2x.png in Resources */,
				5DD6934515488EE8007F353F /* youtube.png in Resources */,
				5DD6934615488EE8007F353F /* youtube-ipad.png in Resources */,
				5DD6934B154890A3007F353F /* EPIC_iPhone.jpg in Resources */,
				5DD6935115489141007F353F /* iPad_Shoe.png in Resources */,
				1CF510A815498D0500CBD618 /* GalleryViewController.xib in Resources */,
				1CF510AA15498D6100CBD618 /* playback_play.png in Resources */,
				1CF510AC1549926E00CBD618 /* pause.png in Resources */,
				1CF510B315499D0800CBD618 /* EPIC_iPad.jpg in Resources */,
				1CF510B415499D0800CBD618 /* iPhone_Shoe.png in Resources */,
				5D04743B1549EB9E00BF7753 /* RootViewController.xib in Resources */,
				5D0474541549F72900BF7753 /* facebook_icon.png in Resources */,
				5D0474561549F80C00BF7753 /* twittericon.png in Resources */,
				5D0474581549F85400BF7753 /* linkedin_icon.png in Resources */,
				5D2FA6F8154B37A700D52076 /* vault-320.png in Resources */,
				5D2FA6F9154B37A700D52076 /* vault-480.png in Resources */,
				5D2FA6FA154B37A700D52076 /* vault-768.png in Resources */,
				5D2FA6FB154B37A700D52076 /* vault-1024.png in Resources */,
				5D2FA6FC154B37A700D52076 /* blog-57.png in Resources */,
				5D2FA6FD154B37A700D52076 /* blog-72.png in Resources */,
				5D2FA6FE154B37A700D52076 /* blog-144.png in Resources */,
				5D2FA6FF154B37A700D52076 /* blog-114.png in Resources */,
				5DFD226315507E1B008BAF60 /* subscribe-57.png in Resources */,
				5DF696FE1551B26C0030D39A /* rss-57.png in Resources */,
				5DF697011551B2850030D39A /* events-57.png in Resources */,
				1CA06CA1155953E600A1CA89 /* GallerySlideShowViewController.xib in Resources */,
				5DE4BE521567E9CD00CA1421 /* IC_Logo-1.png in Resources */,
				5DE4BE551567F9B800CA1421 /* 38_2010_October.jpg in Resources */,
				5DE4BE5B15680A3600CA1421 /* TopStoriesView.xib in Resources */,
				5DE4BE64156829B200CA1421 /* gallery-ipad.png in Resources */,
				5DE4BE65156829B200CA1421 /* gallery-ipad@2x.png in Resources */,
				5DE4BE66156829B200CA1421 /* gallery.png in Resources */,
				5DE4BE67156829B200CA1421 /* gallery@2x.png in Resources */,
				5DE4BE6C15682A2B00CA1421 /* social-ipad.png in Resources */,
				5DE4BE6D15682A2B00CA1421 /* social-ipad@2x.png in Resources */,
				5DE4BE6E15682A2B00CA1421 /* social.png in Resources */,
				5DE4BE6F15682A2B00CA1421 /* social@2x.png in Resources */,
				5DE4BE7415682B5800CA1421 /* subscribe-ipad.png in Resources */,
				5DE4BE7515682B5800CA1421 /* subscribe-ipad@2x.png in Resources */,
				5DE4BE7615682B5800CA1421 /* subscribe.png in Resources */,
				5DE4BE7715682B5800CA1421 /* subscribe@2x.png in Resources */,
				5DE4BE7C1568316000CA1421 /* topstories-ipad.png in Resources */,
				5DE4BE7D1568316000CA1421 /* topstories-ipad@2x.png in Resources */,
				5DE4BE7E1568316000CA1421 /* topstories.png in Resources */,
				5DE4BE7F1568316000CA1421 /* topstories@2x.png in Resources */,
				5DE4BEB015683D3800CA1421 /* CL_1.jpg in Resources */,
				5DE4BEB115683D3800CA1421 /* CL_10.jpg in Resources */,
				5DE4BEB215683D3800CA1421 /* CL_11.jpg in Resources */,
				5DE4BEB315683D3800CA1421 /* CL_12.jpg in Resources */,
				5DE4BEB415683D3800CA1421 /* CL_13.jpg in Resources */,
				5DE4BEB515683D3800CA1421 /* CL_14.jpg in Resources */,
				5DE4BEB615683D3800CA1421 /* CL_15.jpg in Resources */,
				5DE4BEB715683D3800CA1421 /* CL_16.jpg in Resources */,
				5DE4BEB815683D3800CA1421 /* CL_17.jpg in Resources */,
				5DE4BEB915683D3800CA1421 /* CL_18.jpg in Resources */,
				5DE4BEBA15683D3800CA1421 /* CL_19.jpg in Resources */,
				5DE4BEBB15683D3800CA1421 /* CL_2.tif in Resources */,
				5DE4BEBC15683D3800CA1421 /* CL_20.jpg in Resources */,
				5DE4BEBD15683D3800CA1421 /* CL_21.jpg in Resources */,
				5DE4BEBE15683D3800CA1421 /* CL_22.jpg in Resources */,
				5DE4BEBF15683D3800CA1421 /* CL_23.jpg in Resources */,
				5DE4BEC015683D3800CA1421 /* CL_24.jpg in Resources */,
				5DE4BEC115683D3800CA1421 /* CL_25.jpg in Resources */,
				5DE4BEC215683D3800CA1421 /* CL_26.jpg in Resources */,
				5DE4BEC315683D3800CA1421 /* CL_27.jpg in Resources */,
				5DE4BEC415683D3800CA1421 /* CL_28.jpg in Resources */,
				5DE4BEC515683D3800CA1421 /* CL_29.jpg in Resources */,
				5DE4BEC615683D3800CA1421 /* CL_3.jpg in Resources */,
				5DE4BEC715683D3800CA1421 /* CL_30.jpg in Resources */,
				5DE4BEC815683D3800CA1421 /* CL_31.jpg in Resources */,
				5DE4BEC915683D3800CA1421 /* CL_32.jpg in Resources */,
				5DE4BECA15683D3800CA1421 /* CL_33.jpg in Resources */,
				5DE4BECB15683D3800CA1421 /* CL_34.jpg in Resources */,
				5DE4BECC15683D3800CA1421 /* CL_35.jpg in Resources */,
				5DE4BECD15683D3800CA1421 /* CL_36.jpg in Resources */,
				5DE4BECE15683D3800CA1421 /* CL_37.jpg in Resources */,
				5DE4BECF15683D3800CA1421 /* CL_38.jpg in Resources */,
				5DE4BED015683D3800CA1421 /* CL_39.jpg in Resources */,
				5DE4BED115683D3800CA1421 /* CL_4.tif in Resources */,
				5DE4BED215683D3800CA1421 /* CL_40.jpg in Resources */,
				5DE4BED315683D3800CA1421 /* CL_41.jpg in Resources */,
				5DE4BED415683D3800CA1421 /* CL_42.jpg in Resources */,
				5DE4BED515683D3800CA1421 /* CL_43.jpg in Resources */,
				5DE4BED615683D3800CA1421 /* CL_44.jpg in Resources */,
				5DE4BED715683D3800CA1421 /* CL_45.jpg in Resources */,
				5DE4BED815683D3800CA1421 /* CL_46.jpg in Resources */,
				5DE4BED915683D3800CA1421 /* CL_47.jpg in Resources */,
				5DE4BEDA15683D3800CA1421 /* CL_5.jpg in Resources */,
				5DE4BEDB15683D3800CA1421 /* CL_6.tif in Resources */,
				5DE4BEDC15683D3800CA1421 /* CL_7.tif in Resources */,
				5DE4BEDD15683D3800CA1421 /* CL_8.tif in Resources */,
				5DE4BEDE15683D3800CA1421 /* CL_9.jpg in Resources */,
			);
			runOnlyForDeploymentPostprocessing = 0;
		};
/* End PBXResourcesBuildPhase section */

/* Begin PBXSourcesBuildPhase section */
		5D2FCC421538DBA500A4F530 /* Sources */ = {
			isa = PBXSourcesBuildPhase;
			buildActionMask = 2147483647;
			files = (
				5D2FCC571538DBA600A4F530 /* main.m in Sources */,
				5D2FCC5B1538DBA600A4F530 /* AppDelegate.m in Sources */,
				5DD30AD41539E68600FF7A56 /* MBProgressHUD.m in Sources */,
				5DD30B67153A16B000FF7A56 /* ModalController.m in Sources */,
				1C7CB58F154052BE0083B299 /* GalleryViewController.m in Sources */,
				1C7CB594154052E50083B299 /* GeneralWebViewController.m in Sources */,
				1C7CB599154052F70083B299 /* RssFeedViewController.m in Sources */,
				1C7CB59E154053160083B299 /* SocialNetViewController.m in Sources */,
				1C7CB5A4154053310083B299 /* HomeViewController.m in Sources */,
				5DEDBF211540C05C008DFACC /* Reachability.m in Sources */,
				1C1DDE2315416121008918DB /* ContactViewController.m in Sources */,
				1C1DDE2515416121008918DB /* TabBarCLController.m in Sources */,
				5D0474381549EB8100BF7753 /* RootViewController.m in Sources */,
				5D0474431549EBBD00BF7753 /* MWFeedParser.m in Sources */,
				5D0474441549EBBD00BF7753 /* MWFeedInfo.m in Sources */,
				5D0474451549EBBD00BF7753 /* MWFeedItem.m in Sources */,
				5D04744A1549EBC600BF7753 /* NSString+HTML.m in Sources */,
				5D04744B1549EBC600BF7753 /* NSDate+InternetDateTime.m in Sources */,
				5D0474501549EBD300BF7753 /* GTMNSString+HTML.m in Sources */,
				5D0474511549EBD300BF7753 /* NSString+XMLEntities.m in Sources */,
				1CA06CA0155953E600A1CA89 /* GallerySlideShowViewController.m in Sources */,
				5DE4BE5815680A1A00CA1421 /* TopStoriesView.m in Sources */,
			);
			runOnlyForDeploymentPostprocessing = 0;
		};
/* End PBXSourcesBuildPhase section */

/* Begin PBXVariantGroup section */
		5D2FCC531538DBA600A4F530 /* InfoPlist.strings */ = {
			isa = PBXVariantGroup;
			children = (
				5D2FCC541538DBA600A4F530 /* en */,
			);
			name = InfoPlist.strings;
			sourceTree = "<group>";
		};
/* End PBXVariantGroup section */

/* Begin XCBuildConfiguration section */
		5D2FCC5C1538DBA600A4F530 /* Debug */ = {
			isa = XCBuildConfiguration;
			buildSettings = {
				ALWAYS_SEARCH_USER_PATHS = NO;
				ARCHS = "$(ARCHS_STANDARD_32_BIT)";
				CODE_SIGN_IDENTITY = "iPhone Developer: Tapan Sinha (JQVPP4KWA4)";
				"CODE_SIGN_IDENTITY[sdk=iphoneos*]" = "iPhone Developer: Tapan Sinha (JQVPP4KWA4)";
				COPY_PHASE_STRIP = NO;
				GCC_C_LANGUAGE_STANDARD = gnu99;
				GCC_DYNAMIC_NO_PIC = NO;
				GCC_OPTIMIZATION_LEVEL = 0;
				GCC_PREPROCESSOR_DEFINITIONS = (
					"DEBUG=1",
					"$(inherited)",
				);
				GCC_SYMBOLS_PRIVATE_EXTERN = NO;
				GCC_VERSION = com.apple.compilers.llvm.clang.1_0;
				GCC_WARN_ABOUT_MISSING_PROTOTYPES = YES;
				GCC_WARN_ABOUT_RETURN_TYPE = YES;
				GCC_WARN_UNUSED_VARIABLE = YES;
				IPHONEOS_DEPLOYMENT_TARGET = 4.1;
				PROVISIONING_PROFILE = "319C92DE-26F8-4C34-9617-ED0E66245BA5";
				"PROVISIONING_PROFILE[sdk=iphoneos*]" = "319C92DE-26F8-4C34-9617-ED0E66245BA5";
				SDKROOT = iphoneos;
				TARGETED_DEVICE_FAMILY = "1,2";
			};
			name = Debug;
		};
		5D2FCC5D1538DBA600A4F530 /* Release */ = {
			isa = XCBuildConfiguration;
			buildSettings = {
				ALWAYS_SEARCH_USER_PATHS = NO;
				ARCHS = "$(ARCHS_STANDARD_32_BIT)";
				CODE_SIGN_IDENTITY = "iPhone Developer: Tapan Sinha (JQVPP4KWA4)";
				"CODE_SIGN_IDENTITY[sdk=iphoneos*]" = "iPhone Developer: Tapan Sinha (JQVPP4KWA4)";
				COPY_PHASE_STRIP = YES;
				GCC_C_LANGUAGE_STANDARD = gnu99;
				GCC_VERSION = com.apple.compilers.llvm.clang.1_0;
				GCC_WARN_ABOUT_MISSING_PROTOTYPES = YES;
				GCC_WARN_ABOUT_RETURN_TYPE = YES;
				GCC_WARN_UNUSED_VARIABLE = YES;
				IPHONEOS_DEPLOYMENT_TARGET = 4.1;
				OTHER_CFLAGS = "-DNS_BLOCK_ASSERTIONS=1";
				PROVISIONING_PROFILE = "319C92DE-26F8-4C34-9617-ED0E66245BA5";
				"PROVISIONING_PROFILE[sdk=iphoneos*]" = "319C92DE-26F8-4C34-9617-ED0E66245BA5";
				SDKROOT = iphoneos;
				TARGETED_DEVICE_FAMILY = "1,2";
				VALIDATE_PRODUCT = YES;
			};
			name = Release;
		};
		5D2FCC5F1538DBA600A4F530 /* Debug */ = {
			isa = XCBuildConfiguration;
			buildSettings = {
				CODE_SIGN_IDENTITY = "iPhone Developer: Tapan Sinha (JQVPP4KWA4)";
				"CODE_SIGN_IDENTITY[sdk=iphoneos*]" = "iPhone Developer: Tapan Sinha (JQVPP4KWA4)";
				GCC_PRECOMPILE_PREFIX_HEADER = YES;
				GCC_PREFIX_HEADER = "CheerLeader/CheerLeader-Prefix.pch";
				INFOPLIST_FILE = "CheerLeader/CheerLeader-Info.plist";
				IPHONEOS_DEPLOYMENT_TARGET = 4.0;
				PRODUCT_NAME = "$(TARGET_NAME)";
				PROVISIONING_PROFILE = "319C92DE-26F8-4C34-9617-ED0E66245BA5";
				"PROVISIONING_PROFILE[sdk=iphoneos*]" = "319C92DE-26F8-4C34-9617-ED0E66245BA5";
				WRAPPER_EXTENSION = app;
			};
			name = Debug;
		};
		5D2FCC601538DBA600A4F530 /* Release */ = {
			isa = XCBuildConfiguration;
			buildSettings = {
				CODE_SIGN_IDENTITY = "iPhone Developer: Tapan Sinha (JQVPP4KWA4)";
				"CODE_SIGN_IDENTITY[sdk=iphoneos*]" = "iPhone Developer: Tapan Sinha (JQVPP4KWA4)";
				GCC_PRECOMPILE_PREFIX_HEADER = YES;
				GCC_PREFIX_HEADER = "CheerLeader/CheerLeader-Prefix.pch";
				INFOPLIST_FILE = "CheerLeader/CheerLeader-Info.plist";
				IPHONEOS_DEPLOYMENT_TARGET = 4.0;
				PRODUCT_NAME = "$(TARGET_NAME)";
				PROVISIONING_PROFILE = "319C92DE-26F8-4C34-9617-ED0E66245BA5";
				"PROVISIONING_PROFILE[sdk=iphoneos*]" = "319C92DE-26F8-4C34-9617-ED0E66245BA5";
				WRAPPER_EXTENSION = app;
			};
			name = Release;
		};
/* End XCBuildConfiguration section */

/* Begin XCConfigurationList section */
		5D2FCC401538DBA500A4F530 /* Build configuration list for PBXProject "CheerLeader" */ = {
			isa = XCConfigurationList;
			buildConfigurations = (
				5D2FCC5C1538DBA600A4F530 /* Debug */,
				5D2FCC5D1538DBA600A4F530 /* Release */,
			);
			defaultConfigurationIsVisible = 0;
			defaultConfigurationName = Release;
		};
		5D2FCC5E1538DBA600A4F530 /* Build configuration list for PBXNativeTarget "CheerLeader" */ = {
			isa = XCConfigurationList;
			buildConfigurations = (
				5D2FCC5F1538DBA600A4F530 /* Debug */,
				5D2FCC601538DBA600A4F530 /* Release */,
			);
			defaultConfigurationIsVisible = 0;
			defaultConfigurationName = Release;
		};
/* End XCConfigurationList section */
	};
	rootObject = 5D2FCC3D1538DBA500A4F530 /* Project object */;
}
