// !$*UTF8*$!
{
	archiveVersion = 1;
	classes = {
	};
	objectVersion = 46;
	objects = {

/* Begin PBXBuildFile section */
		1C1DDE2315416121008918DB /* ContactViewController.m in Sources */ = {isa = PBXBuildFile; fileRef = 1C1DDE1E15416121008918DB /* ContactViewController.m */; };
		1C1DDE2415416121008918DB /* ContactViewController.xib in Resources */ = {isa = PBXBuildFile; fileRef = 1C1DDE1F15416121008918DB /* ContactViewController.xib */; };
		1C1DDE2515416121008918DB /* TabBarCLController.m in Sources */ = {isa = PBXBuildFile; fileRef = 1C1DDE2115416121008918DB /* TabBarCLController.m */; };
		1C1DDE2615416121008918DB /* TabBarCLController.xib in Resources */ = {isa = PBXBuildFile; fileRef = 1C1DDE2215416121008918DB /* TabBarCLController.xib */; };
		1C7CB58F154052BE0083B299 /* GalleryViewController.m in Sources */ = {isa = PBXBuildFile; fileRef = 1C7CB58D154052BE0083B299 /* GalleryViewController.m */; };
		1C7CB594154052E50083B299 /* GeneralWebViewController.m in Sources */ = {isa = PBXBuildFile; fileRef = 1C7CB592154052E50083B299 /* GeneralWebViewController.m */; };
		1C7CB595154052E50083B299 /* GeneralWebViewController.xib in Resources */ = {isa = PBXBuildFile; fileRef = 1C7CB593154052E50083B299 /* GeneralWebViewController.xib */; };
		1C7CB599154052F70083B299 /* RssFeedViewController.m in Sources */ = {isa = PBXBuildFile; fileRef = 1C7CB597154052F70083B299 /* RssFeedViewController.m */; };
		1C7CB59A154052F70083B299 /* RssFeedViewController.xib in Resources */ = {isa = PBXBuildFile; fileRef = 1C7CB598154052F70083B299 /* RssFeedViewController.xib */; };
		1C7CB59E154053160083B299 /* SocialNetViewController.m in Sources */ = {isa = PBXBuildFile; fileRef = 1C7CB59C154053160083B299 /* SocialNetViewController.m */; };
		1C7CB59F154053160083B299 /* SocialNetViewController.xib in Resources */ = {isa = PBXBuildFile; fileRef = 1C7CB59D154053160083B299 /* SocialNetViewController.xib */; };
		1C7CB5A4154053310083B299 /* HomeViewController.m in Sources */ = {isa = PBXBuildFile; fileRef = 1C7CB5A2154053310083B299 /* HomeViewController.m */; };
		1C7CB5A5154053310083B299 /* HomeViewController.xib in Resources */ = {isa = PBXBuildFile; fileRef = 1C7CB5A3154053310083B299 /* HomeViewController.xib */; };
		1CF510A815498D0500CBD618 /* GalleryViewController.xib in Resources */ = {isa = PBXBuildFile; fileRef = 1CF510A715498D0500CBD618 /* GalleryViewController.xib */; };
		1CF510AA15498D6100CBD618 /* playback_play.png in Resources */ = {isa = PBXBuildFile; fileRef = 1CF510A915498D6100CBD618 /* playback_play.png */; };
		1CF510AC1549926E00CBD618 /* pause.png in Resources */ = {isa = PBXBuildFile; fileRef = 1CF510AB1549926E00CBD618 /* pause.png */; };
		1CF510B315499D0800CBD618 /* EPIC_iPad.jpg in Resources */ = {isa = PBXBuildFile; fileRef = 1CF510B115499D0800CBD618 /* EPIC_iPad.jpg */; };
		1CF510B415499D0800CBD618 /* iPhone_Shoe.png in Resources */ = {isa = PBXBuildFile; fileRef = 1CF510B215499D0800CBD618 /* iPhone_Shoe.png */; };
		5D02E46615434E2900979950 /* QuartzCore.framework in Frameworks */ = {isa = PBXBuildFile; fileRef = 5D02E46515434E2800979950 /* QuartzCore.framework */; };
		5D0474381549EB8100BF7753 /* RootViewController.m in Sources */ = {isa = PBXBuildFile; fileRef = 5D0474371549EB8000BF7753 /* RootViewController.m */; };
		5D04743B1549EB9E00BF7753 /* RootViewController.xib in Resources */ = {isa = PBXBuildFile; fileRef = 5D04743A1549EB9E00BF7753 /* RootViewController.xib */; };
		5D0474431549EBBD00BF7753 /* MWFeedParser.m in Sources */ = {isa = PBXBuildFile; fileRef = 5D04743E1549EBBC00BF7753 /* MWFeedParser.m */; };
		5D0474441549EBBD00BF7753 /* MWFeedInfo.m in Sources */ = {isa = PBXBuildFile; fileRef = 5D0474401549EBBC00BF7753 /* MWFeedInfo.m */; };
		5D0474451549EBBD00BF7753 /* MWFeedItem.m in Sources */ = {isa = PBXBuildFile; fileRef = 5D0474421549EBBC00BF7753 /* MWFeedItem.m */; };
		5D04744A1549EBC600BF7753 /* NSString+HTML.m in Sources */ = {isa = PBXBuildFile; fileRef = 5D0474471549EBC600BF7753 /* NSString+HTML.m */; };
		5D04744B1549EBC600BF7753 /* NSDate+InternetDateTime.m in Sources */ = {isa = PBXBuildFile; fileRef = 5D0474491549EBC600BF7753 /* NSDate+InternetDateTime.m */; };
		5D0474501549EBD300BF7753 /* GTMNSString+HTML.m in Sources */ = {isa = PBXBuildFile; fileRef = 5D04744D1549EBD300BF7753 /* GTMNSString+HTML.m */; };
		5D0474511549EBD300BF7753 /* NSString+XMLEntities.m in Sources */ = {isa = PBXBuildFile; fileRef = 5D04744F1549EBD300BF7753 /* NSString+XMLEntities.m */; };
		5D0474541549F72900BF7753 /* facebook_icon.png in Resources */ = {isa = PBXBuildFile; fileRef = 5D0474531549F72900BF7753 /* facebook_icon.png */; };
		5D0474561549F80C00BF7753 /* twittericon.png in Resources */ = {isa = PBXBuildFile; fileRef = 5D0474551549F80C00BF7753 /* twittericon.png */; };
		5D0474581549F85400BF7753 /* linkedin_icon.png in Resources */ = {isa = PBXBuildFile; fileRef = 5D0474571549F85400BF7753 /* linkedin_icon.png */; };
		5D2FA6F8154B37A700D52076 /* vault-320.png in Resources */ = {isa = PBXBuildFile; fileRef = 5D2FA6F0154B37A700D52076 /* vault-320.png */; };
		5D2FA6F9154B37A700D52076 /* vault-480.png in Resources */ = {isa = PBXBuildFile; fileRef = 5D2FA6F1154B37A700D52076 /* vault-480.png */; };
		5D2FA6FA154B37A700D52076 /* vault-768.png in Resources */ = {isa = PBXBuildFile; fileRef = 5D2FA6F2154B37A700D52076 /* vault-768.png */; };
		5D2FA6FB154B37A700D52076 /* vault-1024.png in Resources */ = {isa = PBXBuildFile; fileRef = 5D2FA6F3154B37A700D52076 /* vault-1024.png */; };
		5D2FA6FC154B37A700D52076 /* blog-57.png in Resources */ = {isa = PBXBuildFile; fileRef = 5D2FA6F4154B37A700D52076 /* blog-57.png */; };
		5D2FA6FD154B37A700D52076 /* blog-72.png in Resources */ = {isa = PBXBuildFile; fileRef = 5D2FA6F5154B37A700D52076 /* blog-72.png */; };
		5D2FA6FE154B37A700D52076 /* blog-144.png in Resources */ = {isa = PBXBuildFile; fileRef = 5D2FA6F6154B37A700D52076 /* blog-144.png */; };
		5D2FA6FF154B37A700D52076 /* blog-114.png in Resources */ = {isa = PBXBuildFile; fileRef = 5D2FA6F7154B37A700D52076 /* blog-114.png */; };
		5D2FA70A154B4EE600D52076 /* MessageUI.framework in Frameworks */ = {isa = PBXBuildFile; fileRef = 5D2FA709154B4EE600D52076 /* MessageUI.framework */; };
		5D2FCC4B1538DBA600A4F530 /* UIKit.framework in Frameworks */ = {isa = PBXBuildFile; fileRef = 5D2FCC4A1538DBA600A4F530 /* UIKit.framework */; };
		5D2FCC4D1538DBA600A4F530 /* Foundation.framework in Frameworks */ = {isa = PBXBuildFile; fileRef = 5D2FCC4C1538DBA600A4F530 /* Foundation.framework */; };
		5D2FCC4F1538DBA600A4F530 /* CoreGraphics.framework in Frameworks */ = {isa = PBXBuildFile; fileRef = 5D2FCC4E1538DBA600A4F530 /* CoreGraphics.framework */; };
		5D2FCC551538DBA600A4F530 /* InfoPlist.strings in Resources */ = {isa = PBXBuildFile; fileRef = 5D2FCC531538DBA600A4F530 /* InfoPlist.strings */; };
		5D2FCC571538DBA600A4F530 /* main.m in Sources */ = {isa = PBXBuildFile; fileRef = 5D2FCC561538DBA600A4F530 /* main.m */; };
		5D2FCC5B1538DBA600A4F530 /* AppDelegate.m in Sources */ = {isa = PBXBuildFile; fileRef = 5D2FCC5A1538DBA600A4F530 /* AppDelegate.m */; };
		5DD30AD41539E68600FF7A56 /* MBProgressHUD.m in Sources */ = {isa = PBXBuildFile; fileRef = 5DD30AD31539E68600FF7A56 /* MBProgressHUD.m */; };
		5DD30B31153A0A7400FF7A56 /* April06-250.jpg in Resources */ = {isa = PBXBuildFile; fileRef = 5DD30B06153A0A7300FF7A56 /* April06-250.jpg */; };
		5DD30B32153A0A7400FF7A56 /* augSEP04.tif in Resources */ = {isa = PBXBuildFile; fileRef = 5DD30B07153A0A7300FF7A56 /* augSEP04.tif */; };
		5DD30B33153A0A7400FF7A56 /* IC_janfeb07_250.jpg in Resources */ = {isa = PBXBuildFile; fileRef = 5DD30B08153A0A7300FF7A56 /* IC_janfeb07_250.jpg */; };
		5DD30B34153A0A7400FF7A56 /* IC_JanFeb09-250.jpg in Resources */ = {isa = PBXBuildFile; fileRef = 5DD30B09153A0A7300FF7A56 /* IC_JanFeb09-250.jpg */; };
		5DD30B35153A0A7400FF7A56 /* IC_JanFeb10-250.jpg in Resources */ = {isa = PBXBuildFile; fileRef = 5DD30B0A153A0A7300FF7A56 /* IC_JanFeb10-250.jpg */; };
		5DD30B36153A0A7400FF7A56 /* IC_JanFeb11-250.jpg in Resources */ = {isa = PBXBuildFile; fileRef = 5DD30B0B153A0A7300FF7A56 /* IC_JanFeb11-250.jpg */; };
		5DD30B37153A0A7400FF7A56 /* IC_janfeb12-250.jpg in Resources */ = {isa = PBXBuildFile; fileRef = 5DD30B0C153A0A7300FF7A56 /* IC_janfeb12-250.jpg */; };
		5DD30B38153A0A7400FF7A56 /* IC_julyaug06-250.jpg in Resources */ = {isa = PBXBuildFile; fileRef = 5DD30B0D153A0A7300FF7A56 /* IC_julyaug06-250.jpg */; };
		5DD30B39153A0A7400FF7A56 /* IC_julyaug07_250.jpg in Resources */ = {isa = PBXBuildFile; fileRef = 5DD30B0E153A0A7300FF7A56 /* IC_julyaug07_250.jpg */; };
		5DD30B3A153A0A7400FF7A56 /* IC_julyaug08_250.jpg in Resources */ = {isa = PBXBuildFile; fileRef = 5DD30B0F153A0A7300FF7A56 /* IC_julyaug08_250.jpg */; };
		5DD30B3B153A0A7400FF7A56 /* IC_JulyAug11-250.jpg in Resources */ = {isa = PBXBuildFile; fileRef = 5DD30B10153A0A7300FF7A56 /* IC_JulyAug11-250.jpg */; };
		5DD30B3C153A0A7400FF7A56 /* IC_julycover_09-250.jpg in Resources */ = {isa = PBXBuildFile; fileRef = 5DD30B11153A0A7300FF7A56 /* IC_julycover_09-250.jpg */; };
		5DD30B3D153A0A7400FF7A56 /* IC_june07-250.jpg in Resources */ = {isa = PBXBuildFile; fileRef = 5DD30B12153A0A7300FF7A56 /* IC_june07-250.jpg */; };
		5DD30B3E153A0A7400FF7A56 /* IC_marapr07-250.jpg in Resources */ = {isa = PBXBuildFile; fileRef = 5DD30B13153A0A7300FF7A56 /* IC_marapr07-250.jpg */; };
		5DD30B3F153A0A7400FF7A56 /* IC_marapr08_125.jpg in Resources */ = {isa = PBXBuildFile; fileRef = 5DD30B14153A0A7300FF7A56 /* IC_marapr08_125.jpg */; };
		5DD30B40153A0A7400FF7A56 /* IC_marapr09-250.jpg in Resources */ = {isa = PBXBuildFile; fileRef = 5DD30B15153A0A7300FF7A56 /* IC_marapr09-250.jpg */; };
		5DD30B41153A0A7400FF7A56 /* IC_marapr10-250.jpg in Resources */ = {isa = PBXBuildFile; fileRef = 5DD30B16153A0A7300FF7A56 /* IC_marapr10-250.jpg */; };
		5DD30B42153A0A7400FF7A56 /* IC_marapr11-250.jpg in Resources */ = {isa = PBXBuildFile; fileRef = 5DD30B17153A0A7300FF7A56 /* IC_marapr11-250.jpg */; };
		5DD30B43153A0A7400FF7A56 /* IC_mayjune08-250.jpg in Resources */ = {isa = PBXBuildFile; fileRef = 5DD30B18153A0A7300FF7A56 /* IC_mayjune08-250.jpg */; };
		5DD30B44153A0A7400FF7A56 /* IC_MayJune09-250.jpg in Resources */ = {isa = PBXBuildFile; fileRef = 5DD30B19153A0A7300FF7A56 /* IC_MayJune09-250.jpg */; };
		5DD30B45153A0A7400FF7A56 /* IC_MayJune10-250.jpg in Resources */ = {isa = PBXBuildFile; fileRef = 5DD30B1A153A0A7300FF7A56 /* IC_MayJune10-250.jpg */; };
		5DD30B46153A0A7400FF7A56 /* IC_novdec08_250.jpg in Resources */ = {isa = PBXBuildFile; fileRef = 5DD30B1B153A0A7300FF7A56 /* IC_novdec08_250.jpg */; };
		5DD30B47153A0A7400FF7A56 /* IC_novdec11-250.jpg in Resources */ = {isa = PBXBuildFile; fileRef = 5DD30B1C153A0A7300FF7A56 /* IC_novdec11-250.jpg */; };
		5DD30B48153A0A7400FF7A56 /* IC_NovDec_10-250.jpg in Resources */ = {isa = PBXBuildFile; fileRef = 5DD30B1D153A0A7300FF7A56 /* IC_NovDec_10-250.jpg */; };
		5DD30B49153A0A7400FF7A56 /* IC_sepoct11-250.jpg in Resources */ = {isa = PBXBuildFile; fileRef = 5DD30B1E153A0A7300FF7A56 /* IC_sepoct11-250.jpg */; };
		5DD30B4A153A0A7400FF7A56 /* IC_septoct06-250.jpg in Resources */ = {isa = PBXBuildFile; fileRef = 5DD30B1F153A0A7300FF7A56 /* IC_septoct06-250.jpg */; };
		5DD30B4B153A0A7400FF7A56 /* IC_septoct08_250.jpg in Resources */ = {isa = PBXBuildFile; fileRef = 5DD30B20153A0A7300FF7A56 /* IC_septoct08_250.jpg */; };
		5DD30B4C153A0A7400FF7A56 /* IC_septoct10-250.jpg in Resources */ = {isa = PBXBuildFile; fileRef = 5DD30B21153A0A7300FF7A56 /* IC_septoct10-250.jpg */; };
		5DD30B4D153A0A7400FF7A56 /* IC_septoct_09-250.jpg in Resources */ = {isa = PBXBuildFile; fileRef = 5DD30B22153A0A7300FF7A56 /* IC_septoct_09-250.jpg */; };
		5DD30B4E153A0A7400FF7A56 /* iCJanFeb05.jpg in Resources */ = {isa = PBXBuildFile; fileRef = 5DD30B23153A0A7300FF7A56 /* iCJanFeb05.jpg */; };
		5DD30B4F153A0A7400FF7A56 /* ICjanfeb08-250.jpg in Resources */ = {isa = PBXBuildFile; fileRef = 5DD30B24153A0A7300FF7A56 /* ICjanfeb08-250.jpg */; };
		5DD30B50153A0A7400FF7A56 /* iCJulyAug10-250.jpg in Resources */ = {isa = PBXBuildFile; fileRef = 5DD30B25153A0A7300FF7A56 /* iCJulyAug10-250.jpg */; };
		5DD30B51153A0A7400FF7A56 /* iCMarApr05.jpg in Resources */ = {isa = PBXBuildFile; fileRef = 5DD30B26153A0A7300FF7A56 /* iCMarApr05.jpg */; };
		5DD30B52153A0A7400FF7A56 /* iCNovDec05.jpg in Resources */ = {isa = PBXBuildFile; fileRef = 5DD30B27153A0A7300FF7A56 /* iCNovDec05.jpg */; };
		5DD30B53153A0A7400FF7A56 /* ICnovdec06-250.jpg in Resources */ = {isa = PBXBuildFile; fileRef = 5DD30B28153A0A7300FF7A56 /* ICnovdec06-250.jpg */; };
		5DD30B54153A0A7400FF7A56 /* ICnovdec07-250.jpg in Resources */ = {isa = PBXBuildFile; fileRef = 5DD30B29153A0A7300FF7A56 /* ICnovdec07-250.jpg */; };
		5DD30B55153A0A7400FF7A56 /* ICnovdec09-250.jpg in Resources */ = {isa = PBXBuildFile; fileRef = 5DD30B2A153A0A7300FF7A56 /* ICnovdec09-250.jpg */; };
		5DD30B56153A0A7400FF7A56 /* iCOctNov04.jpg in Resources */ = {isa = PBXBuildFile; fileRef = 5DD30B2B153A0A7300FF7A56 /* iCOctNov04.jpg */; };
		5DD30B57153A0A7400FF7A56 /* iCSepOct05.jpg in Resources */ = {isa = PBXBuildFile; fileRef = 5DD30B2C153A0A7300FF7A56 /* iCSepOct05.jpg */; };
		5DD30B58153A0A7400FF7A56 /* ICsepoct07_250.jpg in Resources */ = {isa = PBXBuildFile; fileRef = 5DD30B2D153A0A7300FF7A56 /* ICsepoct07_250.jpg */; };
		5DD30B59153A0A7400FF7A56 /* mayJUNE05.tif in Resources */ = {isa = PBXBuildFile; fileRef = 5DD30B2E153A0A7300FF7A56 /* mayJUNE05.tif */; };
		5DD30B5A153A0A7400FF7A56 /* mayJune06_IC-250.jpg in Resources */ = {isa = PBXBuildFile; fileRef = 5DD30B2F153A0A7300FF7A56 /* mayJune06_IC-250.jpg */; };
		5DD30B5B153A0A7400FF7A56 /* premiercover.tif in Resources */ = {isa = PBXBuildFile; fileRef = 5DD30B30153A0A7300FF7A56 /* premiercover.tif */; };
		5DD30B5F153A0DA000FF7A56 /* forward.png in Resources */ = {isa = PBXBuildFile; fileRef = 5DD30B5D153A0D9B00FF7A56 /* forward.png */; };
		5DD30B60153A0DA000FF7A56 /* BackWard.png in Resources */ = {isa = PBXBuildFile; fileRef = 5DD30B5E153A0D9E00FF7A56 /* BackWard.png */; };
		5DD30B67153A16B000FF7A56 /* ModalController.m in Sources */ = {isa = PBXBuildFile; fileRef = 5DD30B65153A16B000FF7A56 /* ModalController.m */; };
		5DD6932115488EE8007F353F /* events-114.png in Resources */ = {isa = PBXBuildFile; fileRef = 5DD692FB15488EE8007F353F /* events-114.png */; };
		5DD6932215488EE8007F353F /* events-144.png in Resources */ = {isa = PBXBuildFile; fileRef = 5DD692FC15488EE8007F353F /* events-144.png */; };
		5DD6932315488EE8007F353F /* events-57.png in Resources */ = {isa = PBXBuildFile; fileRef = 5DD692FD15488EE8007F353F /* events-57.png */; };
		5DD6932415488EE8007F353F /* events-72.png in Resources */ = {isa = PBXBuildFile; fileRef = 5DD692FE15488EE8007F353F /* events-72.png */; };
		5DD6932515488EE8007F353F /* gallery-114.png in Resources */ = {isa = PBXBuildFile; fileRef = 5DD692FF15488EE8007F353F /* gallery-114.png */; };
		5DD6932615488EE8007F353F /* gallery-144.png in Resources */ = {isa = PBXBuildFile; fileRef = 5DD6930015488EE8007F353F /* gallery-144.png */; };
		5DD6932715488EE8007F353F /* gallery-57.png in Resources */ = {isa = PBXBuildFile; fileRef = 5DD6930115488EE8007F353F /* gallery-57.png */; };
		5DD6932815488EE8007F353F /* gallery-72.png in Resources */ = {isa = PBXBuildFile; fileRef = 5DD6930215488EE8007F353F /* gallery-72.png */; };
		5DD6932915488EE8007F353F /* ic-100.png in Resources */ = {isa = PBXBuildFile; fileRef = 5DD6930315488EE8007F353F /* ic-100.png */; };
		5DD6932A15488EE8007F353F /* ic-1024.png in Resources */ = {isa = PBXBuildFile; fileRef = 5DD6930415488EE8007F353F /* ic-1024.png */; };
		5DD6932B15488EE8007F353F /* ic-114.png in Resources */ = {isa = PBXBuildFile; fileRef = 5DD6930515488EE8007F353F /* ic-114.png */; };
		5DD6932C15488EE8007F353F /* ic-144.png in Resources */ = {isa = PBXBuildFile; fileRef = 5DD6930615488EE8007F353F /* ic-144.png */; };
		5DD6932D15488EE8007F353F /* ic-29.png in Resources */ = {isa = PBXBuildFile; fileRef = 5DD6930715488EE8007F353F /* ic-29.png */; };
		5DD6932E15488EE8007F353F /* ic-50.png in Resources */ = {isa = PBXBuildFile; fileRef = 5DD6930815488EE8007F353F /* ic-50.png */; };
		5DD6932F15488EE8007F353F /* ic-512.png in Resources */ = {isa = PBXBuildFile; fileRef = 5DD6930915488EE8007F353F /* ic-512.png */; };
		5DD6933015488EE8007F353F /* icon.png in Resources */ = {isa = PBXBuildFile; fileRef = 5DD6930A15488EE8007F353F /* icon.png */; };
		5DD6933115488EE8007F353F /* ic-58.png in Resources */ = {isa = PBXBuildFile; fileRef = 5DD6930B15488EE8007F353F /* ic-58.png */; };
		5DD6933215488EE8007F353F /* ic-72.png in Resources */ = {isa = PBXBuildFile; fileRef = 5DD6930C15488EE8007F353F /* ic-72.png */; };
		5DD6933315488EE8007F353F /* newsletter-114.png in Resources */ = {isa = PBXBuildFile; fileRef = 5DD6930D15488EE8007F353F /* newsletter-114.png */; };
		5DD6933415488EE8007F353F /* newsletter-144.png in Resources */ = {isa = PBXBuildFile; fileRef = 5DD6930E15488EE8007F353F /* newsletter-144.png */; };
		5DD6933515488EE8007F353F /* newsletter-57.png in Resources */ = {isa = PBXBuildFile; fileRef = 5DD6930F15488EE8007F353F /* newsletter-57.png */; };
		5DD6933615488EE8007F353F /* newsletter-72.png in Resources */ = {isa = PBXBuildFile; fileRef = 5DD6931015488EE8007F353F /* newsletter-72.png */; };
		5DD6933715488EE8007F353F /* rss-114.png in Resources */ = {isa = PBXBuildFile; fileRef = 5DD6931115488EE8007F353F /* rss-114.png */; };
		5DD6933815488EE8007F353F /* rss-144.png in Resources */ = {isa = PBXBuildFile; fileRef = 5DD6931215488EE8007F353F /* rss-144.png */; };
		5DD6933915488EE8007F353F /* rss-57.png in Resources */ = {isa = PBXBuildFile; fileRef = 5DD6931315488EE8007F353F /* rss-57.png */; };
		5DD6933A15488EE8007F353F /* rss-72.png in Resources */ = {isa = PBXBuildFile; fileRef = 5DD6931415488EE8007F353F /* rss-72.png */; };
		5DD6933B15488EE8007F353F /* social-114.png in Resources */ = {isa = PBXBuildFile; fileRef = 5DD6931515488EE8007F353F /* social-114.png */; };
		5DD6933C15488EE8007F353F /* social-144.png in Resources */ = {isa = PBXBuildFile; fileRef = 5DD6931615488EE8007F353F /* social-144.png */; };
		5DD6933D15488EE8007F353F /* social-57.png in Resources */ = {isa = PBXBuildFile; fileRef = 5DD6931715488EE8007F353F /* social-57.png */; };
		5DD6933E15488EE8007F353F /* social-72.png in Resources */ = {isa = PBXBuildFile; fileRef = 5DD6931815488EE8007F353F /* social-72.png */; };
		5DD6933F15488EE8007F353F /* subscribe-114.png in Resources */ = {isa = PBXBuildFile; fileRef = 5DD6931915488EE8007F353F /* subscribe-114.png */; };
		5DD6934015488EE8007F353F /* subscribe-144.png in Resources */ = {isa = PBXBuildFile; fileRef = 5DD6931A15488EE8007F353F /* subscribe-144.png */; };
		5DD6934115488EE8007F353F /* subscribe-57.png in Resources */ = {isa = PBXBuildFile; fileRef = 5DD6931B15488EE8007F353F /* subscribe-57.png */; };
		5DD6934215488EE8007F353F /* subscribe-72.png in Resources */ = {isa = PBXBuildFile; fileRef = 5DD6931C15488EE8007F353F /* subscribe-72.png */; };
		5DD6934315488EE8007F353F /* youtube-114.png in Resources */ = {isa = PBXBuildFile; fileRef = 5DD6931D15488EE8007F353F /* youtube-114.png */; };
		5DD6934415488EE8007F353F /* youtube-144.png in Resources */ = {isa = PBXBuildFile; fileRef = 5DD6931E15488EE8007F353F /* youtube-144.png */; };
		5DD6934515488EE8007F353F /* youtube-57.png in Resources */ = {isa = PBXBuildFile; fileRef = 5DD6931F15488EE8007F353F /* youtube-57.png */; };
		5DD6934615488EE8007F353F /* youtube-72.png in Resources */ = {isa = PBXBuildFile; fileRef = 5DD6932015488EE8007F353F /* youtube-72.png */; };
		5DD6934B154890A3007F353F /* EPIC_iPhone.jpg in Resources */ = {isa = PBXBuildFile; fileRef = 5DD69349154890A2007F353F /* EPIC_iPhone.jpg */; };
		5DD6935115489141007F353F /* iPad_Shoe.png in Resources */ = {isa = PBXBuildFile; fileRef = 5DD6934F15489140007F353F /* iPad_Shoe.png */; };
		5DEDBEFA1540884A008DFACC /* AdCheerLeader.png in Resources */ = {isa = PBXBuildFile; fileRef = 5DEDBEF91540884A008DFACC /* AdCheerLeader.png */; };
		5DEDBF0715409535008DFACC /* 148-doghouse.png in Resources */ = {isa = PBXBuildFile; fileRef = 5DEDBF0615409535008DFACC /* 148-doghouse.png */; };
		5DEDBF091540958C008DFACC /* 166-newspaper.png in Resources */ = {isa = PBXBuildFile; fileRef = 5DEDBF081540958C008DFACC /* 166-newspaper.png */; };
		5DEDBF0B1540971F008DFACC /* 180-stickynote.png in Resources */ = {isa = PBXBuildFile; fileRef = 5DEDBF0A1540971F008DFACC /* 180-stickynote.png */; };
		5DEDBF151540A4B4008DFACC /* twitterIcon.jpg in Resources */ = {isa = PBXBuildFile; fileRef = 5DEDBF121540A4B4008DFACC /* twitterIcon.jpg */; };
		5DEDBF161540A4B4008DFACC /* LinkedIcon.jpg in Resources */ = {isa = PBXBuildFile; fileRef = 5DEDBF131540A4B4008DFACC /* LinkedIcon.jpg */; };
		5DEDBF171540A4B4008DFACC /* FacebookIcon.jpg in Resources */ = {isa = PBXBuildFile; fileRef = 5DEDBF141540A4B4008DFACC /* FacebookIcon.jpg */; };
		5DEDBF211540C05C008DFACC /* Reachability.m in Sources */ = {isa = PBXBuildFile; fileRef = 5DEDBF201540C05B008DFACC /* Reachability.m */; };
		5DEDBF231540C0C1008DFACC /* SystemConfiguration.framework in Frameworks */ = {isa = PBXBuildFile; fileRef = 5DEDBF221540C0C1008DFACC /* SystemConfiguration.framework */; };
		5DEDBF251540C0C7008DFACC /* Security.framework in Frameworks */ = {isa = PBXBuildFile; fileRef = 5DEDBF241540C0C7008DFACC /* Security.framework */; };
		5DEDBF271540C111008DFACC /* CFNetwork.framework in Frameworks */ = {isa = PBXBuildFile; fileRef = 5DEDBF261540C111008DFACC /* CFNetwork.framework */; };
		5DFE98BA153F741100AEFE52 /* iC App Logos.pdf in Resources */ = {isa = PBXBuildFile; fileRef = 5DFE98B1153F741100AEFE52 /* iC App Logos.pdf */; };
		5DFE98BB153F741100AEFE52 /* iC App Logos.ai in Resources */ = {isa = PBXBuildFile; fileRef = 5DFE98B2153F741100AEFE52 /* iC App Logos.ai */; };
		5DFE98BC153F741100AEFE52 /* icon1.png in Resources */ = {isa = PBXBuildFile; fileRef = 5DFE98B3153F741100AEFE52 /* icon1.png */; };
		5DFE98BD153F741100AEFE52 /* RSS.png in Resources */ = {isa = PBXBuildFile; fileRef = 5DFE98B4153F741100AEFE52 /* RSS.png */; };
		5DFE98BE153F741100AEFE52 /* youTube.png in Resources */ = {isa = PBXBuildFile; fileRef = 5DFE98B5153F741100AEFE52 /* youTube.png */; };
		5DFE98BF153F741100AEFE52 /* SocialNetwork.png in Resources */ = {isa = PBXBuildFile; fileRef = 5DFE98B6153F741100AEFE52 /* SocialNetwork.png */; };
		5DFE98C0153F741100AEFE52 /* Newsletter.png in Resources */ = {isa = PBXBuildFile; fileRef = 5DFE98B7153F741100AEFE52 /* Newsletter.png */; };
		5DFE98C1153F741100AEFE52 /* MagazineGallery.png in Resources */ = {isa = PBXBuildFile; fileRef = 5DFE98B8153F741100AEFE52 /* MagazineGallery.png */; };
		5DFE98C2153F741100AEFE52 /* IConthescene.png in Resources */ = {isa = PBXBuildFile; fileRef = 5DFE98B9153F741100AEFE52 /* IConthescene.png */; };
/* End PBXBuildFile section */

/* Begin PBXFileReference section */
		1C1DDE1D15416121008918DB /* ContactViewController.h */ = {isa = PBXFileReference; fileEncoding = 4; lastKnownFileType = sourcecode.c.h; path = ContactViewController.h; sourceTree = "<group>"; };
		1C1DDE1E15416121008918DB /* ContactViewController.m */ = {isa = PBXFileReference; fileEncoding = 4; lastKnownFileType = sourcecode.c.objc; path = ContactViewController.m; sourceTree = "<group>"; };
		1C1DDE1F15416121008918DB /* ContactViewController.xib */ = {isa = PBXFileReference; fileEncoding = 4; lastKnownFileType = file.xib; path = ContactViewController.xib; sourceTree = "<group>"; };
		1C1DDE2015416121008918DB /* TabBarCLController.h */ = {isa = PBXFileReference; fileEncoding = 4; lastKnownFileType = sourcecode.c.h; path = TabBarCLController.h; sourceTree = "<group>"; };
		1C1DDE2115416121008918DB /* TabBarCLController.m */ = {isa = PBXFileReference; fileEncoding = 4; lastKnownFileType = sourcecode.c.objc; path = TabBarCLController.m; sourceTree = "<group>"; };
		1C1DDE2215416121008918DB /* TabBarCLController.xib */ = {isa = PBXFileReference; fileEncoding = 4; lastKnownFileType = file.xib; path = TabBarCLController.xib; sourceTree = "<group>"; };
		1C7CB58C154052BE0083B299 /* GalleryViewController.h */ = {isa = PBXFileReference; fileEncoding = 4; lastKnownFileType = sourcecode.c.h; path = GalleryViewController.h; sourceTree = "<group>"; };
		1C7CB58D154052BE0083B299 /* GalleryViewController.m */ = {isa = PBXFileReference; fileEncoding = 4; lastKnownFileType = sourcecode.c.objc; path = GalleryViewController.m; sourceTree = "<group>"; };
		1C7CB591154052E50083B299 /* GeneralWebViewController.h */ = {isa = PBXFileReference; fileEncoding = 4; lastKnownFileType = sourcecode.c.h; path = GeneralWebViewController.h; sourceTree = "<group>"; };
		1C7CB592154052E50083B299 /* GeneralWebViewController.m */ = {isa = PBXFileReference; fileEncoding = 4; lastKnownFileType = sourcecode.c.objc; path = GeneralWebViewController.m; sourceTree = "<group>"; };
		1C7CB593154052E50083B299 /* GeneralWebViewController.xib */ = {isa = PBXFileReference; fileEncoding = 4; lastKnownFileType = file.xib; path = GeneralWebViewController.xib; sourceTree = "<group>"; };
		1C7CB596154052F70083B299 /* RssFeedViewController.h */ = {isa = PBXFileReference; fileEncoding = 4; lastKnownFileType = sourcecode.c.h; path = RssFeedViewController.h; sourceTree = "<group>"; };
		1C7CB597154052F70083B299 /* RssFeedViewController.m */ = {isa = PBXFileReference; fileEncoding = 4; lastKnownFileType = sourcecode.c.objc; path = RssFeedViewController.m; sourceTree = "<group>"; };
		1C7CB598154052F70083B299 /* RssFeedViewController.xib */ = {isa = PBXFileReference; fileEncoding = 4; lastKnownFileType = file.xib; path = RssFeedViewController.xib; sourceTree = "<group>"; };
		1C7CB59B154053160083B299 /* SocialNetViewController.h */ = {isa = PBXFileReference; fileEncoding = 4; lastKnownFileType = sourcecode.c.h; path = SocialNetViewController.h; sourceTree = "<group>"; };
		1C7CB59C154053160083B299 /* SocialNetViewController.m */ = {isa = PBXFileReference; fileEncoding = 4; lastKnownFileType = sourcecode.c.objc; path = SocialNetViewController.m; sourceTree = "<group>"; };
		1C7CB59D154053160083B299 /* SocialNetViewController.xib */ = {isa = PBXFileReference; fileEncoding = 4; lastKnownFileType = file.xib; path = SocialNetViewController.xib; sourceTree = "<group>"; };
		1C7CB5A0154053310083B299 /* Global.h */ = {isa = PBXFileReference; fileEncoding = 4; lastKnownFileType = sourcecode.c.h; name = Global.h; path = CheerLeader/Global.h; sourceTree = "<group>"; };
		1C7CB5A1154053310083B299 /* HomeViewController.h */ = {isa = PBXFileReference; fileEncoding = 4; lastKnownFileType = sourcecode.c.h; name = HomeViewController.h; path = CheerLeader/HomeViewController.h; sourceTree = "<group>"; };
		1C7CB5A2154053310083B299 /* HomeViewController.m */ = {isa = PBXFileReference; fileEncoding = 4; lastKnownFileType = sourcecode.c.objc; name = HomeViewController.m; path = CheerLeader/HomeViewController.m; sourceTree = "<group>"; };
		1C7CB5A3154053310083B299 /* HomeViewController.xib */ = {isa = PBXFileReference; fileEncoding = 4; lastKnownFileType = file.xib; name = HomeViewController.xib; path = CheerLeader/HomeViewController.xib; sourceTree = "<group>"; };
		1CF510A715498D0500CBD618 /* GalleryViewController.xib */ = {isa = PBXFileReference; fileEncoding = 4; lastKnownFileType = file.xib; path = GalleryViewController.xib; sourceTree = "<group>"; };
		1CF510A915498D6100CBD618 /* playback_play.png */ = {isa = PBXFileReference; lastKnownFileType = image.png; path = playback_play.png; sourceTree = "<group>"; };
		1CF510AB1549926E00CBD618 /* pause.png */ = {isa = PBXFileReference; lastKnownFileType = image.png; path = pause.png; sourceTree = "<group>"; };
		1CF510B115499D0800CBD618 /* EPIC_iPad.jpg */ = {isa = PBXFileReference; lastKnownFileType = image.jpeg; name = EPIC_iPad.jpg; path = "ic app/EPIC_iPad.jpg"; sourceTree = "<group>"; };
		1CF510B215499D0800CBD618 /* iPhone_Shoe.png */ = {isa = PBXFileReference; lastKnownFileType = image.png; name = iPhone_Shoe.png; path = "ic app/iPhone_Shoe.png"; sourceTree = "<group>"; };
		5D02E46515434E2800979950 /* QuartzCore.framework */ = {isa = PBXFileReference; lastKnownFileType = wrapper.framework; name = QuartzCore.framework; path = System/Library/Frameworks/QuartzCore.framework; sourceTree = SDKROOT; };
		5D0474361549EB8000BF7753 /* RootViewController.h */ = {isa = PBXFileReference; fileEncoding = 4; lastKnownFileType = sourcecode.c.h; path = RootViewController.h; sourceTree = "<group>"; };
		5D0474371549EB8000BF7753 /* RootViewController.m */ = {isa = PBXFileReference; fileEncoding = 4; lastKnownFileType = sourcecode.c.objc; path = RootViewController.m; sourceTree = "<group>"; };
		5D04743A1549EB9E00BF7753 /* RootViewController.xib */ = {isa = PBXFileReference; fileEncoding = 4; lastKnownFileType = file.xib; path = RootViewController.xib; sourceTree = "<group>"; };
		5D04743C1549EBBC00BF7753 /* MWFeedParser.h */ = {isa = PBXFileReference; fileEncoding = 4; lastKnownFileType = sourcecode.c.h; path = MWFeedParser.h; sourceTree = "<group>"; };
		5D04743D1549EBBC00BF7753 /* MWFeedParser_Private.h */ = {isa = PBXFileReference; fileEncoding = 4; lastKnownFileType = sourcecode.c.h; path = MWFeedParser_Private.h; sourceTree = "<group>"; };
		5D04743E1549EBBC00BF7753 /* MWFeedParser.m */ = {isa = PBXFileReference; fileEncoding = 4; lastKnownFileType = sourcecode.c.objc; path = MWFeedParser.m; sourceTree = "<group>"; };
		5D04743F1549EBBC00BF7753 /* MWFeedInfo.h */ = {isa = PBXFileReference; fileEncoding = 4; lastKnownFileType = sourcecode.c.h; path = MWFeedInfo.h; sourceTree = "<group>"; };
		5D0474401549EBBC00BF7753 /* MWFeedInfo.m */ = {isa = PBXFileReference; fileEncoding = 4; lastKnownFileType = sourcecode.c.objc; path = MWFeedInfo.m; sourceTree = "<group>"; };
		5D0474411549EBBC00BF7753 /* MWFeedItem.h */ = {isa = PBXFileReference; fileEncoding = 4; lastKnownFileType = sourcecode.c.h; path = MWFeedItem.h; sourceTree = "<group>"; };
		5D0474421549EBBC00BF7753 /* MWFeedItem.m */ = {isa = PBXFileReference; fileEncoding = 4; lastKnownFileType = sourcecode.c.objc; path = MWFeedItem.m; sourceTree = "<group>"; };
		5D0474461549EBC600BF7753 /* NSString+HTML.h */ = {isa = PBXFileReference; fileEncoding = 4; lastKnownFileType = sourcecode.c.h; path = "NSString+HTML.h"; sourceTree = "<group>"; };
		5D0474471549EBC600BF7753 /* NSString+HTML.m */ = {isa = PBXFileReference; fileEncoding = 4; lastKnownFileType = sourcecode.c.objc; path = "NSString+HTML.m"; sourceTree = "<group>"; };
		5D0474481549EBC600BF7753 /* NSDate+InternetDateTime.h */ = {isa = PBXFileReference; fileEncoding = 4; lastKnownFileType = sourcecode.c.h; path = "NSDate+InternetDateTime.h"; sourceTree = "<group>"; };
		5D0474491549EBC600BF7753 /* NSDate+InternetDateTime.m */ = {isa = PBXFileReference; fileEncoding = 4; lastKnownFileType = sourcecode.c.objc; path = "NSDate+InternetDateTime.m"; sourceTree = "<group>"; };
		5D04744C1549EBD300BF7753 /* GTMNSString+HTML.h */ = {isa = PBXFileReference; fileEncoding = 4; lastKnownFileType = sourcecode.c.h; path = "GTMNSString+HTML.h"; sourceTree = "<group>"; };
		5D04744D1549EBD300BF7753 /* GTMNSString+HTML.m */ = {isa = PBXFileReference; fileEncoding = 4; lastKnownFileType = sourcecode.c.objc; path = "GTMNSString+HTML.m"; sourceTree = "<group>"; };
		5D04744E1549EBD300BF7753 /* NSString+XMLEntities.h */ = {isa = PBXFileReference; fileEncoding = 4; lastKnownFileType = sourcecode.c.h; path = "NSString+XMLEntities.h"; sourceTree = "<group>"; };
		5D04744F1549EBD300BF7753 /* NSString+XMLEntities.m */ = {isa = PBXFileReference; fileEncoding = 4; lastKnownFileType = sourcecode.c.objc; path = "NSString+XMLEntities.m"; sourceTree = "<group>"; };
		5D0474531549F72900BF7753 /* facebook_icon.png */ = {isa = PBXFileReference; lastKnownFileType = image.png; path = facebook_icon.png; sourceTree = "<group>"; };
		5D0474551549F80C00BF7753 /* twittericon.png */ = {isa = PBXFileReference; lastKnownFileType = image.png; path = twittericon.png; sourceTree = "<group>"; };
		5D0474571549F85400BF7753 /* linkedin_icon.png */ = {isa = PBXFileReference; lastKnownFileType = image.png; path = linkedin_icon.png; sourceTree = "<group>"; };
		5D2FA6F0154B37A700D52076 /* vault-320.png */ = {isa = PBXFileReference; lastKnownFileType = image.png; path = "vault-320.png"; sourceTree = "<group>"; };
		5D2FA6F1154B37A700D52076 /* vault-480.png */ = {isa = PBXFileReference; lastKnownFileType = image.png; path = "vault-480.png"; sourceTree = "<group>"; };
		5D2FA6F2154B37A700D52076 /* vault-768.png */ = {isa = PBXFileReference; lastKnownFileType = image.png; path = "vault-768.png"; sourceTree = "<group>"; };
		5D2FA6F3154B37A700D52076 /* vault-1024.png */ = {isa = PBXFileReference; lastKnownFileType = image.png; path = "vault-1024.png"; sourceTree = "<group>"; };
		5D2FA6F4154B37A700D52076 /* blog-57.png */ = {isa = PBXFileReference; lastKnownFileType = image.png; path = "blog-57.png"; sourceTree = "<group>"; };
		5D2FA6F5154B37A700D52076 /* blog-72.png */ = {isa = PBXFileReference; lastKnownFileType = image.png; path = "blog-72.png"; sourceTree = "<group>"; };
		5D2FA6F6154B37A700D52076 /* blog-144.png */ = {isa = PBXFileReference; lastKnownFileType = image.png; path = "blog-144.png"; sourceTree = "<group>"; };
		5D2FA6F7154B37A700D52076 /* blog-114.png */ = {isa = PBXFileReference; lastKnownFileType = image.png; path = "blog-114.png"; sourceTree = "<group>"; };
		5D2FA709154B4EE600D52076 /* MessageUI.framework */ = {isa = PBXFileReference; lastKnownFileType = wrapper.framework; name = MessageUI.framework; path = System/Library/Frameworks/MessageUI.framework; sourceTree = SDKROOT; };
		5D2FCC461538DBA500A4F530 /* CheerLeader.app */ = {isa = PBXFileReference; explicitFileType = wrapper.application; includeInIndex = 0; path = CheerLeader.app; sourceTree = BUILT_PRODUCTS_DIR; };
		5D2FCC4A1538DBA600A4F530 /* UIKit.framework */ = {isa = PBXFileReference; lastKnownFileType = wrapper.framework; name = UIKit.framework; path = System/Library/Frameworks/UIKit.framework; sourceTree = SDKROOT; };
		5D2FCC4C1538DBA600A4F530 /* Foundation.framework */ = {isa = PBXFileReference; lastKnownFileType = wrapper.framework; name = Foundation.framework; path = System/Library/Frameworks/Foundation.framework; sourceTree = SDKROOT; };
		5D2FCC4E1538DBA600A4F530 /* CoreGraphics.framework */ = {isa = PBXFileReference; lastKnownFileType = wrapper.framework; name = CoreGraphics.framework; path = System/Library/Frameworks/CoreGraphics.framework; sourceTree = SDKROOT; };
		5D2FCC521538DBA600A4F530 /* CheerLeader-Info.plist */ = {isa = PBXFileReference; lastKnownFileType = text.plist.xml; path = "CheerLeader-Info.plist"; sourceTree = "<group>"; };
		5D2FCC541538DBA600A4F530 /* en */ = {isa = PBXFileReference; lastKnownFileType = text.plist.strings; name = en; path = en.lproj/InfoPlist.strings; sourceTree = "<group>"; };
		5D2FCC561538DBA600A4F530 /* main.m */ = {isa = PBXFileReference; lastKnownFileType = sourcecode.c.objc; path = main.m; sourceTree = "<group>"; };
		5D2FCC581538DBA600A4F530 /* CheerLeader-Prefix.pch */ = {isa = PBXFileReference; lastKnownFileType = sourcecode.c.h; path = "CheerLeader-Prefix.pch"; sourceTree = "<group>"; };
		5D2FCC591538DBA600A4F530 /* AppDelegate.h */ = {isa = PBXFileReference; lastKnownFileType = sourcecode.c.h; path = AppDelegate.h; sourceTree = "<group>"; };
		5D2FCC5A1538DBA600A4F530 /* AppDelegate.m */ = {isa = PBXFileReference; lastKnownFileType = sourcecode.c.objc; path = AppDelegate.m; sourceTree = "<group>"; };
		5DD30AD21539E68600FF7A56 /* MBProgressHUD.h */ = {isa = PBXFileReference; fileEncoding = 4; lastKnownFileType = sourcecode.c.h; path = MBProgressHUD.h; sourceTree = "<group>"; };
		5DD30AD31539E68600FF7A56 /* MBProgressHUD.m */ = {isa = PBXFileReference; fileEncoding = 4; lastKnownFileType = sourcecode.c.objc; path = MBProgressHUD.m; sourceTree = "<group>"; };
		5DD30B06153A0A7300FF7A56 /* April06-250.jpg */ = {isa = PBXFileReference; lastKnownFileType = image.jpeg; path = "April06-250.jpg"; sourceTree = "<group>"; };
		5DD30B07153A0A7300FF7A56 /* augSEP04.tif */ = {isa = PBXFileReference; lastKnownFileType = image.tiff; path = augSEP04.tif; sourceTree = "<group>"; };
		5DD30B08153A0A7300FF7A56 /* IC_janfeb07_250.jpg */ = {isa = PBXFileReference; lastKnownFileType = image.jpeg; path = IC_janfeb07_250.jpg; sourceTree = "<group>"; };
		5DD30B09153A0A7300FF7A56 /* IC_JanFeb09-250.jpg */ = {isa = PBXFileReference; lastKnownFileType = image.jpeg; path = "IC_JanFeb09-250.jpg"; sourceTree = "<group>"; };
		5DD30B0A153A0A7300FF7A56 /* IC_JanFeb10-250.jpg */ = {isa = PBXFileReference; lastKnownFileType = image.jpeg; path = "IC_JanFeb10-250.jpg"; sourceTree = "<group>"; };
		5DD30B0B153A0A7300FF7A56 /* IC_JanFeb11-250.jpg */ = {isa = PBXFileReference; lastKnownFileType = image.jpeg; path = "IC_JanFeb11-250.jpg"; sourceTree = "<group>"; };
		5DD30B0C153A0A7300FF7A56 /* IC_janfeb12-250.jpg */ = {isa = PBXFileReference; lastKnownFileType = image.jpeg; path = "IC_janfeb12-250.jpg"; sourceTree = "<group>"; };
		5DD30B0D153A0A7300FF7A56 /* IC_julyaug06-250.jpg */ = {isa = PBXFileReference; lastKnownFileType = image.jpeg; path = "IC_julyaug06-250.jpg"; sourceTree = "<group>"; };
		5DD30B0E153A0A7300FF7A56 /* IC_julyaug07_250.jpg */ = {isa = PBXFileReference; lastKnownFileType = image.jpeg; path = IC_julyaug07_250.jpg; sourceTree = "<group>"; };
		5DD30B0F153A0A7300FF7A56 /* IC_julyaug08_250.jpg */ = {isa = PBXFileReference; lastKnownFileType = image.jpeg; path = IC_julyaug08_250.jpg; sourceTree = "<group>"; };
		5DD30B10153A0A7300FF7A56 /* IC_JulyAug11-250.jpg */ = {isa = PBXFileReference; lastKnownFileType = image.jpeg; path = "IC_JulyAug11-250.jpg"; sourceTree = "<group>"; };
		5DD30B11153A0A7300FF7A56 /* IC_julycover_09-250.jpg */ = {isa = PBXFileReference; lastKnownFileType = image.jpeg; path = "IC_julycover_09-250.jpg"; sourceTree = "<group>"; };
		5DD30B12153A0A7300FF7A56 /* IC_june07-250.jpg */ = {isa = PBXFileReference; lastKnownFileType = image.jpeg; path = "IC_june07-250.jpg"; sourceTree = "<group>"; };
		5DD30B13153A0A7300FF7A56 /* IC_marapr07-250.jpg */ = {isa = PBXFileReference; lastKnownFileType = image.jpeg; path = "IC_marapr07-250.jpg"; sourceTree = "<group>"; };
		5DD30B14153A0A7300FF7A56 /* IC_marapr08_125.jpg */ = {isa = PBXFileReference; lastKnownFileType = image.jpeg; path = IC_marapr08_125.jpg; sourceTree = "<group>"; };
		5DD30B15153A0A7300FF7A56 /* IC_marapr09-250.jpg */ = {isa = PBXFileReference; lastKnownFileType = image.jpeg; path = "IC_marapr09-250.jpg"; sourceTree = "<group>"; };
		5DD30B16153A0A7300FF7A56 /* IC_marapr10-250.jpg */ = {isa = PBXFileReference; lastKnownFileType = image.jpeg; path = "IC_marapr10-250.jpg"; sourceTree = "<group>"; };
		5DD30B17153A0A7300FF7A56 /* IC_marapr11-250.jpg */ = {isa = PBXFileReference; lastKnownFileType = image.jpeg; path = "IC_marapr11-250.jpg"; sourceTree = "<group>"; };
		5DD30B18153A0A7300FF7A56 /* IC_mayjune08-250.jpg */ = {isa = PBXFileReference; lastKnownFileType = image.jpeg; path = "IC_mayjune08-250.jpg"; sourceTree = "<group>"; };
		5DD30B19153A0A7300FF7A56 /* IC_MayJune09-250.jpg */ = {isa = PBXFileReference; lastKnownFileType = image.jpeg; path = "IC_MayJune09-250.jpg"; sourceTree = "<group>"; };
		5DD30B1A153A0A7300FF7A56 /* IC_MayJune10-250.jpg */ = {isa = PBXFileReference; lastKnownFileType = image.jpeg; path = "IC_MayJune10-250.jpg"; sourceTree = "<group>"; };
		5DD30B1B153A0A7300FF7A56 /* IC_novdec08_250.jpg */ = {isa = PBXFileReference; lastKnownFileType = image.jpeg; path = IC_novdec08_250.jpg; sourceTree = "<group>"; };
		5DD30B1C153A0A7300FF7A56 /* IC_novdec11-250.jpg */ = {isa = PBXFileReference; lastKnownFileType = image.jpeg; path = "IC_novdec11-250.jpg"; sourceTree = "<group>"; };
		5DD30B1D153A0A7300FF7A56 /* IC_NovDec_10-250.jpg */ = {isa = PBXFileReference; lastKnownFileType = image.jpeg; path = "IC_NovDec_10-250.jpg"; sourceTree = "<group>"; };
		5DD30B1E153A0A7300FF7A56 /* IC_sepoct11-250.jpg */ = {isa = PBXFileReference; lastKnownFileType = image.jpeg; path = "IC_sepoct11-250.jpg"; sourceTree = "<group>"; };
		5DD30B1F153A0A7300FF7A56 /* IC_septoct06-250.jpg */ = {isa = PBXFileReference; lastKnownFileType = image.jpeg; path = "IC_septoct06-250.jpg"; sourceTree = "<group>"; };
		5DD30B20153A0A7300FF7A56 /* IC_septoct08_250.jpg */ = {isa = PBXFileReference; lastKnownFileType = image.jpeg; path = IC_septoct08_250.jpg; sourceTree = "<group>"; };
		5DD30B21153A0A7300FF7A56 /* IC_septoct10-250.jpg */ = {isa = PBXFileReference; lastKnownFileType = image.jpeg; path = "IC_septoct10-250.jpg"; sourceTree = "<group>"; };
		5DD30B22153A0A7300FF7A56 /* IC_septoct_09-250.jpg */ = {isa = PBXFileReference; lastKnownFileType = image.jpeg; path = "IC_septoct_09-250.jpg"; sourceTree = "<group>"; };
		5DD30B23153A0A7300FF7A56 /* iCJanFeb05.jpg */ = {isa = PBXFileReference; lastKnownFileType = image.jpeg; path = iCJanFeb05.jpg; sourceTree = "<group>"; };
		5DD30B24153A0A7300FF7A56 /* ICjanfeb08-250.jpg */ = {isa = PBXFileReference; lastKnownFileType = image.jpeg; path = "ICjanfeb08-250.jpg"; sourceTree = "<group>"; };
		5DD30B25153A0A7300FF7A56 /* iCJulyAug10-250.jpg */ = {isa = PBXFileReference; lastKnownFileType = image.jpeg; path = "iCJulyAug10-250.jpg"; sourceTree = "<group>"; };
		5DD30B26153A0A7300FF7A56 /* iCMarApr05.jpg */ = {isa = PBXFileReference; lastKnownFileType = image.jpeg; path = iCMarApr05.jpg; sourceTree = "<group>"; };
		5DD30B27153A0A7300FF7A56 /* iCNovDec05.jpg */ = {isa = PBXFileReference; lastKnownFileType = image.jpeg; path = iCNovDec05.jpg; sourceTree = "<group>"; };
		5DD30B28153A0A7300FF7A56 /* ICnovdec06-250.jpg */ = {isa = PBXFileReference; lastKnownFileType = image.jpeg; path = "ICnovdec06-250.jpg"; sourceTree = "<group>"; };
		5DD30B29153A0A7300FF7A56 /* ICnovdec07-250.jpg */ = {isa = PBXFileReference; lastKnownFileType = image.jpeg; path = "ICnovdec07-250.jpg"; sourceTree = "<group>"; };
		5DD30B2A153A0A7300FF7A56 /* ICnovdec09-250.jpg */ = {isa = PBXFileReference; lastKnownFileType = image.jpeg; path = "ICnovdec09-250.jpg"; sourceTree = "<group>"; };
		5DD30B2B153A0A7300FF7A56 /* iCOctNov04.jpg */ = {isa = PBXFileReference; lastKnownFileType = image.jpeg; path = iCOctNov04.jpg; sourceTree = "<group>"; };
		5DD30B2C153A0A7300FF7A56 /* iCSepOct05.jpg */ = {isa = PBXFileReference; lastKnownFileType = image.jpeg; path = iCSepOct05.jpg; sourceTree = "<group>"; };
		5DD30B2D153A0A7300FF7A56 /* ICsepoct07_250.jpg */ = {isa = PBXFileReference; lastKnownFileType = image.jpeg; path = ICsepoct07_250.jpg; sourceTree = "<group>"; };
		5DD30B2E153A0A7300FF7A56 /* mayJUNE05.tif */ = {isa = PBXFileReference; lastKnownFileType = image.tiff; path = mayJUNE05.tif; sourceTree = "<group>"; };
		5DD30B2F153A0A7300FF7A56 /* mayJune06_IC-250.jpg */ = {isa = PBXFileReference; lastKnownFileType = image.jpeg; path = "mayJune06_IC-250.jpg"; sourceTree = "<group>"; };
		5DD30B30153A0A7300FF7A56 /* premiercover.tif */ = {isa = PBXFileReference; lastKnownFileType = image.tiff; path = premiercover.tif; sourceTree = "<group>"; };
		5DD30B5D153A0D9B00FF7A56 /* forward.png */ = {isa = PBXFileReference; lastKnownFileType = image.png; path = forward.png; sourceTree = "<group>"; };
		5DD30B5E153A0D9E00FF7A56 /* BackWard.png */ = {isa = PBXFileReference; lastKnownFileType = image.png; path = BackWard.png; sourceTree = "<group>"; };
		5DD30B65153A16B000FF7A56 /* ModalController.m */ = {isa = PBXFileReference; fileEncoding = 4; lastKnownFileType = sourcecode.c.objc; path = ModalController.m; sourceTree = "<group>"; };
		5DD30B66153A16B000FF7A56 /* ModalController.h */ = {isa = PBXFileReference; fileEncoding = 4; lastKnownFileType = sourcecode.c.h; path = ModalController.h; sourceTree = "<group>"; };
		5DD692FB15488EE8007F353F /* events-114.png */ = {isa = PBXFileReference; lastKnownFileType = image.png; path = "events-114.png"; sourceTree = "<group>"; };
		5DD692FC15488EE8007F353F /* events-144.png */ = {isa = PBXFileReference; lastKnownFileType = image.png; path = "events-144.png"; sourceTree = "<group>"; };
		5DD692FD15488EE8007F353F /* events-57.png */ = {isa = PBXFileReference; lastKnownFileType = image.png; path = "events-57.png"; sourceTree = "<group>"; };
		5DD692FE15488EE8007F353F /* events-72.png */ = {isa = PBXFileReference; lastKnownFileType = image.png; path = "events-72.png"; sourceTree = "<group>"; };
		5DD692FF15488EE8007F353F /* gallery-114.png */ = {isa = PBXFileReference; lastKnownFileType = image.png; path = "gallery-114.png"; sourceTree = "<group>"; };
		5DD6930015488EE8007F353F /* gallery-144.png */ = {isa = PBXFileReference; lastKnownFileType = image.png; path = "gallery-144.png"; sourceTree = "<group>"; };
		5DD6930115488EE8007F353F /* gallery-57.png */ = {isa = PBXFileReference; lastKnownFileType = image.png; path = "gallery-57.png"; sourceTree = "<group>"; };
		5DD6930215488EE8007F353F /* gallery-72.png */ = {isa = PBXFileReference; lastKnownFileType = image.png; path = "gallery-72.png"; sourceTree = "<group>"; };
		5DD6930315488EE8007F353F /* ic-100.png */ = {isa = PBXFileReference; lastKnownFileType = image.png; path = "ic-100.png"; sourceTree = "<group>"; };
		5DD6930415488EE8007F353F /* ic-1024.png */ = {isa = PBXFileReference; lastKnownFileType = image.png; path = "ic-1024.png"; sourceTree = "<group>"; };
		5DD6930515488EE8007F353F /* ic-114.png */ = {isa = PBXFileReference; lastKnownFileType = image.png; path = "ic-114.png"; sourceTree = "<group>"; };
		5DD6930615488EE8007F353F /* ic-144.png */ = {isa = PBXFileReference; lastKnownFileType = image.png; path = "ic-144.png"; sourceTree = "<group>"; };
		5DD6930715488EE8007F353F /* ic-29.png */ = {isa = PBXFileReference; lastKnownFileType = image.png; path = "ic-29.png"; sourceTree = "<group>"; };
		5DD6930815488EE8007F353F /* ic-50.png */ = {isa = PBXFileReference; lastKnownFileType = image.png; path = "ic-50.png"; sourceTree = "<group>"; };
		5DD6930915488EE8007F353F /* ic-512.png */ = {isa = PBXFileReference; lastKnownFileType = image.png; path = "ic-512.png"; sourceTree = "<group>"; };
		5DD6930A15488EE8007F353F /* icon.png */ = {isa = PBXFileReference; lastKnownFileType = image.png; path = icon.png; sourceTree = "<group>"; };
		5DD6930B15488EE8007F353F /* ic-58.png */ = {isa = PBXFileReference; lastKnownFileType = image.png; path = "ic-58.png"; sourceTree = "<group>"; };
		5DD6930C15488EE8007F353F /* ic-72.png */ = {isa = PBXFileReference; lastKnownFileType = image.png; path = "ic-72.png"; sourceTree = "<group>"; };
		5DD6930D15488EE8007F353F /* newsletter-114.png */ = {isa = PBXFileReference; lastKnownFileType = image.png; path = "newsletter-114.png"; sourceTree = "<group>"; };
		5DD6930E15488EE8007F353F /* newsletter-144.png */ = {isa = PBXFileReference; lastKnownFileType = image.png; path = "newsletter-144.png"; sourceTree = "<group>"; };
		5DD6930F15488EE8007F353F /* newsletter-57.png */ = {isa = PBXFileReference; lastKnownFileType = image.png; path = "newsletter-57.png"; sourceTree = "<group>"; };
		5DD6931015488EE8007F353F /* newsletter-72.png */ = {isa = PBXFileReference; lastKnownFileType = image.png; path = "newsletter-72.png"; sourceTree = "<group>"; };
		5DD6931115488EE8007F353F /* rss-114.png */ = {isa = PBXFileReference; lastKnownFileType = image.png; path = "rss-114.png"; sourceTree = "<group>"; };
		5DD6931215488EE8007F353F /* rss-144.png */ = {isa = PBXFileReference; lastKnownFileType = image.png; path = "rss-144.png"; sourceTree = "<group>"; };
		5DD6931315488EE8007F353F /* rss-57.png */ = {isa = PBXFileReference; lastKnownFileType = image.png; path = "rss-57.png"; sourceTree = "<group>"; };
		5DD6931415488EE8007F353F /* rss-72.png */ = {isa = PBXFileReference; lastKnownFileType = image.png; path = "rss-72.png"; sourceTree = "<group>"; };
		5DD6931515488EE8007F353F /* social-114.png */ = {isa = PBXFileReference; lastKnownFileType = image.png; path = "social-114.png"; sourceTree = "<group>"; };
		5DD6931615488EE8007F353F /* social-144.png */ = {isa = PBXFileReference; lastKnownFileType = image.png; path = "social-144.png"; sourceTree = "<group>"; };
		5DD6931715488EE8007F353F /* social-57.png */ = {isa = PBXFileReference; lastKnownFileType = image.png; path = "social-57.png"; sourceTree = "<group>"; };
		5DD6931815488EE8007F353F /* social-72.png */ = {isa = PBXFileReference; lastKnownFileType = image.png; path = "social-72.png"; sourceTree = "<group>"; };
		5DD6931915488EE8007F353F /* subscribe-114.png */ = {isa = PBXFileReference; lastKnownFileType = image.png; path = "subscribe-114.png"; sourceTree = "<group>"; };
		5DD6931A15488EE8007F353F /* subscribe-144.png */ = {isa = PBXFileReference; lastKnownFileType = image.png; path = "subscribe-144.png"; sourceTree = "<group>"; };
		5DD6931B15488EE8007F353F /* subscribe-57.png */ = {isa = PBXFileReference; lastKnownFileType = image.png; path = "subscribe-57.png"; sourceTree = "<group>"; };
		5DD6931C15488EE8007F353F /* subscribe-72.png */ = {isa = PBXFileReference; lastKnownFileType = image.png; path = "subscribe-72.png"; sourceTree = "<group>"; };
		5DD6931D15488EE8007F353F /* youtube-114.png */ = {isa = PBXFileReference; lastKnownFileType = image.png; path = "youtube-114.png"; sourceTree = "<group>"; };
		5DD6931E15488EE8007F353F /* youtube-144.png */ = {isa = PBXFileReference; lastKnownFileType = image.png; path = "youtube-144.png"; sourceTree = "<group>"; };
		5DD6931F15488EE8007F353F /* youtube-57.png */ = {isa = PBXFileReference; lastKnownFileType = image.png; path = "youtube-57.png"; sourceTree = "<group>"; };
		5DD6932015488EE8007F353F /* youtube-72.png */ = {isa = PBXFileReference; lastKnownFileType = image.png; path = "youtube-72.png"; sourceTree = "<group>"; };
		5DD69349154890A2007F353F /* EPIC_iPhone.jpg */ = {isa = PBXFileReference; lastKnownFileType = image.jpeg; path = EPIC_iPhone.jpg; sourceTree = "<group>"; };
		5DD6934F15489140007F353F /* iPad_Shoe.png */ = {isa = PBXFileReference; lastKnownFileType = image.png; path = iPad_Shoe.png; sourceTree = "<group>"; };
		5DEDBEF91540884A008DFACC /* AdCheerLeader.png */ = {isa = PBXFileReference; lastKnownFileType = image.png; path = AdCheerLeader.png; sourceTree = "<group>"; };
		5DEDBF0615409535008DFACC /* 148-doghouse.png */ = {isa = PBXFileReference; lastKnownFileType = image.png; path = "148-doghouse.png"; sourceTree = "<group>"; };
		5DEDBF081540958C008DFACC /* 166-newspaper.png */ = {isa = PBXFileReference; lastKnownFileType = image.png; path = "166-newspaper.png"; sourceTree = "<group>"; };
		5DEDBF0A1540971F008DFACC /* 180-stickynote.png */ = {isa = PBXFileReference; lastKnownFileType = image.png; path = "180-stickynote.png"; sourceTree = "<group>"; };
		5DEDBF121540A4B4008DFACC /* twitterIcon.jpg */ = {isa = PBXFileReference; lastKnownFileType = image.jpeg; path = twitterIcon.jpg; sourceTree = "<group>"; };
		5DEDBF131540A4B4008DFACC /* LinkedIcon.jpg */ = {isa = PBXFileReference; lastKnownFileType = image.jpeg; path = LinkedIcon.jpg; sourceTree = "<group>"; };
		5DEDBF141540A4B4008DFACC /* FacebookIcon.jpg */ = {isa = PBXFileReference; lastKnownFileType = image.jpeg; path = FacebookIcon.jpg; sourceTree = "<group>"; };
		5DEDBF1F1540C05B008DFACC /* Reachability.h */ = {isa = PBXFileReference; fileEncoding = 4; lastKnownFileType = sourcecode.c.h; path = Reachability.h; sourceTree = "<group>"; };
		5DEDBF201540C05B008DFACC /* Reachability.m */ = {isa = PBXFileReference; fileEncoding = 4; lastKnownFileType = sourcecode.c.objc; path = Reachability.m; sourceTree = "<group>"; };
		5DEDBF221540C0C1008DFACC /* SystemConfiguration.framework */ = {isa = PBXFileReference; lastKnownFileType = wrapper.framework; name = SystemConfiguration.framework; path = System/Library/Frameworks/SystemConfiguration.framework; sourceTree = SDKROOT; };
		5DEDBF241540C0C7008DFACC /* Security.framework */ = {isa = PBXFileReference; lastKnownFileType = wrapper.framework; name = Security.framework; path = System/Library/Frameworks/Security.framework; sourceTree = SDKROOT; };
		5DEDBF261540C111008DFACC /* CFNetwork.framework */ = {isa = PBXFileReference; lastKnownFileType = wrapper.framework; name = CFNetwork.framework; path = System/Library/Frameworks/CFNetwork.framework; sourceTree = SDKROOT; };
		5DFE98B1153F741100AEFE52 /* iC App Logos.pdf */ = {isa = PBXFileReference; lastKnownFileType = image.pdf; path = "iC App Logos.pdf"; sourceTree = "<group>"; };
		5DFE98B2153F741100AEFE52 /* iC App Logos.ai */ = {isa = PBXFileReference; fileEncoding = 4; lastKnownFileType = text; path = "iC App Logos.ai"; sourceTree = "<group>"; };
		5DFE98B3153F741100AEFE52 /* icon1.png */ = {isa = PBXFileReference; lastKnownFileType = image.png; path = icon1.png; sourceTree = "<group>"; };
		5DFE98B4153F741100AEFE52 /* RSS.png */ = {isa = PBXFileReference; lastKnownFileType = image.png; path = RSS.png; sourceTree = "<group>"; };
		5DFE98B5153F741100AEFE52 /* youTube.png */ = {isa = PBXFileReference; lastKnownFileType = image.png; path = youTube.png; sourceTree = "<group>"; };
		5DFE98B6153F741100AEFE52 /* SocialNetwork.png */ = {isa = PBXFileReference; lastKnownFileType = image.png; path = SocialNetwork.png; sourceTree = "<group>"; };
		5DFE98B7153F741100AEFE52 /* Newsletter.png */ = {isa = PBXFileReference; lastKnownFileType = image.png; path = Newsletter.png; sourceTree = "<group>"; };
		5DFE98B8153F741100AEFE52 /* MagazineGallery.png */ = {isa = PBXFileReference; lastKnownFileType = image.png; path = MagazineGallery.png; sourceTree = "<group>"; };
		5DFE98B9153F741100AEFE52 /* IConthescene.png */ = {isa = PBXFileReference; lastKnownFileType = image.png; path = IConthescene.png; sourceTree = "<group>"; };
/* End PBXFileReference section */

/* Begin PBXFrameworksBuildPhase section */
		5D2FCC431538DBA500A4F530 /* Frameworks */ = {
			isa = PBXFrameworksBuildPhase;
			buildActionMask = 2147483647;
			files = (
				5D2FA70A154B4EE600D52076 /* MessageUI.framework in Frameworks */,
				5D02E46615434E2900979950 /* QuartzCore.framework in Frameworks */,
				5DEDBF271540C111008DFACC /* CFNetwork.framework in Frameworks */,
				5DEDBF251540C0C7008DFACC /* Security.framework in Frameworks */,
				5DEDBF231540C0C1008DFACC /* SystemConfiguration.framework in Frameworks */,
				5D2FCC4B1538DBA600A4F530 /* UIKit.framework in Frameworks */,
				5D2FCC4D1538DBA600A4F530 /* Foundation.framework in Frameworks */,
				5D2FCC4F1538DBA600A4F530 /* CoreGraphics.framework in Frameworks */,
			);
			runOnlyForDeploymentPostprocessing = 0;
		};
/* End PBXFrameworksBuildPhase section */

/* Begin PBXGroup section */
		5D0474521549EBDB00BF7753 /* RSSFeed */ = {
			isa = PBXGroup;
			children = (
				5D0474361549EB8000BF7753 /* RootViewController.h */,
				5D0474371549EB8000BF7753 /* RootViewController.m */,
				5D04743A1549EB9E00BF7753 /* RootViewController.xib */,
				5D04743C1549EBBC00BF7753 /* MWFeedParser.h */,
				5D04743D1549EBBC00BF7753 /* MWFeedParser_Private.h */,
				5D04743E1549EBBC00BF7753 /* MWFeedParser.m */,
				5D04743F1549EBBC00BF7753 /* MWFeedInfo.h */,
				5D0474401549EBBC00BF7753 /* MWFeedInfo.m */,
				5D0474411549EBBC00BF7753 /* MWFeedItem.h */,
				5D0474421549EBBC00BF7753 /* MWFeedItem.m */,
				5D0474461549EBC600BF7753 /* NSString+HTML.h */,
				5D0474471549EBC600BF7753 /* NSString+HTML.m */,
				5D0474481549EBC600BF7753 /* NSDate+InternetDateTime.h */,
				5D0474491549EBC600BF7753 /* NSDate+InternetDateTime.m */,
				5D04744C1549EBD300BF7753 /* GTMNSString+HTML.h */,
				5D04744D1549EBD300BF7753 /* GTMNSString+HTML.m */,
				5D04744E1549EBD300BF7753 /* NSString+XMLEntities.h */,
				5D04744F1549EBD300BF7753 /* NSString+XMLEntities.m */,
			);
			name = RSSFeed;
			sourceTree = "<group>";
		};
		5D2FCC3B1538DBA500A4F530 = {
			isa = PBXGroup;
			children = (
				5D2FA709154B4EE600D52076 /* MessageUI.framework */,
				1CF510B115499D0800CBD618 /* EPIC_iPad.jpg */,
				1CF510B215499D0800CBD618 /* iPhone_Shoe.png */,
				5D02E46515434E2800979950 /* QuartzCore.framework */,
				5DEDBF261540C111008DFACC /* CFNetwork.framework */,
				5DEDBF241540C0C7008DFACC /* Security.framework */,
				5DEDBF221540C0C1008DFACC /* SystemConfiguration.framework */,
				5DD30B6A153A16C200FF7A56 /* ModalClass */,
				5DD30B5C153A0A7800FF7A56 /* Images */,
				5D2FCC711538DCDA00A4F530 /* ControllerClass */,
				5D2FCC6A1538DC0200A4F530 /* ModalClass */,
				5D2FCC501538DBA600A4F530 /* CheerLeader */,
				5D2FCC491538DBA600A4F530 /* Frameworks */,
				5D2FCC471538DBA500A4F530 /* Products */,
			);
			sourceTree = "<group>";
		};
		5D2FCC471538DBA500A4F530 /* Products */ = {
			isa = PBXGroup;
			children = (
				5D2FCC461538DBA500A4F530 /* CheerLeader.app */,
			);
			name = Products;
			sourceTree = "<group>";
		};
		5D2FCC491538DBA600A4F530 /* Frameworks */ = {
			isa = PBXGroup;
			children = (
				5D2FCC4A1538DBA600A4F530 /* UIKit.framework */,
				5D2FCC4C1538DBA600A4F530 /* Foundation.framework */,
				5D2FCC4E1538DBA600A4F530 /* CoreGraphics.framework */,
			);
			name = Frameworks;
			sourceTree = "<group>";
		};
		5D2FCC501538DBA600A4F530 /* CheerLeader */ = {
			isa = PBXGroup;
			children = (
				5D2FCC591538DBA600A4F530 /* AppDelegate.h */,
				5D2FCC5A1538DBA600A4F530 /* AppDelegate.m */,
				5D2FCC511538DBA600A4F530 /* Supporting Files */,
			);
			path = CheerLeader;
			sourceTree = "<group>";
		};
		5D2FCC511538DBA600A4F530 /* Supporting Files */ = {
			isa = PBXGroup;
			children = (
				5D2FCC521538DBA600A4F530 /* CheerLeader-Info.plist */,
				5D2FCC531538DBA600A4F530 /* InfoPlist.strings */,
				5D2FCC561538DBA600A4F530 /* main.m */,
				5D2FCC581538DBA600A4F530 /* CheerLeader-Prefix.pch */,
			);
			name = "Supporting Files";
			sourceTree = "<group>";
		};
		5D2FCC691538DBEF00A4F530 /* Global */ = {
			isa = PBXGroup;
			children = (
				1C7CB5A0154053310083B299 /* Global.h */,
			);
			name = Global;
			sourceTree = "<group>";
		};
		5D2FCC6A1538DC0200A4F530 /* ModalClass */ = {
			isa = PBXGroup;
			children = (
				5D2FCC691538DBEF00A4F530 /* Global */,
			);
			name = ModalClass;
			sourceTree = "<group>";
		};
		5D2FCC701538DCCF00A4F530 /* HomeViewController */ = {
			isa = PBXGroup;
			children = (
				1C7CB5A1154053310083B299 /* HomeViewController.h */,
				1C7CB5A2154053310083B299 /* HomeViewController.m */,
				1C7CB5A3154053310083B299 /* HomeViewController.xib */,
			);
			name = HomeViewController;
			sourceTree = "<group>";
		};
		5D2FCC711538DCDA00A4F530 /* ControllerClass */ = {
			isa = PBXGroup;
			children = (
				5D0474521549EBDB00BF7753 /* RSSFeed */,
				5DEDBF1115409774008DFACC /* ContactViewController */,
				5DEDBF0115408BA0008DFACC /* TabBarCLController */,
				5DD30B04153A087500FF7A56 /* GalleryViewController */,
				5DD30AE41539F47D00FF7A56 /* GeneralWebViewController */,
				5DD30AD61539E68A00FF7A56 /* MBProgressHUD */,
				5DC6821A153968B7003BB0C3 /* RssFeedViewController */,
				5DC68219153968AA003BB0C3 /* SocialNetViewController */,
				5D2FCC701538DCCF00A4F530 /* HomeViewController */,
			);
			name = ControllerClass;
			sourceTree = "<group>";
		};
		5DC68219153968AA003BB0C3 /* SocialNetViewController */ = {
			isa = PBXGroup;
			children = (
				1C7CB59B154053160083B299 /* SocialNetViewController.h */,
				1C7CB59C154053160083B299 /* SocialNetViewController.m */,
				1C7CB59D154053160083B299 /* SocialNetViewController.xib */,
			);
			name = SocialNetViewController;
			sourceTree = "<group>";
		};
		5DC6821A153968B7003BB0C3 /* RssFeedViewController */ = {
			isa = PBXGroup;
			children = (
				1C7CB596154052F70083B299 /* RssFeedViewController.h */,
				1C7CB597154052F70083B299 /* RssFeedViewController.m */,
				1C7CB598154052F70083B299 /* RssFeedViewController.xib */,
			);
			name = RssFeedViewController;
			sourceTree = "<group>";
		};
		5DD30AD61539E68A00FF7A56 /* MBProgressHUD */ = {
			isa = PBXGroup;
			children = (
				5DD30AD21539E68600FF7A56 /* MBProgressHUD.h */,
				5DD30AD31539E68600FF7A56 /* MBProgressHUD.m */,
			);
			name = MBProgressHUD;
			sourceTree = "<group>";
		};
		5DD30AE41539F47D00FF7A56 /* GeneralWebViewController */ = {
			isa = PBXGroup;
			children = (
				1C7CB591154052E50083B299 /* GeneralWebViewController.h */,
				1C7CB592154052E50083B299 /* GeneralWebViewController.m */,
				1C7CB593154052E50083B299 /* GeneralWebViewController.xib */,
			);
			name = GeneralWebViewController;
			sourceTree = "<group>";
		};
		5DD30B04153A087500FF7A56 /* GalleryViewController */ = {
			isa = PBXGroup;
			children = (
				1C7CB58C154052BE0083B299 /* GalleryViewController.h */,
				1C7CB58D154052BE0083B299 /* GalleryViewController.m */,
				1CF510A715498D0500CBD618 /* GalleryViewController.xib */,
			);
			name = GalleryViewController;
			sourceTree = "<group>";
		};
		5DD30B05153A0A7300FF7A56 /* Cover Jpes IC(1) */ = {
			isa = PBXGroup;
			children = (
				5DD30B06153A0A7300FF7A56 /* April06-250.jpg */,
				5DD30B07153A0A7300FF7A56 /* augSEP04.tif */,
				5DD30B08153A0A7300FF7A56 /* IC_janfeb07_250.jpg */,
				5DD30B09153A0A7300FF7A56 /* IC_JanFeb09-250.jpg */,
				5DD30B0A153A0A7300FF7A56 /* IC_JanFeb10-250.jpg */,
				5DD30B0B153A0A7300FF7A56 /* IC_JanFeb11-250.jpg */,
				5DD30B0C153A0A7300FF7A56 /* IC_janfeb12-250.jpg */,
				5DD30B0D153A0A7300FF7A56 /* IC_julyaug06-250.jpg */,
				5DD30B0E153A0A7300FF7A56 /* IC_julyaug07_250.jpg */,
				5DD30B0F153A0A7300FF7A56 /* IC_julyaug08_250.jpg */,
				5DD30B10153A0A7300FF7A56 /* IC_JulyAug11-250.jpg */,
				5DD30B11153A0A7300FF7A56 /* IC_julycover_09-250.jpg */,
				5DD30B12153A0A7300FF7A56 /* IC_june07-250.jpg */,
				5DD30B13153A0A7300FF7A56 /* IC_marapr07-250.jpg */,
				5DD30B14153A0A7300FF7A56 /* IC_marapr08_125.jpg */,
				5DD30B15153A0A7300FF7A56 /* IC_marapr09-250.jpg */,
				5DD30B16153A0A7300FF7A56 /* IC_marapr10-250.jpg */,
				5DD30B17153A0A7300FF7A56 /* IC_marapr11-250.jpg */,
				5DD30B18153A0A7300FF7A56 /* IC_mayjune08-250.jpg */,
				5DD30B19153A0A7300FF7A56 /* IC_MayJune09-250.jpg */,
				5DD30B1A153A0A7300FF7A56 /* IC_MayJune10-250.jpg */,
				5DD30B1B153A0A7300FF7A56 /* IC_novdec08_250.jpg */,
				5DD30B1C153A0A7300FF7A56 /* IC_novdec11-250.jpg */,
				5DD30B1D153A0A7300FF7A56 /* IC_NovDec_10-250.jpg */,
				5DD30B1E153A0A7300FF7A56 /* IC_sepoct11-250.jpg */,
				5DD30B1F153A0A7300FF7A56 /* IC_septoct06-250.jpg */,
				5DD30B20153A0A7300FF7A56 /* IC_septoct08_250.jpg */,
				5DD30B21153A0A7300FF7A56 /* IC_septoct10-250.jpg */,
				5DD30B22153A0A7300FF7A56 /* IC_septoct_09-250.jpg */,
				5DD30B23153A0A7300FF7A56 /* iCJanFeb05.jpg */,
				5DD30B24153A0A7300FF7A56 /* ICjanfeb08-250.jpg */,
				5DD30B25153A0A7300FF7A56 /* iCJulyAug10-250.jpg */,
				5DD30B26153A0A7300FF7A56 /* iCMarApr05.jpg */,
				5DD30B27153A0A7300FF7A56 /* iCNovDec05.jpg */,
				5DD30B28153A0A7300FF7A56 /* ICnovdec06-250.jpg */,
				5DD30B29153A0A7300FF7A56 /* ICnovdec07-250.jpg */,
				5DD30B2A153A0A7300FF7A56 /* ICnovdec09-250.jpg */,
				5DD30B2B153A0A7300FF7A56 /* iCOctNov04.jpg */,
				5DD30B2C153A0A7300FF7A56 /* iCSepOct05.jpg */,
				5DD30B2D153A0A7300FF7A56 /* ICsepoct07_250.jpg */,
				5DD30B2E153A0A7300FF7A56 /* mayJUNE05.tif */,
				5DD30B2F153A0A7300FF7A56 /* mayJune06_IC-250.jpg */,
				5DD30B30153A0A7300FF7A56 /* premiercover.tif */,
			);
			path = "Cover Jpes IC(1)";
			sourceTree = "<group>";
		};
		5DD30B5C153A0A7800FF7A56 /* Images */ = {
			isa = PBXGroup;
			children = (
				5D2FA6F0154B37A700D52076 /* vault-320.png */,
				5D2FA6F1154B37A700D52076 /* vault-480.png */,
				5D2FA6F2154B37A700D52076 /* vault-768.png */,
				5D2FA6F3154B37A700D52076 /* vault-1024.png */,
				5D2FA6F4154B37A700D52076 /* blog-57.png */,
				5D2FA6F5154B37A700D52076 /* blog-72.png */,
				5D2FA6F6154B37A700D52076 /* blog-144.png */,
				5D2FA6F7154B37A700D52076 /* blog-114.png */,
				5D0474571549F85400BF7753 /* linkedin_icon.png */,
				5D0474551549F80C00BF7753 /* twittericon.png */,
				5D0474531549F72900BF7753 /* facebook_icon.png */,
				1CF510AB1549926E00CBD618 /* pause.png */,
				1CF510A915498D6100CBD618 /* playback_play.png */,
				5DD692FA15488EE8007F353F /* ic app */,
				5DEDBF121540A4B4008DFACC /* twitterIcon.jpg */,
				5DEDBF131540A4B4008DFACC /* LinkedIcon.jpg */,
				5DEDBF141540A4B4008DFACC /* FacebookIcon.jpg */,
				5DEDBF081540958C008DFACC /* 166-newspaper.png */,
				5DEDBF0615409535008DFACC /* 148-doghouse.png */,
				5DEDBF0A1540971F008DFACC /* 180-stickynote.png */,
				5DEDBEF91540884A008DFACC /* AdCheerLeader.png */,
				5DFE98B1153F741100AEFE52 /* iC App Logos.pdf */,
				5DFE98B2153F741100AEFE52 /* iC App Logos.ai */,
				5DFE98B3153F741100AEFE52 /* icon1.png */,
				5DFE98B4153F741100AEFE52 /* RSS.png */,
				5DFE98B5153F741100AEFE52 /* youTube.png */,
				5DFE98B6153F741100AEFE52 /* SocialNetwork.png */,
				5DFE98B7153F741100AEFE52 /* Newsletter.png */,
				5DFE98B8153F741100AEFE52 /* MagazineGallery.png */,
				5DFE98B9153F741100AEFE52 /* IConthescene.png */,
				5DD30B5D153A0D9B00FF7A56 /* forward.png */,
				5DD30B5E153A0D9E00FF7A56 /* BackWard.png */,
				5DD30B05153A0A7300FF7A56 /* Cover Jpes IC(1) */,
			);
			name = Images;
			sourceTree = "<group>";
		};
		5DD30B69153A16B500FF7A56 /* ModalController */ = {
			isa = PBXGroup;
			children = (
				5DEDBF1F1540C05B008DFACC /* Reachability.h */,
				5DEDBF201540C05B008DFACC /* Reachability.m */,
				5DD30B65153A16B000FF7A56 /* ModalController.m */,
				5DD30B66153A16B000FF7A56 /* ModalController.h */,
			);
			name = ModalController;
			sourceTree = "<group>";
		};
		5DD30B6A153A16C200FF7A56 /* ModalClass */ = {
			isa = PBXGroup;
			children = (
				5DD30B69153A16B500FF7A56 /* ModalController */,
			);
			name = ModalClass;
			sourceTree = "<group>";
		};
		5DD692FA15488EE8007F353F /* ic app */ = {
			isa = PBXGroup;
			children = (
				5DD6934F15489140007F353F /* iPad_Shoe.png */,
				5DD69349154890A2007F353F /* EPIC_iPhone.jpg */,
				5DD692FB15488EE8007F353F /* events-114.png */,
				5DD692FC15488EE8007F353F /* events-144.png */,
				5DD692FD15488EE8007F353F /* events-57.png */,
				5DD692FE15488EE8007F353F /* events-72.png */,
				5DD692FF15488EE8007F353F /* gallery-114.png */,
				5DD6930015488EE8007F353F /* gallery-144.png */,
				5DD6930115488EE8007F353F /* gallery-57.png */,
				5DD6930215488EE8007F353F /* gallery-72.png */,
				5DD6930315488EE8007F353F /* ic-100.png */,
				5DD6930415488EE8007F353F /* ic-1024.png */,
				5DD6930515488EE8007F353F /* ic-114.png */,
				5DD6930615488EE8007F353F /* ic-144.png */,
				5DD6930715488EE8007F353F /* ic-29.png */,
				5DD6930815488EE8007F353F /* ic-50.png */,
				5DD6930915488EE8007F353F /* ic-512.png */,
				5DD6930A15488EE8007F353F /* icon.png */,
				5DD6930B15488EE8007F353F /* ic-58.png */,
				5DD6930C15488EE8007F353F /* ic-72.png */,
				5DD6930D15488EE8007F353F /* newsletter-114.png */,
				5DD6930E15488EE8007F353F /* newsletter-144.png */,
				5DD6930F15488EE8007F353F /* newsletter-57.png */,
				5DD6931015488EE8007F353F /* newsletter-72.png */,
				5DD6931115488EE8007F353F /* rss-114.png */,
				5DD6931215488EE8007F353F /* rss-144.png */,
				5DD6931315488EE8007F353F /* rss-57.png */,
				5DD6931415488EE8007F353F /* rss-72.png */,
				5DD6931515488EE8007F353F /* social-114.png */,
				5DD6931615488EE8007F353F /* social-144.png */,
				5DD6931715488EE8007F353F /* social-57.png */,
				5DD6931815488EE8007F353F /* social-72.png */,
				5DD6931915488EE8007F353F /* subscribe-114.png */,
				5DD6931A15488EE8007F353F /* subscribe-144.png */,
				5DD6931B15488EE8007F353F /* subscribe-57.png */,
				5DD6931C15488EE8007F353F /* subscribe-72.png */,
				5DD6931D15488EE8007F353F /* youtube-114.png */,
				5DD6931E15488EE8007F353F /* youtube-144.png */,
				5DD6931F15488EE8007F353F /* youtube-57.png */,
				5DD6932015488EE8007F353F /* youtube-72.png */,
			);
			path = "ic app";
			sourceTree = "<group>";
		};
		5DEDBF0115408BA0008DFACC /* TabBarCLController */ = {
			isa = PBXGroup;
			children = (
				1C1DDE2015416121008918DB /* TabBarCLController.h */,
				1C1DDE2115416121008918DB /* TabBarCLController.m */,
				1C1DDE2215416121008918DB /* TabBarCLController.xib */,
			);
			name = TabBarCLController;
			sourceTree = "<group>";
		};
		5DEDBF1115409774008DFACC /* ContactViewController */ = {
			isa = PBXGroup;
			children = (
				1C1DDE1D15416121008918DB /* ContactViewController.h */,
				1C1DDE1E15416121008918DB /* ContactViewController.m */,
				1C1DDE1F15416121008918DB /* ContactViewController.xib */,
			);
			name = ContactViewController;
			sourceTree = "<group>";
		};
/* End PBXGroup section */

/* Begin PBXNativeTarget section */
		5D2FCC451538DBA500A4F530 /* CheerLeader */ = {
			isa = PBXNativeTarget;
			buildConfigurationList = 5D2FCC5E1538DBA600A4F530 /* Build configuration list for PBXNativeTarget "CheerLeader" */;
			buildPhases = (
				5D2FCC421538DBA500A4F530 /* Sources */,
				5D2FCC431538DBA500A4F530 /* Frameworks */,
				5D2FCC441538DBA500A4F530 /* Resources */,
			);
			buildRules = (
			);
			dependencies = (
			);
			name = CheerLeader;
			productName = CheerLeader;
			productReference = 5D2FCC461538DBA500A4F530 /* CheerLeader.app */;
			productType = "com.apple.product-type.application";
		};
/* End PBXNativeTarget section */

/* Begin PBXProject section */
		5D2FCC3D1538DBA500A4F530 /* Project object */ = {
			isa = PBXProject;
			attributes = {
				LastUpgradeCheck = 0420;
				ORGANIZATIONNAME = dhillon;
			};
			buildConfigurationList = 5D2FCC401538DBA500A4F530 /* Build configuration list for PBXProject "CheerLeader" */;
			compatibilityVersion = "Xcode 3.2";
			developmentRegion = English;
			hasScannedForEncodings = 0;
			knownRegions = (
				en,
			);
			mainGroup = 5D2FCC3B1538DBA500A4F530;
			productRefGroup = 5D2FCC471538DBA500A4F530 /* Products */;
			projectDirPath = "";
			projectRoot = "";
			targets = (
				5D2FCC451538DBA500A4F530 /* CheerLeader */,
			);
		};
/* End PBXProject section */

/* Begin PBXResourcesBuildPhase section */
		5D2FCC441538DBA500A4F530 /* Resources */ = {
			isa = PBXResourcesBuildPhase;
			buildActionMask = 2147483647;
			files = (
				5D2FCC551538DBA600A4F530 /* InfoPlist.strings in Resources */,
				5DD30B31153A0A7400FF7A56 /* April06-250.jpg in Resources */,
				5DD30B32153A0A7400FF7A56 /* augSEP04.tif in Resources */,
				5DD30B33153A0A7400FF7A56 /* IC_janfeb07_250.jpg in Resources */,
				5DD30B34153A0A7400FF7A56 /* IC_JanFeb09-250.jpg in Resources */,
				5DD30B35153A0A7400FF7A56 /* IC_JanFeb10-250.jpg in Resources */,
				5DD30B36153A0A7400FF7A56 /* IC_JanFeb11-250.jpg in Resources */,
				5DD30B37153A0A7400FF7A56 /* IC_janfeb12-250.jpg in Resources */,
				5DD30B38153A0A7400FF7A56 /* IC_julyaug06-250.jpg in Resources */,
				5DD30B39153A0A7400FF7A56 /* IC_julyaug07_250.jpg in Resources */,
				5DD30B3A153A0A7400FF7A56 /* IC_julyaug08_250.jpg in Resources */,
				5DD30B3B153A0A7400FF7A56 /* IC_JulyAug11-250.jpg in Resources */,
				5DD30B3C153A0A7400FF7A56 /* IC_julycover_09-250.jpg in Resources */,
				5DD30B3D153A0A7400FF7A56 /* IC_june07-250.jpg in Resources */,
				5DD30B3E153A0A7400FF7A56 /* IC_marapr07-250.jpg in Resources */,
				5DD30B3F153A0A7400FF7A56 /* IC_marapr08_125.jpg in Resources */,
				5DD30B40153A0A7400FF7A56 /* IC_marapr09-250.jpg in Resources */,
				5DD30B41153A0A7400FF7A56 /* IC_marapr10-250.jpg in Resources */,
				5DD30B42153A0A7400FF7A56 /* IC_marapr11-250.jpg in Resources */,
				5DD30B43153A0A7400FF7A56 /* IC_mayjune08-250.jpg in Resources */,
				5DD30B44153A0A7400FF7A56 /* IC_MayJune09-250.jpg in Resources */,
				5DD30B45153A0A7400FF7A56 /* IC_MayJune10-250.jpg in Resources */,
				5DD30B46153A0A7400FF7A56 /* IC_novdec08_250.jpg in Resources */,
				5DD30B47153A0A7400FF7A56 /* IC_novdec11-250.jpg in Resources */,
				5DD30B48153A0A7400FF7A56 /* IC_NovDec_10-250.jpg in Resources */,
				5DD30B49153A0A7400FF7A56 /* IC_sepoct11-250.jpg in Resources */,
				5DD30B4A153A0A7400FF7A56 /* IC_septoct06-250.jpg in Resources */,
				5DD30B4B153A0A7400FF7A56 /* IC_septoct08_250.jpg in Resources */,
				5DD30B4C153A0A7400FF7A56 /* IC_septoct10-250.jpg in Resources */,
				5DD30B4D153A0A7400FF7A56 /* IC_septoct_09-250.jpg in Resources */,
				5DD30B4E153A0A7400FF7A56 /* iCJanFeb05.jpg in Resources */,
				5DD30B4F153A0A7400FF7A56 /* ICjanfeb08-250.jpg in Resources */,
				5DD30B50153A0A7400FF7A56 /* iCJulyAug10-250.jpg in Resources */,
				5DD30B51153A0A7400FF7A56 /* iCMarApr05.jpg in Resources */,
				5DD30B52153A0A7400FF7A56 /* iCNovDec05.jpg in Resources */,
				5DD30B53153A0A7400FF7A56 /* ICnovdec06-250.jpg in Resources */,
				5DD30B54153A0A7400FF7A56 /* ICnovdec07-250.jpg in Resources */,
				5DD30B55153A0A7400FF7A56 /* ICnovdec09-250.jpg in Resources */,
				5DD30B56153A0A7400FF7A56 /* iCOctNov04.jpg in Resources */,
				5DD30B57153A0A7400FF7A56 /* iCSepOct05.jpg in Resources */,
				5DD30B58153A0A7400FF7A56 /* ICsepoct07_250.jpg in Resources */,
				5DD30B59153A0A7400FF7A56 /* mayJUNE05.tif in Resources */,
				5DD30B5A153A0A7400FF7A56 /* mayJune06_IC-250.jpg in Resources */,
				5DD30B5B153A0A7400FF7A56 /* premiercover.tif in Resources */,
				5DD30B5F153A0DA000FF7A56 /* forward.png in Resources */,
				5DD30B60153A0DA000FF7A56 /* BackWard.png in Resources */,
				5DFE98BA153F741100AEFE52 /* iC App Logos.pdf in Resources */,
				5DFE98BB153F741100AEFE52 /* iC App Logos.ai in Resources */,
				5DFE98BC153F741100AEFE52 /* icon1.png in Resources */,
				5DFE98BD153F741100AEFE52 /* RSS.png in Resources */,
				5DFE98BE153F741100AEFE52 /* youTube.png in Resources */,
				5DFE98BF153F741100AEFE52 /* SocialNetwork.png in Resources */,
				5DFE98C0153F741100AEFE52 /* Newsletter.png in Resources */,
				5DFE98C1153F741100AEFE52 /* MagazineGallery.png in Resources */,
				5DFE98C2153F741100AEFE52 /* IConthescene.png in Resources */,
				1C7CB595154052E50083B299 /* GeneralWebViewController.xib in Resources */,
				1C7CB59A154052F70083B299 /* RssFeedViewController.xib in Resources */,
				1C7CB59F154053160083B299 /* SocialNetViewController.xib in Resources */,
				1C7CB5A5154053310083B299 /* HomeViewController.xib in Resources */,
				5DEDBEFA1540884A008DFACC /* AdCheerLeader.png in Resources */,
				5DEDBF0715409535008DFACC /* 148-doghouse.png in Resources */,
				5DEDBF091540958C008DFACC /* 166-newspaper.png in Resources */,
				5DEDBF0B1540971F008DFACC /* 180-stickynote.png in Resources */,
				5DEDBF151540A4B4008DFACC /* twitterIcon.jpg in Resources */,
				5DEDBF161540A4B4008DFACC /* LinkedIcon.jpg in Resources */,
				5DEDBF171540A4B4008DFACC /* FacebookIcon.jpg in Resources */,
				1C1DDE2415416121008918DB /* ContactViewController.xib in Resources */,
				1C1DDE2615416121008918DB /* TabBarCLController.xib in Resources */,
				5DD6932115488EE8007F353F /* events-114.png in Resources */,
				5DD6932215488EE8007F353F /* events-144.png in Resources */,
				5DD6932315488EE8007F353F /* events-57.png in Resources */,
				5DD6932415488EE8007F353F /* events-72.png in Resources */,
				5DD6932515488EE8007F353F /* gallery-114.png in Resources */,
				5DD6932615488EE8007F353F /* gallery-144.png in Resources */,
				5DD6932715488EE8007F353F /* gallery-57.png in Resources */,
				5DD6932815488EE8007F353F /* gallery-72.png in Resources */,
				5DD6932915488EE8007F353F /* ic-100.png in Resources */,
				5DD6932A15488EE8007F353F /* ic-1024.png in Resources */,
				5DD6932B15488EE8007F353F /* ic-114.png in Resources */,
				5DD6932C15488EE8007F353F /* ic-144.png in Resources */,
				5DD6932D15488EE8007F353F /* ic-29.png in Resources */,
				5DD6932E15488EE8007F353F /* ic-50.png in Resources */,
				5DD6932F15488EE8007F353F /* ic-512.png in Resources */,
				5DD6933015488EE8007F353F /* icon.png in Resources */,
				5DD6933115488EE8007F353F /* ic-58.png in Resources */,
				5DD6933215488EE8007F353F /* ic-72.png in Resources */,
				5DD6933315488EE8007F353F /* newsletter-114.png in Resources */,
				5DD6933415488EE8007F353F /* newsletter-144.png in Resources */,
				5DD6933515488EE8007F353F /* newsletter-57.png in Resources */,
				5DD6933615488EE8007F353F /* newsletter-72.png in Resources */,
				5DD6933715488EE8007F353F /* rss-114.png in Resources */,
				5DD6933815488EE8007F353F /* rss-144.png in Resources */,
				5DD6933915488EE8007F353F /* rss-57.png in Resources */,
				5DD6933A15488EE8007F353F /* rss-72.png in Resources */,
				5DD6933B15488EE8007F353F /* social-114.png in Resources */,
				5DD6933C15488EE8007F353F /* social-144.png in Resources */,
				5DD6933D15488EE8007F353F /* social-57.png in Resources */,
				5DD6933E15488EE8007F353F /* social-72.png in Resources */,
				5DD6933F15488EE8007F353F /* subscribe-114.png in Resources */,
				5DD6934015488EE8007F353F /* subscribe-144.png in Resources */,
				5DD6934115488EE8007F353F /* subscribe-57.png in Resources */,
				5DD6934215488EE8007F353F /* subscribe-72.png in Resources */,
				5DD6934315488EE8007F353F /* youtube-114.png in Resources */,
				5DD6934415488EE8007F353F /* youtube-144.png in Resources */,
				5DD6934515488EE8007F353F /* youtube-57.png in Resources */,
				5DD6934615488EE8007F353F /* youtube-72.png in Resources */,
				5DD6934B154890A3007F353F /* EPIC_iPhone.jpg in Resources */,
				5DD6935115489141007F353F /* iPad_Shoe.png in Resources */,
				1CF510A815498D0500CBD618 /* GalleryViewController.xib in Resources */,
				1CF510AA15498D6100CBD618 /* playback_play.png in Resources */,
				1CF510AC1549926E00CBD618 /* pause.png in Resources */,
				1CF510B315499D0800CBD618 /* EPIC_iPad.jpg in Resources */,
				1CF510B415499D0800CBD618 /* iPhone_Shoe.png in Resources */,
				5D04743B1549EB9E00BF7753 /* RootViewController.xib in Resources */,
				5D0474541549F72900BF7753 /* facebook_icon.png in Resources */,
				5D0474561549F80C00BF7753 /* twittericon.png in Resources */,
				5D0474581549F85400BF7753 /* linkedin_icon.png in Resources */,
				5D2FA6F8154B37A700D52076 /* vault-320.png in Resources */,
				5D2FA6F9154B37A700D52076 /* vault-480.png in Resources */,
				5D2FA6FA154B37A700D52076 /* vault-768.png in Resources */,
				5D2FA6FB154B37A700D52076 /* vault-1024.png in Resources */,
				5D2FA6FC154B37A700D52076 /* blog-57.png in Resources */,
				5D2FA6FD154B37A700D52076 /* blog-72.png in Resources */,
				5D2FA6FE154B37A700D52076 /* blog-144.png in Resources */,
				5D2FA6FF154B37A700D52076 /* blog-114.png in Resources */,
			);
			runOnlyForDeploymentPostprocessing = 0;
		};
/* End PBXResourcesBuildPhase section */

/* Begin PBXSourcesBuildPhase section */
		5D2FCC421538DBA500A4F530 /* Sources */ = {
			isa = PBXSourcesBuildPhase;
			buildActionMask = 2147483647;
			files = (
				5D2FCC571538DBA600A4F530 /* main.m in Sources */,
				5D2FCC5B1538DBA600A4F530 /* AppDelegate.m in Sources */,
				5DD30AD41539E68600FF7A56 /* MBProgressHUD.m in Sources */,
				5DD30B67153A16B000FF7A56 /* ModalController.m in Sources */,
				1C7CB58F154052BE0083B299 /* GalleryViewController.m in Sources */,
				1C7CB594154052E50083B299 /* GeneralWebViewController.m in Sources */,
				1C7CB599154052F70083B299 /* RssFeedViewController.m in Sources */,
				1C7CB59E154053160083B299 /* SocialNetViewController.m in Sources */,
				1C7CB5A4154053310083B299 /* HomeViewController.m in Sources */,
				5DEDBF211540C05C008DFACC /* Reachability.m in Sources */,
				1C1DDE2315416121008918DB /* ContactViewController.m in Sources */,
				1C1DDE2515416121008918DB /* TabBarCLController.m in Sources */,
				5D0474381549EB8100BF7753 /* RootViewController.m in Sources */,
				5D0474431549EBBD00BF7753 /* MWFeedParser.m in Sources */,
				5D0474441549EBBD00BF7753 /* MWFeedInfo.m in Sources */,
				5D0474451549EBBD00BF7753 /* MWFeedItem.m in Sources */,
				5D04744A1549EBC600BF7753 /* NSString+HTML.m in Sources */,
				5D04744B1549EBC600BF7753 /* NSDate+InternetDateTime.m in Sources */,
				5D0474501549EBD300BF7753 /* GTMNSString+HTML.m in Sources */,
				5D0474511549EBD300BF7753 /* NSString+XMLEntities.m in Sources */,
			);
			runOnlyForDeploymentPostprocessing = 0;
		};
/* End PBXSourcesBuildPhase section */

/* Begin PBXVariantGroup section */
		5D2FCC531538DBA600A4F530 /* InfoPlist.strings */ = {
			isa = PBXVariantGroup;
			children = (
				5D2FCC541538DBA600A4F530 /* en */,
			);
			name = InfoPlist.strings;
			sourceTree = "<group>";
		};
/* End PBXVariantGroup section */

/* Begin XCBuildConfiguration section */
		5D2FCC5C1538DBA600A4F530 /* Debug */ = {
			isa = XCBuildConfiguration;
			buildSettings = {
				ALWAYS_SEARCH_USER_PATHS = NO;
				ARCHS = "$(ARCHS_STANDARD_32_BIT)";
				CODE_SIGN_IDENTITY = "iPhone Developer: Tapan Sinha (JQVPP4KWA4)";
				"CODE_SIGN_IDENTITY[sdk=iphoneos*]" = "iPhone Developer: Tapan Sinha (JQVPP4KWA4)";
				COPY_PHASE_STRIP = NO;
				GCC_C_LANGUAGE_STANDARD = gnu99;
				GCC_DYNAMIC_NO_PIC = NO;
				GCC_OPTIMIZATION_LEVEL = 0;
				GCC_PREPROCESSOR_DEFINITIONS = (
					"DEBUG=1",
					"$(inherited)",
				);
				GCC_SYMBOLS_PRIVATE_EXTERN = NO;
				GCC_VERSION = com.apple.compilers.llvm.clang.1_0;
				GCC_WARN_ABOUT_MISSING_PROTOTYPES = YES;
				GCC_WARN_ABOUT_RETURN_TYPE = YES;
				GCC_WARN_UNUSED_VARIABLE = YES;
				IPHONEOS_DEPLOYMENT_TARGET = 4.1;
				PROVISIONING_PROFILE = "980396A0-B896-4928-9C3D-AD1ECA9C454F";
				"PROVISIONING_PROFILE[sdk=iphoneos*]" = "980396A0-B896-4928-9C3D-AD1ECA9C454F";
				SDKROOT = iphoneos;
				TARGETED_DEVICE_FAMILY = "1,2";
			};
			name = Debug;
		};
		5D2FCC5D1538DBA600A4F530 /* Release */ = {
			isa = XCBuildConfiguration;
			buildSettings = {
				ALWAYS_SEARCH_USER_PATHS = NO;
				ARCHS = "$(ARCHS_STANDARD_32_BIT)";
				CODE_SIGN_IDENTITY = "iPhone Developer: Tapan Sinha (JQVPP4KWA4)";
				"CODE_SIGN_IDENTITY[sdk=iphoneos*]" = "iPhone Developer: Tapan Sinha (JQVPP4KWA4)";
				COPY_PHASE_STRIP = YES;
				GCC_C_LANGUAGE_STANDARD = gnu99;
				GCC_VERSION = com.apple.compilers.llvm.clang.1_0;
				GCC_WARN_ABOUT_MISSING_PROTOTYPES = YES;
				GCC_WARN_ABOUT_RETURN_TYPE = YES;
				GCC_WARN_UNUSED_VARIABLE = YES;
				IPHONEOS_DEPLOYMENT_TARGET = 4.1;
				OTHER_CFLAGS = "-DNS_BLOCK_ASSERTIONS=1";
				PROVISIONING_PROFILE = "980396A0-B896-4928-9C3D-AD1ECA9C454F";
				"PROVISIONING_PROFILE[sdk=iphoneos*]" = "980396A0-B896-4928-9C3D-AD1ECA9C454F";
				SDKROOT = iphoneos;
				TARGETED_DEVICE_FAMILY = "1,2";
				VALIDATE_PRODUCT = YES;
			};
			name = Release;
		};
		5D2FCC5F1538DBA600A4F530 /* Debug */ = {
			isa = XCBuildConfiguration;
			buildSettings = {
				CODE_SIGN_IDENTITY = "iPhone Developer: Tapan Sinha (JQVPP4KWA4)";
				"CODE_SIGN_IDENTITY[sdk=iphoneos*]" = "iPhone Developer: Tapan Sinha (JQVPP4KWA4)";
				GCC_PRECOMPILE_PREFIX_HEADER = YES;
				GCC_PREFIX_HEADER = "CheerLeader/CheerLeader-Prefix.pch";
				INFOPLIST_FILE = "CheerLeader/CheerLeader-Info.plist";
				IPHONEOS_DEPLOYMENT_TARGET = 4.0;
				PRODUCT_NAME = "$(TARGET_NAME)";
				PROVISIONING_PROFILE = "980396A0-B896-4928-9C3D-AD1ECA9C454F";
				"PROVISIONING_PROFILE[sdk=iphoneos*]" = "980396A0-B896-4928-9C3D-AD1ECA9C454F";
				WRAPPER_EXTENSION = app;
			};
			name = Debug;
		};
		5D2FCC601538DBA600A4F530 /* Release */ = {
			isa = XCBuildConfiguration;
			buildSettings = {
				CODE_SIGN_IDENTITY = "iPhone Developer: Tapan Sinha (JQVPP4KWA4)";
				"CODE_SIGN_IDENTITY[sdk=iphoneos*]" = "iPhone Developer: Tapan Sinha (JQVPP4KWA4)";
				GCC_PRECOMPILE_PREFIX_HEADER = YES;
				GCC_PREFIX_HEADER = "CheerLeader/CheerLeader-Prefix.pch";
				INFOPLIST_FILE = "CheerLeader/CheerLeader-Info.plist";
				IPHONEOS_DEPLOYMENT_TARGET = 4.0;
				PRODUCT_NAME = "$(TARGET_NAME)";
				PROVISIONING_PROFILE = "980396A0-B896-4928-9C3D-AD1ECA9C454F";
				"PROVISIONING_PROFILE[sdk=iphoneos*]" = "980396A0-B896-4928-9C3D-AD1ECA9C454F";
				WRAPPER_EXTENSION = app;
			};
			name = Release;
		};
/* End XCBuildConfiguration section */

/* Begin XCConfigurationList section */
		5D2FCC401538DBA500A4F530 /* Build configuration list for PBXProject "CheerLeader" */ = {
			isa = XCConfigurationList;
			buildConfigurations = (
				5D2FCC5C1538DBA600A4F530 /* Debug */,
				5D2FCC5D1538DBA600A4F530 /* Release */,
			);
			defaultConfigurationIsVisible = 0;
			defaultConfigurationName = Release;
		};
		5D2FCC5E1538DBA600A4F530 /* Build configuration list for PBXNativeTarget "CheerLeader" */ = {
			isa = XCConfigurationList;
			buildConfigurations = (
				5D2FCC5F1538DBA600A4F530 /* Debug */,
				5D2FCC601538DBA600A4F530 /* Release */,
			);
			defaultConfigurationIsVisible = 0;
			defaultConfigurationName = Release;
		};
/* End XCConfigurationList section */
	};
	rootObject = 5D2FCC3D1538DBA500A4F530 /* Project object */;
}
